{"format_version":"1.2","terraform_version":"1.7.5","variables":{"profile":{"value":"default"},"region-master":{"value":"us-east-1"},"region-worker":{"value":"us-west-1"}},"planned_values":{"root_module":{"resources":[{"address":"aws_internet_gateway.igw","mode":"managed","type":"aws_internet_gateway","name":"igw","provider_name":"registry.terraform.io/hashicorp/aws","schema_version":0,"values":{"tags":null,"timeouts":null},"sensitive_values":{"tags_all":{}}},{"address":"aws_internet_gateway.igw_oregon","mode":"managed","type":"aws_internet_gateway","name":"igw_oregon","provider_name":"registry.terraform.io/hashicorp/aws","schema_version":0,"values":{"tags":null,"timeouts":null},"sensitive_values":{"tags_all":{}}},{"address":"aws_subnet.subnet_1","mode":"managed","type":"aws_subnet","name":"subnet_1","provider_name":"registry.terraform.io/hashicorp/aws","schema_version":1,"values":{"assign_ipv6_address_on_creation":false,"availability_zone":"us-east-1a","cidr_block":"10.0.1.0/24","customer_owned_ipv4_pool":null,"enable_dns64":false,"enable_lni_at_device_index":null,"enable_resource_name_dns_a_record_on_launch":false,"enable_resource_name_dns_aaaa_record_on_launch":false,"ipv6_cidr_block":null,"ipv6_native":false,"map_customer_owned_ip_on_launch":null,"map_public_ip_on_launch":false,"outpost_arn":null,"tags":null,"timeouts":null},"sensitive_values":{"tags_all":{}}},{"address":"aws_subnet.subnet_1_oregon","mode":"managed","type":"aws_subnet","name":"subnet_1_oregon","provider_name":"registry.terraform.io/hashicorp/aws","schema_version":1,"values":{"assign_ipv6_address_on_creation":false,"cidr_block":"192.168.1.0/24","customer_owned_ipv4_pool":null,"enable_dns64":false,"enable_lni_at_device_index":null,"enable_resource_name_dns_a_record_on_launch":false,"enable_resource_name_dns_aaaa_record_on_launch":false,"ipv6_cidr_block":null,"ipv6_native":false,"map_customer_owned_ip_on_launch":null,"map_public_ip_on_launch":false,"outpost_arn":null,"tags":null,"timeouts":null},"sensitive_values":{"tags_all":{}}},{"address":"aws_subnet.subnet_2","mode":"managed","type":"aws_subnet","name":"subnet_2","provider_name":"registry.terraform.io/hashicorp/aws","schema_version":1,"values":{"assign_ipv6_address_on_creation":false,"availability_zone":"us-east-1b","cidr_block":"10.0.2.0/24","customer_owned_ipv4_pool":null,"enable_dns64":false,"enable_lni_at_device_index":null,"enable_resource_name_dns_a_record_on_launch":false,"enable_resource_name_dns_aaaa_record_on_launch":false,"ipv6_cidr_block":null,"ipv6_native":false,"map_customer_owned_ip_on_launch":null,"map_public_ip_on_launch":false,"outpost_arn":null,"tags":null,"timeouts":null},"sensitive_values":{"tags_all":{}}},{"address":"aws_vpc.vpc_master","mode":"managed","type":"aws_vpc","name":"vpc_master","provider_name":"registry.terraform.io/hashicorp/aws","schema_version":1,"values":{"assign_generated_ipv6_cidr_block":null,"cidr_block":"10.0.0.0/16","enable_dns_hostnames":true,"enable_dns_support":true,"instance_tenancy":"default","ipv4_ipam_pool_id":null,"ipv4_netmask_length":null,"ipv6_ipam_pool_id":null,"ipv6_netmask_length":null,"tags":{"Name":"master-vpc-jenkins"},"tags_all":{"Name":"master-vpc-jenkins"}},"sensitive_values":{"tags":{},"tags_all":{}}},{"address":"aws_vpc.vpc_master_oregon","mode":"managed","type":"aws_vpc","name":"vpc_master_oregon","provider_name":"registry.terraform.io/hashicorp/aws","schema_version":1,"values":{"assign_generated_ipv6_cidr_block":null,"cidr_block":"192.168.0.0/16","enable_dns_hostnames":true,"enable_dns_support":true,"instance_tenancy":"default","ipv4_ipam_pool_id":null,"ipv4_netmask_length":null,"ipv6_ipam_pool_id":null,"ipv6_netmask_length":null,"tags":{"Name":"worker-vpc-jenkins"},"tags_all":{"Name":"worker-vpc-jenkins"}},"sensitive_values":{"tags":{},"tags_all":{}}}]}},"resource_changes":[{"address":"aws_internet_gateway.igw","mode":"managed","type":"aws_internet_gateway","name":"igw","provider_name":"registry.terraform.io/hashicorp/aws","change":{"actions":["create"],"before":null,"after":{"tags":null,"timeouts":null},"after_unknown":{"arn":true,"id":true,"owner_id":true,"tags_all":true,"vpc_id":true},"before_sensitive":false,"after_sensitive":{"tags_all":{}}}},{"address":"aws_internet_gateway.igw_oregon","mode":"managed","type":"aws_internet_gateway","name":"igw_oregon","provider_name":"registry.terraform.io/hashicorp/aws","change":{"actions":["create"],"before":null,"after":{"tags":null,"timeouts":null},"after_unknown":{"arn":true,"id":true,"owner_id":true,"tags_all":true,"vpc_id":true},"before_sensitive":false,"after_sensitive":{"tags_all":{}}}},{"address":"aws_subnet.subnet_1","mode":"managed","type":"aws_subnet","name":"subnet_1","provider_name":"registry.terraform.io/hashicorp/aws","change":{"actions":["create"],"before":null,"after":{"assign_ipv6_address_on_creation":false,"availability_zone":"us-east-1a","cidr_block":"10.0.1.0/24","customer_owned_ipv4_pool":null,"enable_dns64":false,"enable_lni_at_device_index":null,"enable_resource_name_dns_a_record_on_launch":false,"enable_resource_name_dns_aaaa_record_on_launch":false,"ipv6_cidr_block":null,"ipv6_native":false,"map_customer_owned_ip_on_launch":null,"map_public_ip_on_launch":false,"outpost_arn":null,"tags":null,"timeouts":null},"after_unknown":{"arn":true,"availability_zone_id":true,"id":true,"ipv6_cidr_block_association_id":true,"owner_id":true,"private_dns_hostname_type_on_launch":true,"tags_all":true,"vpc_id":true},"before_sensitive":false,"after_sensitive":{"tags_all":{}}}},{"address":"aws_subnet.subnet_1_oregon","mode":"managed","type":"aws_subnet","name":"subnet_1_oregon","provider_name":"registry.terraform.io/hashicorp/aws","change":{"actions":["create"],"before":null,"after":{"assign_ipv6_address_on_creation":false,"cidr_block":"192.168.1.0/24","customer_owned_ipv4_pool":null,"enable_dns64":false,"enable_lni_at_device_index":null,"enable_resource_name_dns_a_record_on_launch":false,"enable_resource_name_dns_aaaa_record_on_launch":false,"ipv6_cidr_block":null,"ipv6_native":false,"map_customer_owned_ip_on_launch":null,"map_public_ip_on_launch":false,"outpost_arn":null,"tags":null,"timeouts":null},"after_unknown":{"arn":true,"availability_zone":true,"availability_zone_id":true,"id":true,"ipv6_cidr_block_association_id":true,"owner_id":true,"private_dns_hostname_type_on_launch":true,"tags_all":true,"vpc_id":true},"before_sensitive":false,"after_sensitive":{"tags_all":{}}}},{"address":"aws_subnet.subnet_2","mode":"managed","type":"aws_subnet","name":"subnet_2","provider_name":"registry.terraform.io/hashicorp/aws","change":{"actions":["create"],"before":null,"after":{"assign_ipv6_address_on_creation":false,"availability_zone":"us-east-1b","cidr_block":"10.0.2.0/24","customer_owned_ipv4_pool":null,"enable_dns64":false,"enable_lni_at_device_index":null,"enable_resource_name_dns_a_record_on_launch":false,"enable_resource_name_dns_aaaa_record_on_launch":false,"ipv6_cidr_block":null,"ipv6_native":false,"map_customer_owned_ip_on_launch":null,"map_public_ip_on_launch":false,"outpost_arn":null,"tags":null,"timeouts":null},"after_unknown":{"arn":true,"availability_zone_id":true,"id":true,"ipv6_cidr_block_association_id":true,"owner_id":true,"private_dns_hostname_type_on_launch":true,"tags_all":true,"vpc_id":true},"before_sensitive":false,"after_sensitive":{"tags_all":{}}}},{"address":"aws_vpc.vpc_master","mode":"managed","type":"aws_vpc","name":"vpc_master","provider_name":"registry.terraform.io/hashicorp/aws","change":{"actions":["create"],"before":null,"after":{"assign_generated_ipv6_cidr_block":null,"cidr_block":"10.0.0.0/16","enable_dns_hostnames":true,"enable_dns_support":true,"instance_tenancy":"default","ipv4_ipam_pool_id":null,"ipv4_netmask_length":null,"ipv6_ipam_pool_id":null,"ipv6_netmask_length":null,"tags":{"Name":"master-vpc-jenkins"},"tags_all":{"Name":"master-vpc-jenkins"}},"after_unknown":{"arn":true,"default_network_acl_id":true,"default_route_table_id":true,"default_security_group_id":true,"dhcp_options_id":true,"enable_network_address_usage_metrics":true,"id":true,"ipv6_association_id":true,"ipv6_cidr_block":true,"ipv6_cidr_block_network_border_group":true,"main_route_table_id":true,"owner_id":true,"tags":{},"tags_all":{}},"before_sensitive":false,"after_sensitive":{"tags":{},"tags_all":{}}}},{"address":"aws_vpc.vpc_master_oregon","mode":"managed","type":"aws_vpc","name":"vpc_master_oregon","provider_name":"registry.terraform.io/hashicorp/aws","change":{"actions":["create"],"before":null,"after":{"assign_generated_ipv6_cidr_block":null,"cidr_block":"192.168.0.0/16","enable_dns_hostnames":true,"enable_dns_support":true,"instance_tenancy":"default","ipv4_ipam_pool_id":null,"ipv4_netmask_length":null,"ipv6_ipam_pool_id":null,"ipv6_netmask_length":null,"tags":{"Name":"worker-vpc-jenkins"},"tags_all":{"Name":"worker-vpc-jenkins"}},"after_unknown":{"arn":true,"default_network_acl_id":true,"default_route_table_id":true,"default_security_group_id":true,"dhcp_options_id":true,"enable_network_address_usage_metrics":true,"id":true,"ipv6_association_id":true,"ipv6_cidr_block":true,"ipv6_cidr_block_network_border_group":true,"main_route_table_id":true,"owner_id":true,"tags":{},"tags_all":{}},"before_sensitive":false,"after_sensitive":{"tags":{},"tags_all":{}}}}],"prior_state":{"format_version":"1.0","terraform_version":"1.7.5","values":{"root_module":{"resources":[{"address":"data.aws_availability_zones.azs","mode":"data","type":"aws_availability_zones","name":"azs","provider_name":"registry.terraform.io/hashicorp/aws","schema_version":0,"values":{"all_availability_zones":null,"exclude_names":null,"exclude_zone_ids":null,"filter":null,"group_names":["us-east-1"],"id":"us-east-1","names":["us-east-1a","us-east-1b","us-east-1c","us-east-1d","us-east-1e","us-east-1f"],"state":"available","timeouts":null,"zone_ids":["use1-az4","use1-az6","use1-az1","use1-az2","use1-az3","use1-az5"]},"sensitive_values":{"group_names":[false],"names":[false,false,false,false,false,false],"zone_ids":[false,false,false,false,false,false]}}]}}},"configuration":{"provider_config":{"aws":{"name":"aws","full_name":"registry.terraform.io/hashicorp/aws"},"aws.region-master":{"name":"aws","full_name":"registry.terraform.io/hashicorp/aws","alias":"region-master","expressions":{"profile":{"references":["var.profile"]},"region":{"references":["var.region-master"]}}},"aws.region-worker":{"name":"aws","full_name":"registry.terraform.io/hashicorp/aws","alias":"region-worker","expressions":{"profile":{"references":["var.profile"]},"region":{"references":["var.region-worker"]}}}},"root_module":{"resources":[{"address":"aws_internet_gateway.igw","mode":"managed","type":"aws_internet_gateway","name":"igw","provider_config_key":"aws.region-master","expressions":{"vpc_id":{"references":["aws_vpc.vpc_master.id","aws_vpc.vpc_master"]}},"schema_version":0},{"address":"aws_internet_gateway.igw_oregon","mode":"managed","type":"aws_internet_gateway","name":"igw_oregon","provider_config_key":"aws.region-worker","expressions":{"vpc_id":{"references":["aws_vpc.vpc_master_oregon.id","aws_vpc.vpc_master_oregon"]}},"schema_version":0},{"address":"aws_subnet.subnet_1","mode":"managed","type":"aws_subnet","name":"subnet_1","provider_config_key":"aws.region-master","expressions":{"availability_zone":{"references":["data.aws_availability_zones.azs.names","data.aws_availability_zones.azs"]},"cidr_block":{"constant_value":"10.0.1.0/24"},"vpc_id":{"references":["aws_vpc.vpc_master.id","aws_vpc.vpc_master"]}},"schema_version":1},{"address":"aws_subnet.subnet_1_oregon","mode":"managed","type":"aws_subnet","name":"subnet_1_oregon","provider_config_key":"aws.region-worker","expressions":{"cidr_block":{"constant_value":"192.168.1.0/24"},"vpc_id":{"references":["aws_vpc.vpc_master_oregon.id","aws_vpc.vpc_master_oregon"]}},"schema_version":1},{"address":"aws_subnet.subnet_2","mode":"managed","type":"aws_subnet","name":"subnet_2","provider_config_key":"aws.region-master","expressions":{"availability_zone":{"references":["data.aws_availability_zones.azs.names","data.aws_availability_zones.azs"]},"cidr_block":{"constant_value":"10.0.2.0/24"},"vpc_id":{"references":["aws_vpc.vpc_master.id","aws_vpc.vpc_master"]}},"schema_version":1},{"address":"aws_vpc.vpc_master","mode":"managed","type":"aws_vpc","name":"vpc_master","provider_config_key":"aws.region-master","expressions":{"cidr_block":{"constant_value":"10.0.0.0/16"},"enable_dns_hostnames":{"constant_value":true},"enable_dns_support":{"constant_value":true},"tags":{"constant_value":{"Name":"master-vpc-jenkins"}}},"schema_version":1},{"address":"aws_vpc.vpc_master_oregon","mode":"managed","type":"aws_vpc","name":"vpc_master_oregon","provider_config_key":"aws.region-worker","expressions":{"cidr_block":{"constant_value":"192.168.0.0/16"},"enable_dns_hostnames":{"constant_value":true},"enable_dns_support":{"constant_value":true},"tags":{"constant_value":{"Name":"worker-vpc-jenkins"}}},"schema_version":1},{"address":"data.aws_availability_zones.azs","mode":"data","type":"aws_availability_zones","name":"azs","provider_config_key":"aws.region-master","expressions":{"state":{"constant_value":"available"}},"schema_version":0}],"variables":{"profile":{"default":"default"},"region-master":{"default":"us-east-1"},"region-worker":{"default":"us-west-1"}}}},"relevant_attributes":[{"resource":"aws_vpc.vpc_master","attribute":["id"]},{"resource":"data.aws_availability_zones.azs","attribute":["names"]},{"resource":"aws_vpc.vpc_master_oregon","attribute":["id"]}],"timestamp":"2024-03-20T00:42:44Z","errored":false}
