{"format_version":"1.2","terraform_version":"1.7.5","variables":{"external_ip":{"value":"0.0.0.0/0"},"profile":{"value":"default"},"region-master":{"value":"us-east-1"},"region-worker":{"value":"us-west-1"}},"planned_values":{"root_module":{"resources":[{"address":"aws_internet_gateway.igw","mode":"managed","type":"aws_internet_gateway","name":"igw","provider_name":"registry.terraform.io/hashicorp/aws","schema_version":0,"values":{"tags":null,"timeouts":null},"sensitive_values":{"tags_all":{}}},{"address":"aws_internet_gateway.igw_ncalifornia","mode":"managed","type":"aws_internet_gateway","name":"igw_ncalifornia","provider_name":"registry.terraform.io/hashicorp/aws","schema_version":0,"values":{"tags":null,"timeouts":null},"sensitive_values":{"tags_all":{}}},{"address":"aws_main_route_table_association.set-master-default-rt-aws_main_route_table_association","mode":"managed","type":"aws_main_route_table_association","name":"set-master-default-rt-aws_main_route_table_association","provider_name":"registry.terraform.io/hashicorp/aws","schema_version":0,"values":{"timeouts":null},"sensitive_values":{}},{"address":"aws_main_route_table_association.set-worker-default-rt-ssoc","mode":"managed","type":"aws_main_route_table_association","name":"set-worker-default-rt-ssoc","provider_name":"registry.terraform.io/hashicorp/aws","schema_version":0,"values":{"timeouts":null},"sensitive_values":{}},{"address":"aws_route_table.internet_route","mode":"managed","type":"aws_route_table","name":"internet_route","provider_name":"registry.terraform.io/hashicorp/aws","schema_version":0,"values":{"route":[{"carrier_gateway_id":"","cidr_block":"0.0.0.0/0","core_network_arn":"","destination_prefix_list_id":"","egress_only_gateway_id":"","ipv6_cidr_block":"","local_gateway_id":"","nat_gateway_id":"","network_interface_id":"","transit_gateway_id":"","vpc_endpoint_id":"","vpc_peering_connection_id":""}],"tags":{"Name":"Master-Region-RT"},"tags_all":{"Name":"Master-Region-RT"},"timeouts":null},"sensitive_values":{"propagating_vgws":[],"route":[{}],"tags":{},"tags_all":{}}},{"address":"aws_route_table.internet_route_ncalifornia","mode":"managed","type":"aws_route_table","name":"internet_route_ncalifornia","provider_name":"registry.terraform.io/hashicorp/aws","schema_version":0,"values":{"route":[{"carrier_gateway_id":"","cidr_block":"0.0.0.0/0","core_network_arn":"","destination_prefix_list_id":"","egress_only_gateway_id":"","ipv6_cidr_block":"","local_gateway_id":"","nat_gateway_id":"","network_interface_id":"","transit_gateway_id":"","vpc_endpoint_id":"","vpc_peering_connection_id":""},{"carrier_gateway_id":"","cidr_block":"10.0.1.0/24","core_network_arn":"","destination_prefix_list_id":"","egress_only_gateway_id":"","gateway_id":"","ipv6_cidr_block":"","local_gateway_id":"","nat_gateway_id":"","network_interface_id":"","transit_gateway_id":"","vpc_endpoint_id":""}],"tags":{"Name":"Worker-Region-RT"},"tags_all":{"Name":"Worker-Region-RT"},"timeouts":null},"sensitive_values":{"propagating_vgws":[],"route":[{},{}],"tags":{},"tags_all":{}}},{"address":"aws_security_group.jenkins-sg","mode":"managed","type":"aws_security_group","name":"jenkins-sg","provider_name":"registry.terraform.io/hashicorp/aws","schema_version":1,"values":{"description":"Allow TCP/8080 \u0026 TCP/22","egress":[{"cidr_blocks":["0.0.0.0/0"],"description":"","from_port":0,"ipv6_cidr_blocks":[],"prefix_list_ids":[],"protocol":"-1","security_groups":[],"self":false,"to_port":0}],"ingress":[{"cidr_blocks":["0.0.0.0/0"],"description":"Allow 22 from our public IP","from_port":22,"ipv6_cidr_blocks":[],"prefix_list_ids":[],"protocol":"tcp","security_groups":[],"self":false,"to_port":22},{"cidr_blocks":["192.168.1.0/24"],"description":"allow traffic from us-west-1","from_port":0,"ipv6_cidr_blocks":[],"prefix_list_ids":[],"protocol":"-1","security_groups":[],"self":false,"to_port":0},{"cidr_blocks":[],"description":"allow anyone on port 8080","from_port":8080,"ipv6_cidr_blocks":[],"prefix_list_ids":[],"protocol":"tcp","self":false,"to_port":8080}],"name":"jenkins-sg","revoke_rules_on_delete":false,"tags":null,"timeouts":null},"sensitive_values":{"egress":[{"cidr_blocks":[false],"ipv6_cidr_blocks":[],"prefix_list_ids":[],"security_groups":[]}],"ingress":[{"cidr_blocks":[false],"ipv6_cidr_blocks":[],"prefix_list_ids":[],"security_groups":[]},{"cidr_blocks":[false],"ipv6_cidr_blocks":[],"prefix_list_ids":[],"security_groups":[]},{"cidr_blocks":[],"ipv6_cidr_blocks":[],"prefix_list_ids":[],"security_groups":[]}],"tags_all":{}}},{"address":"aws_security_group.jenkins-sg-ncalifornia","mode":"managed","type":"aws_security_group","name":"jenkins-sg-ncalifornia","provider_name":"registry.terraform.io/hashicorp/aws","schema_version":1,"values":{"description":"Allow TCP/8080 \u0026 TCP/22","egress":[{"cidr_blocks":["0.0.0.0/0"],"description":"","from_port":0,"ipv6_cidr_blocks":[],"prefix_list_ids":[],"protocol":"-1","security_groups":[],"self":false,"to_port":0}],"ingress":[{"cidr_blocks":["0.0.0.0/0"],"description":"Allow 22 from our public IP","from_port":22,"ipv6_cidr_blocks":[],"prefix_list_ids":[],"protocol":"tcp","security_groups":[],"self":false,"to_port":22},{"cidr_blocks":["10.0.1.0/24"],"description":"Allow traffic from us-east-1","from_port":0,"ipv6_cidr_blocks":[],"prefix_list_ids":[],"protocol":"-1","security_groups":[],"self":false,"to_port":0}],"name":"jenkins-sg-ncalifornia","revoke_rules_on_delete":false,"tags":null,"timeouts":null},"sensitive_values":{"egress":[{"cidr_blocks":[false],"ipv6_cidr_blocks":[],"prefix_list_ids":[],"security_groups":[]}],"ingress":[{"cidr_blocks":[false],"ipv6_cidr_blocks":[],"prefix_list_ids":[],"security_groups":[]},{"cidr_blocks":[false],"ipv6_cidr_blocks":[],"prefix_list_ids":[],"security_groups":[]}],"tags_all":{}}},{"address":"aws_security_group.lb-sg","mode":"managed","type":"aws_security_group","name":"lb-sg","provider_name":"registry.terraform.io/hashicorp/aws","schema_version":1,"values":{"description":"Allow 443 and traffic to Jenkins SG","egress":[{"cidr_blocks":["0.0.0.0/0"],"description":"","from_port":0,"ipv6_cidr_blocks":[],"prefix_list_ids":[],"protocol":"-1","security_groups":[],"self":false,"to_port":0}],"ingress":[{"cidr_blocks":["0.0.0.0/0"],"description":"Allow 443 from anywhere","from_port":443,"ipv6_cidr_blocks":[],"prefix_list_ids":[],"protocol":"tcp","security_groups":[],"self":false,"to_port":443},{"cidr_blocks":["0.0.0.0/0"],"description":"Allow 80 from anywhere for redirection","from_port":80,"ipv6_cidr_blocks":[],"prefix_list_ids":[],"protocol":"tcp","security_groups":[],"self":false,"to_port":80}],"name":"lb-sg","revoke_rules_on_delete":false,"tags":null,"timeouts":null},"sensitive_values":{"egress":[{"cidr_blocks":[false],"ipv6_cidr_blocks":[],"prefix_list_ids":[],"security_groups":[]}],"ingress":[{"cidr_blocks":[false],"ipv6_cidr_blocks":[],"prefix_list_ids":[],"security_groups":[]},{"cidr_blocks":[false],"ipv6_cidr_blocks":[],"prefix_list_ids":[],"security_groups":[]}],"tags_all":{}}},{"address":"aws_subnet.subnet_1","mode":"managed","type":"aws_subnet","name":"subnet_1","provider_name":"registry.terraform.io/hashicorp/aws","schema_version":1,"values":{"assign_ipv6_address_on_creation":false,"availability_zone":"us-east-1a","cidr_block":"10.0.1.0/24","customer_owned_ipv4_pool":null,"enable_dns64":false,"enable_lni_at_device_index":null,"enable_resource_name_dns_a_record_on_launch":false,"enable_resource_name_dns_aaaa_record_on_launch":false,"ipv6_cidr_block":null,"ipv6_native":false,"map_customer_owned_ip_on_launch":null,"map_public_ip_on_launch":false,"outpost_arn":null,"tags":null,"timeouts":null},"sensitive_values":{"tags_all":{}}},{"address":"aws_subnet.subnet_1_ncalifornia","mode":"managed","type":"aws_subnet","name":"subnet_1_ncalifornia","provider_name":"registry.terraform.io/hashicorp/aws","schema_version":1,"values":{"assign_ipv6_address_on_creation":false,"cidr_block":"192.168.1.0/24","customer_owned_ipv4_pool":null,"enable_dns64":false,"enable_lni_at_device_index":null,"enable_resource_name_dns_a_record_on_launch":false,"enable_resource_name_dns_aaaa_record_on_launch":false,"ipv6_cidr_block":null,"ipv6_native":false,"map_customer_owned_ip_on_launch":null,"map_public_ip_on_launch":false,"outpost_arn":null,"tags":null,"timeouts":null},"sensitive_values":{"tags_all":{}}},{"address":"aws_subnet.subnet_2","mode":"managed","type":"aws_subnet","name":"subnet_2","provider_name":"registry.terraform.io/hashicorp/aws","schema_version":1,"values":{"assign_ipv6_address_on_creation":false,"availability_zone":"us-east-1b","cidr_block":"10.0.2.0/24","customer_owned_ipv4_pool":null,"enable_dns64":false,"enable_lni_at_device_index":null,"enable_resource_name_dns_a_record_on_launch":false,"enable_resource_name_dns_aaaa_record_on_launch":false,"ipv6_cidr_block":null,"ipv6_native":false,"map_customer_owned_ip_on_launch":null,"map_public_ip_on_launch":false,"outpost_arn":null,"tags":null,"timeouts":null},"sensitive_values":{"tags_all":{}}},{"address":"aws_vpc.vpc_master","mode":"managed","type":"aws_vpc","name":"vpc_master","provider_name":"registry.terraform.io/hashicorp/aws","schema_version":1,"values":{"assign_generated_ipv6_cidr_block":null,"cidr_block":"10.0.0.0/16","enable_dns_hostnames":true,"enable_dns_support":true,"instance_tenancy":"default","ipv4_ipam_pool_id":null,"ipv4_netmask_length":null,"ipv6_ipam_pool_id":null,"ipv6_netmask_length":null,"tags":{"Name":"master-vpc-jenkins"},"tags_all":{"Name":"master-vpc-jenkins"}},"sensitive_values":{"tags":{},"tags_all":{}}},{"address":"aws_vpc.vpc_master_ncalifornia","mode":"managed","type":"aws_vpc","name":"vpc_master_ncalifornia","provider_name":"registry.terraform.io/hashicorp/aws","schema_version":1,"values":{"assign_generated_ipv6_cidr_block":null,"cidr_block":"192.168.0.0/16","enable_dns_hostnames":true,"enable_dns_support":true,"instance_tenancy":"default","ipv4_ipam_pool_id":null,"ipv4_netmask_length":null,"ipv6_ipam_pool_id":null,"ipv6_netmask_length":null,"tags":{"Name":"worker-vpc-jenkins"},"tags_all":{"Name":"worker-vpc-jenkins"}},"sensitive_values":{"tags":{},"tags_all":{}}},{"address":"aws_vpc_peering_connection.useast1-uswest2","mode":"managed","type":"aws_vpc_peering_connection","name":"useast1-uswest2","provider_name":"registry.terraform.io/hashicorp/aws","schema_version":0,"values":{"auto_accept":null,"peer_region":"us-west-1","tags":null,"timeouts":null},"sensitive_values":{"accepter":[],"requester":[],"tags_all":{}}},{"address":"aws_vpc_peering_connection_accepter.accept_peering","mode":"managed","type":"aws_vpc_peering_connection_accepter","name":"accept_peering","provider_name":"registry.terraform.io/hashicorp/aws","schema_version":0,"values":{"auto_accept":true,"tags":null,"timeouts":null},"sensitive_values":{"accepter":[],"requester":[],"tags_all":{}}}]}},"resource_changes":[{"address":"aws_internet_gateway.igw","mode":"managed","type":"aws_internet_gateway","name":"igw","provider_name":"registry.terraform.io/hashicorp/aws","change":{"actions":["create"],"before":null,"after":{"tags":null,"timeouts":null},"after_unknown":{"arn":true,"id":true,"owner_id":true,"tags_all":true,"vpc_id":true},"before_sensitive":false,"after_sensitive":{"tags_all":{}}}},{"address":"aws_internet_gateway.igw_ncalifornia","mode":"managed","type":"aws_internet_gateway","name":"igw_ncalifornia","provider_name":"registry.terraform.io/hashicorp/aws","change":{"actions":["create"],"before":null,"after":{"tags":null,"timeouts":null},"after_unknown":{"arn":true,"id":true,"owner_id":true,"tags_all":true,"vpc_id":true},"before_sensitive":false,"after_sensitive":{"tags_all":{}}}},{"address":"aws_main_route_table_association.set-master-default-rt-aws_main_route_table_association","mode":"managed","type":"aws_main_route_table_association","name":"set-master-default-rt-aws_main_route_table_association","provider_name":"registry.terraform.io/hashicorp/aws","change":{"actions":["create"],"before":null,"after":{"timeouts":null},"after_unknown":{"id":true,"original_route_table_id":true,"route_table_id":true,"vpc_id":true},"before_sensitive":false,"after_sensitive":{}}},{"address":"aws_main_route_table_association.set-worker-default-rt-ssoc","mode":"managed","type":"aws_main_route_table_association","name":"set-worker-default-rt-ssoc","provider_name":"registry.terraform.io/hashicorp/aws","change":{"actions":["create"],"before":null,"after":{"timeouts":null},"after_unknown":{"id":true,"original_route_table_id":true,"route_table_id":true,"vpc_id":true},"before_sensitive":false,"after_sensitive":{}}},{"address":"aws_route_table.internet_route","mode":"managed","type":"aws_route_table","name":"internet_route","provider_name":"registry.terraform.io/hashicorp/aws","change":{"actions":["create"],"before":null,"after":{"route":[{"carrier_gateway_id":"","cidr_block":"0.0.0.0/0","core_network_arn":"","destination_prefix_list_id":"","egress_only_gateway_id":"","ipv6_cidr_block":"","local_gateway_id":"","nat_gateway_id":"","network_interface_id":"","transit_gateway_id":"","vpc_endpoint_id":"","vpc_peering_connection_id":""}],"tags":{"Name":"Master-Region-RT"},"tags_all":{"Name":"Master-Region-RT"},"timeouts":null},"after_unknown":{"arn":true,"id":true,"owner_id":true,"propagating_vgws":true,"route":[{"gateway_id":true}],"tags":{},"tags_all":{},"vpc_id":true},"before_sensitive":false,"after_sensitive":{"propagating_vgws":[],"route":[{}],"tags":{},"tags_all":{}}}},{"address":"aws_route_table.internet_route_ncalifornia","mode":"managed","type":"aws_route_table","name":"internet_route_ncalifornia","provider_name":"registry.terraform.io/hashicorp/aws","change":{"actions":["create"],"before":null,"after":{"route":[{"carrier_gateway_id":"","cidr_block":"0.0.0.0/0","core_network_arn":"","destination_prefix_list_id":"","egress_only_gateway_id":"","ipv6_cidr_block":"","local_gateway_id":"","nat_gateway_id":"","network_interface_id":"","transit_gateway_id":"","vpc_endpoint_id":"","vpc_peering_connection_id":""},{"carrier_gateway_id":"","cidr_block":"10.0.1.0/24","core_network_arn":"","destination_prefix_list_id":"","egress_only_gateway_id":"","gateway_id":"","ipv6_cidr_block":"","local_gateway_id":"","nat_gateway_id":"","network_interface_id":"","transit_gateway_id":"","vpc_endpoint_id":""}],"tags":{"Name":"Worker-Region-RT"},"tags_all":{"Name":"Worker-Region-RT"},"timeouts":null},"after_unknown":{"arn":true,"id":true,"owner_id":true,"propagating_vgws":true,"route":[{"gateway_id":true},{"vpc_peering_connection_id":true}],"tags":{},"tags_all":{},"vpc_id":true},"before_sensitive":false,"after_sensitive":{"propagating_vgws":[],"route":[{},{}],"tags":{},"tags_all":{}}}},{"address":"aws_security_group.jenkins-sg","mode":"managed","type":"aws_security_group","name":"jenkins-sg","provider_name":"registry.terraform.io/hashicorp/aws","change":{"actions":["create"],"before":null,"after":{"description":"Allow TCP/8080 \u0026 TCP/22","egress":[{"cidr_blocks":["0.0.0.0/0"],"description":"","from_port":0,"ipv6_cidr_blocks":[],"prefix_list_ids":[],"protocol":"-1","security_groups":[],"self":false,"to_port":0}],"ingress":[{"cidr_blocks":["0.0.0.0/0"],"description":"Allow 22 from our public IP","from_port":22,"ipv6_cidr_blocks":[],"prefix_list_ids":[],"protocol":"tcp","security_groups":[],"self":false,"to_port":22},{"cidr_blocks":["192.168.1.0/24"],"description":"allow traffic from us-west-1","from_port":0,"ipv6_cidr_blocks":[],"prefix_list_ids":[],"protocol":"-1","security_groups":[],"self":false,"to_port":0},{"cidr_blocks":[],"description":"allow anyone on port 8080","from_port":8080,"ipv6_cidr_blocks":[],"prefix_list_ids":[],"protocol":"tcp","self":false,"to_port":8080}],"name":"jenkins-sg","revoke_rules_on_delete":false,"tags":null,"timeouts":null},"after_unknown":{"arn":true,"egress":[{"cidr_blocks":[false],"ipv6_cidr_blocks":[],"prefix_list_ids":[],"security_groups":[]}],"id":true,"ingress":[{"cidr_blocks":[false],"ipv6_cidr_blocks":[],"prefix_list_ids":[],"security_groups":[]},{"cidr_blocks":[false],"ipv6_cidr_blocks":[],"prefix_list_ids":[],"security_groups":[]},{"cidr_blocks":[],"ipv6_cidr_blocks":[],"prefix_list_ids":[],"security_groups":true}],"name_prefix":true,"owner_id":true,"tags_all":true,"vpc_id":true},"before_sensitive":false,"after_sensitive":{"egress":[{"cidr_blocks":[false],"ipv6_cidr_blocks":[],"prefix_list_ids":[],"security_groups":[]}],"ingress":[{"cidr_blocks":[false],"ipv6_cidr_blocks":[],"prefix_list_ids":[],"security_groups":[]},{"cidr_blocks":[false],"ipv6_cidr_blocks":[],"prefix_list_ids":[],"security_groups":[]},{"cidr_blocks":[],"ipv6_cidr_blocks":[],"prefix_list_ids":[],"security_groups":[]}],"tags_all":{}}}},{"address":"aws_security_group.jenkins-sg-ncalifornia","mode":"managed","type":"aws_security_group","name":"jenkins-sg-ncalifornia","provider_name":"registry.terraform.io/hashicorp/aws","change":{"actions":["create"],"before":null,"after":{"description":"Allow TCP/8080 \u0026 TCP/22","egress":[{"cidr_blocks":["0.0.0.0/0"],"description":"","from_port":0,"ipv6_cidr_blocks":[],"prefix_list_ids":[],"protocol":"-1","security_groups":[],"self":false,"to_port":0}],"ingress":[{"cidr_blocks":["0.0.0.0/0"],"description":"Allow 22 from our public IP","from_port":22,"ipv6_cidr_blocks":[],"prefix_list_ids":[],"protocol":"tcp","security_groups":[],"self":false,"to_port":22},{"cidr_blocks":["10.0.1.0/24"],"description":"Allow traffic from us-east-1","from_port":0,"ipv6_cidr_blocks":[],"prefix_list_ids":[],"protocol":"-1","security_groups":[],"self":false,"to_port":0}],"name":"jenkins-sg-ncalifornia","revoke_rules_on_delete":false,"tags":null,"timeouts":null},"after_unknown":{"arn":true,"egress":[{"cidr_blocks":[false],"ipv6_cidr_blocks":[],"prefix_list_ids":[],"security_groups":[]}],"id":true,"ingress":[{"cidr_blocks":[false],"ipv6_cidr_blocks":[],"prefix_list_ids":[],"security_groups":[]},{"cidr_blocks":[false],"ipv6_cidr_blocks":[],"prefix_list_ids":[],"security_groups":[]}],"name_prefix":true,"owner_id":true,"tags_all":true,"vpc_id":true},"before_sensitive":false,"after_sensitive":{"egress":[{"cidr_blocks":[false],"ipv6_cidr_blocks":[],"prefix_list_ids":[],"security_groups":[]}],"ingress":[{"cidr_blocks":[false],"ipv6_cidr_blocks":[],"prefix_list_ids":[],"security_groups":[]},{"cidr_blocks":[false],"ipv6_cidr_blocks":[],"prefix_list_ids":[],"security_groups":[]}],"tags_all":{}}}},{"address":"aws_security_group.lb-sg","mode":"managed","type":"aws_security_group","name":"lb-sg","provider_name":"registry.terraform.io/hashicorp/aws","change":{"actions":["create"],"before":null,"after":{"description":"Allow 443 and traffic to Jenkins SG","egress":[{"cidr_blocks":["0.0.0.0/0"],"description":"","from_port":0,"ipv6_cidr_blocks":[],"prefix_list_ids":[],"protocol":"-1","security_groups":[],"self":false,"to_port":0}],"ingress":[{"cidr_blocks":["0.0.0.0/0"],"description":"Allow 443 from anywhere","from_port":443,"ipv6_cidr_blocks":[],"prefix_list_ids":[],"protocol":"tcp","security_groups":[],"self":false,"to_port":443},{"cidr_blocks":["0.0.0.0/0"],"description":"Allow 80 from anywhere for redirection","from_port":80,"ipv6_cidr_blocks":[],"prefix_list_ids":[],"protocol":"tcp","security_groups":[],"self":false,"to_port":80}],"name":"lb-sg","revoke_rules_on_delete":false,"tags":null,"timeouts":null},"after_unknown":{"arn":true,"egress":[{"cidr_blocks":[false],"ipv6_cidr_blocks":[],"prefix_list_ids":[],"security_groups":[]}],"id":true,"ingress":[{"cidr_blocks":[false],"ipv6_cidr_blocks":[],"prefix_list_ids":[],"security_groups":[]},{"cidr_blocks":[false],"ipv6_cidr_blocks":[],"prefix_list_ids":[],"security_groups":[]}],"name_prefix":true,"owner_id":true,"tags_all":true,"vpc_id":true},"before_sensitive":false,"after_sensitive":{"egress":[{"cidr_blocks":[false],"ipv6_cidr_blocks":[],"prefix_list_ids":[],"security_groups":[]}],"ingress":[{"cidr_blocks":[false],"ipv6_cidr_blocks":[],"prefix_list_ids":[],"security_groups":[]},{"cidr_blocks":[false],"ipv6_cidr_blocks":[],"prefix_list_ids":[],"security_groups":[]}],"tags_all":{}}}},{"address":"aws_subnet.subnet_1","mode":"managed","type":"aws_subnet","name":"subnet_1","provider_name":"registry.terraform.io/hashicorp/aws","change":{"actions":["create"],"before":null,"after":{"assign_ipv6_address_on_creation":false,"availability_zone":"us-east-1a","cidr_block":"10.0.1.0/24","customer_owned_ipv4_pool":null,"enable_dns64":false,"enable_lni_at_device_index":null,"enable_resource_name_dns_a_record_on_launch":false,"enable_resource_name_dns_aaaa_record_on_launch":false,"ipv6_cidr_block":null,"ipv6_native":false,"map_customer_owned_ip_on_launch":null,"map_public_ip_on_launch":false,"outpost_arn":null,"tags":null,"timeouts":null},"after_unknown":{"arn":true,"availability_zone_id":true,"id":true,"ipv6_cidr_block_association_id":true,"owner_id":true,"private_dns_hostname_type_on_launch":true,"tags_all":true,"vpc_id":true},"before_sensitive":false,"after_sensitive":{"tags_all":{}}}},{"address":"aws_subnet.subnet_1_ncalifornia","mode":"managed","type":"aws_subnet","name":"subnet_1_ncalifornia","provider_name":"registry.terraform.io/hashicorp/aws","change":{"actions":["create"],"before":null,"after":{"assign_ipv6_address_on_creation":false,"cidr_block":"192.168.1.0/24","customer_owned_ipv4_pool":null,"enable_dns64":false,"enable_lni_at_device_index":null,"enable_resource_name_dns_a_record_on_launch":false,"enable_resource_name_dns_aaaa_record_on_launch":false,"ipv6_cidr_block":null,"ipv6_native":false,"map_customer_owned_ip_on_launch":null,"map_public_ip_on_launch":false,"outpost_arn":null,"tags":null,"timeouts":null},"after_unknown":{"arn":true,"availability_zone":true,"availability_zone_id":true,"id":true,"ipv6_cidr_block_association_id":true,"owner_id":true,"private_dns_hostname_type_on_launch":true,"tags_all":true,"vpc_id":true},"before_sensitive":false,"after_sensitive":{"tags_all":{}}}},{"address":"aws_subnet.subnet_2","mode":"managed","type":"aws_subnet","name":"subnet_2","provider_name":"registry.terraform.io/hashicorp/aws","change":{"actions":["create"],"before":null,"after":{"assign_ipv6_address_on_creation":false,"availability_zone":"us-east-1b","cidr_block":"10.0.2.0/24","customer_owned_ipv4_pool":null,"enable_dns64":false,"enable_lni_at_device_index":null,"enable_resource_name_dns_a_record_on_launch":false,"enable_resource_name_dns_aaaa_record_on_launch":false,"ipv6_cidr_block":null,"ipv6_native":false,"map_customer_owned_ip_on_launch":null,"map_public_ip_on_launch":false,"outpost_arn":null,"tags":null,"timeouts":null},"after_unknown":{"arn":true,"availability_zone_id":true,"id":true,"ipv6_cidr_block_association_id":true,"owner_id":true,"private_dns_hostname_type_on_launch":true,"tags_all":true,"vpc_id":true},"before_sensitive":false,"after_sensitive":{"tags_all":{}}}},{"address":"aws_vpc.vpc_master","mode":"managed","type":"aws_vpc","name":"vpc_master","provider_name":"registry.terraform.io/hashicorp/aws","change":{"actions":["create"],"before":null,"after":{"assign_generated_ipv6_cidr_block":null,"cidr_block":"10.0.0.0/16","enable_dns_hostnames":true,"enable_dns_support":true,"instance_tenancy":"default","ipv4_ipam_pool_id":null,"ipv4_netmask_length":null,"ipv6_ipam_pool_id":null,"ipv6_netmask_length":null,"tags":{"Name":"master-vpc-jenkins"},"tags_all":{"Name":"master-vpc-jenkins"}},"after_unknown":{"arn":true,"default_network_acl_id":true,"default_route_table_id":true,"default_security_group_id":true,"dhcp_options_id":true,"enable_network_address_usage_metrics":true,"id":true,"ipv6_association_id":true,"ipv6_cidr_block":true,"ipv6_cidr_block_network_border_group":true,"main_route_table_id":true,"owner_id":true,"tags":{},"tags_all":{}},"before_sensitive":false,"after_sensitive":{"tags":{},"tags_all":{}}}},{"address":"aws_vpc.vpc_master_ncalifornia","mode":"managed","type":"aws_vpc","name":"vpc_master_ncalifornia","provider_name":"registry.terraform.io/hashicorp/aws","change":{"actions":["create"],"before":null,"after":{"assign_generated_ipv6_cidr_block":null,"cidr_block":"192.168.0.0/16","enable_dns_hostnames":true,"enable_dns_support":true,"instance_tenancy":"default","ipv4_ipam_pool_id":null,"ipv4_netmask_length":null,"ipv6_ipam_pool_id":null,"ipv6_netmask_length":null,"tags":{"Name":"worker-vpc-jenkins"},"tags_all":{"Name":"worker-vpc-jenkins"}},"after_unknown":{"arn":true,"default_network_acl_id":true,"default_route_table_id":true,"default_security_group_id":true,"dhcp_options_id":true,"enable_network_address_usage_metrics":true,"id":true,"ipv6_association_id":true,"ipv6_cidr_block":true,"ipv6_cidr_block_network_border_group":true,"main_route_table_id":true,"owner_id":true,"tags":{},"tags_all":{}},"before_sensitive":false,"after_sensitive":{"tags":{},"tags_all":{}}}},{"address":"aws_vpc_peering_connection.useast1-uswest2","mode":"managed","type":"aws_vpc_peering_connection","name":"useast1-uswest2","provider_name":"registry.terraform.io/hashicorp/aws","change":{"actions":["create"],"before":null,"after":{"auto_accept":null,"peer_region":"us-west-1","tags":null,"timeouts":null},"after_unknown":{"accept_status":true,"accepter":true,"id":true,"peer_owner_id":true,"peer_vpc_id":true,"requester":true,"tags_all":true,"vpc_id":true},"before_sensitive":false,"after_sensitive":{"accepter":[],"requester":[],"tags_all":{}}}},{"address":"aws_vpc_peering_connection_accepter.accept_peering","mode":"managed","type":"aws_vpc_peering_connection_accepter","name":"accept_peering","provider_name":"registry.terraform.io/hashicorp/aws","change":{"actions":["create"],"before":null,"after":{"auto_accept":true,"tags":null,"timeouts":null},"after_unknown":{"accept_status":true,"accepter":true,"id":true,"peer_owner_id":true,"peer_region":true,"peer_vpc_id":true,"requester":true,"tags_all":true,"vpc_id":true,"vpc_peering_connection_id":true},"before_sensitive":false,"after_sensitive":{"accepter":[],"requester":[],"tags_all":{}}}}],"prior_state":{"format_version":"1.0","terraform_version":"1.7.5","values":{"root_module":{"resources":[{"address":"data.aws_availability_zones.azs","mode":"data","type":"aws_availability_zones","name":"azs","provider_name":"registry.terraform.io/hashicorp/aws","schema_version":0,"values":{"all_availability_zones":null,"exclude_names":null,"exclude_zone_ids":null,"filter":null,"group_names":["us-east-1"],"id":"us-east-1","names":["us-east-1a","us-east-1b","us-east-1c","us-east-1d","us-east-1e","us-east-1f"],"state":"available","timeouts":null,"zone_ids":["use1-az4","use1-az6","use1-az1","use1-az2","use1-az3","use1-az5"]},"sensitive_values":{"group_names":[false],"names":[false,false,false,false,false,false],"zone_ids":[false,false,false,false,false,false]}},{"address":"data.aws_ssm_parameter.linuxAmi","mode":"data","type":"aws_ssm_parameter","name":"linuxAmi","provider_name":"registry.terraform.io/hashicorp/aws","schema_version":0,"values":{"arn":"arn:aws:ssm:us-east-1::parameter/aws/service/ami-amazon-linux-latest/amzn2-ami-hvm-x86_64-gp2","id":"/aws/service/ami-amazon-linux-latest/amzn2-ami-hvm-x86_64-gp2","insecure_value":"ami-0bef12ee7bc073414","name":"/aws/service/ami-amazon-linux-latest/amzn2-ami-hvm-x86_64-gp2","type":"String","value":"ami-0bef12ee7bc073414","version":109,"with_decryption":true},"sensitive_values":{"value":true}},{"address":"data.aws_ssm_parameter.linuxAmiNCalifornia","mode":"data","type":"aws_ssm_parameter","name":"linuxAmiNCalifornia","provider_name":"registry.terraform.io/hashicorp/aws","schema_version":0,"values":{"arn":"arn:aws:ssm:us-west-1::parameter/aws/service/ami-amazon-linux-latest/amzn2-ami-hvm-x86_64-gp2","id":"/aws/service/ami-amazon-linux-latest/amzn2-ami-hvm-x86_64-gp2","insecure_value":"ami-0a1f00141c669caab","name":"/aws/service/ami-amazon-linux-latest/amzn2-ami-hvm-x86_64-gp2","type":"String","value":"ami-0a1f00141c669caab","version":110,"with_decryption":true},"sensitive_values":{"value":true}}]}}},"configuration":{"provider_config":{"aws":{"name":"aws","full_name":"registry.terraform.io/hashicorp/aws"},"aws.region-master":{"name":"aws","full_name":"registry.terraform.io/hashicorp/aws","alias":"region-master","expressions":{"profile":{"references":["var.profile"]},"region":{"references":["var.region-master"]}}},"aws.region-worker":{"name":"aws","full_name":"registry.terraform.io/hashicorp/aws","alias":"region-worker","expressions":{"profile":{"references":["var.profile"]},"region":{"references":["var.region-worker"]}}}},"root_module":{"resources":[{"address":"aws_internet_gateway.igw","mode":"managed","type":"aws_internet_gateway","name":"igw","provider_config_key":"aws.region-master","expressions":{"vpc_id":{"references":["aws_vpc.vpc_master.id","aws_vpc.vpc_master"]}},"schema_version":0},{"address":"aws_internet_gateway.igw_ncalifornia","mode":"managed","type":"aws_internet_gateway","name":"igw_ncalifornia","provider_config_key":"aws.region-worker","expressions":{"vpc_id":{"references":["aws_vpc.vpc_master_ncalifornia.id","aws_vpc.vpc_master_ncalifornia"]}},"schema_version":0},{"address":"aws_main_route_table_association.set-master-default-rt-aws_main_route_table_association","mode":"managed","type":"aws_main_route_table_association","name":"set-master-default-rt-aws_main_route_table_association","provider_config_key":"aws.region-master","expressions":{"route_table_id":{"references":["aws_route_table.internet_route.id","aws_route_table.internet_route"]},"vpc_id":{"references":["aws_vpc.vpc_master.id","aws_vpc.vpc_master"]}},"schema_version":0},{"address":"aws_main_route_table_association.set-worker-default-rt-ssoc","mode":"managed","type":"aws_main_route_table_association","name":"set-worker-default-rt-ssoc","provider_config_key":"aws.region-worker","expressions":{"route_table_id":{"references":["aws_route_table.internet_route_ncalifornia.id","aws_route_table.internet_route_ncalifornia"]},"vpc_id":{"references":["aws_vpc.vpc_master_ncalifornia.id","aws_vpc.vpc_master_ncalifornia"]}},"schema_version":0},{"address":"aws_route_table.internet_route","mode":"managed","type":"aws_route_table","name":"internet_route","provider_config_key":"aws.region-master","expressions":{"route":{"references":["aws_internet_gateway.igw.id","aws_internet_gateway.igw"]},"tags":{"constant_value":{"Name":"Master-Region-RT"}},"vpc_id":{"references":["aws_vpc.vpc_master.id","aws_vpc.vpc_master"]}},"schema_version":0},{"address":"aws_route_table.internet_route_ncalifornia","mode":"managed","type":"aws_route_table","name":"internet_route_ncalifornia","provider_config_key":"aws.region-worker","expressions":{"route":{"references":["aws_internet_gateway.igw_ncalifornia.id","aws_internet_gateway.igw_ncalifornia","aws_vpc_peering_connection.useast1-uswest2.id","aws_vpc_peering_connection.useast1-uswest2"]},"tags":{"constant_value":{"Name":"Worker-Region-RT"}},"vpc_id":{"references":["aws_vpc.vpc_master_ncalifornia.id","aws_vpc.vpc_master_ncalifornia"]}},"schema_version":0},{"address":"aws_security_group.jenkins-sg","mode":"managed","type":"aws_security_group","name":"jenkins-sg","provider_config_key":"aws.region-master","expressions":{"description":{"constant_value":"Allow TCP/8080 \u0026 TCP/22"},"egress":{"constant_value":[{"cidr_blocks":["0.0.0.0/0"],"description":null,"from_port":0,"ipv6_cidr_blocks":null,"prefix_list_ids":null,"protocol":"-1","security_groups":null,"self":null,"to_port":0}]},"ingress":{"references":["var.external_ip","aws_security_group.lb-sg.id","aws_security_group.lb-sg"]},"name":{"constant_value":"jenkins-sg"},"vpc_id":{"references":["aws_vpc.vpc_master.id","aws_vpc.vpc_master"]}},"schema_version":1},{"address":"aws_security_group.jenkins-sg-ncalifornia","mode":"managed","type":"aws_security_group","name":"jenkins-sg-ncalifornia","provider_config_key":"aws.region-worker","expressions":{"description":{"constant_value":"Allow TCP/8080 \u0026 TCP/22"},"egress":{"constant_value":[{"cidr_blocks":["0.0.0.0/0"],"description":null,"from_port":0,"ipv6_cidr_blocks":null,"prefix_list_ids":null,"protocol":"-1","security_groups":null,"self":null,"to_port":0}]},"ingress":{"references":["var.external_ip"]},"name":{"constant_value":"jenkins-sg-ncalifornia"}},"schema_version":1},{"address":"aws_security_group.lb-sg","mode":"managed","type":"aws_security_group","name":"lb-sg","provider_config_key":"aws.region-master","expressions":{"description":{"constant_value":"Allow 443 and traffic to Jenkins SG"},"egress":{"constant_value":[{"cidr_blocks":["0.0.0.0/0"],"description":null,"from_port":0,"ipv6_cidr_blocks":null,"prefix_list_ids":null,"protocol":"-1","security_groups":null,"self":null,"to_port":0}]},"ingress":{"constant_value":[{"cidr_blocks":["0.0.0.0/0"],"description":"Allow 443 from anywhere","from_port":443,"ipv6_cidr_blocks":null,"prefix_list_ids":null,"protocol":"tcp","security_groups":null,"self":null,"to_port":443},{"cidr_blocks":["0.0.0.0/0"],"description":"Allow 80 from anywhere for redirection","from_port":80,"ipv6_cidr_blocks":null,"prefix_list_ids":null,"protocol":"tcp","security_groups":null,"self":null,"to_port":80}]},"name":{"constant_value":"lb-sg"},"vpc_id":{"references":["aws_vpc.vpc_master.id","aws_vpc.vpc_master"]}},"schema_version":1},{"address":"aws_subnet.subnet_1","mode":"managed","type":"aws_subnet","name":"subnet_1","provider_config_key":"aws.region-master","expressions":{"availability_zone":{"references":["data.aws_availability_zones.azs.names","data.aws_availability_zones.azs"]},"cidr_block":{"constant_value":"10.0.1.0/24"},"vpc_id":{"references":["aws_vpc.vpc_master.id","aws_vpc.vpc_master"]}},"schema_version":1},{"address":"aws_subnet.subnet_1_ncalifornia","mode":"managed","type":"aws_subnet","name":"subnet_1_ncalifornia","provider_config_key":"aws.region-worker","expressions":{"cidr_block":{"constant_value":"192.168.1.0/24"},"vpc_id":{"references":["aws_vpc.vpc_master_ncalifornia.id","aws_vpc.vpc_master_ncalifornia"]}},"schema_version":1},{"address":"aws_subnet.subnet_2","mode":"managed","type":"aws_subnet","name":"subnet_2","provider_config_key":"aws.region-master","expressions":{"availability_zone":{"references":["data.aws_availability_zones.azs.names","data.aws_availability_zones.azs"]},"cidr_block":{"constant_value":"10.0.2.0/24"},"vpc_id":{"references":["aws_vpc.vpc_master.id","aws_vpc.vpc_master"]}},"schema_version":1},{"address":"aws_vpc.vpc_master","mode":"managed","type":"aws_vpc","name":"vpc_master","provider_config_key":"aws.region-master","expressions":{"cidr_block":{"constant_value":"10.0.0.0/16"},"enable_dns_hostnames":{"constant_value":true},"enable_dns_support":{"constant_value":true},"tags":{"constant_value":{"Name":"master-vpc-jenkins"}}},"schema_version":1},{"address":"aws_vpc.vpc_master_ncalifornia","mode":"managed","type":"aws_vpc","name":"vpc_master_ncalifornia","provider_config_key":"aws.region-worker","expressions":{"cidr_block":{"constant_value":"192.168.0.0/16"},"enable_dns_hostnames":{"constant_value":true},"enable_dns_support":{"constant_value":true},"tags":{"constant_value":{"Name":"worker-vpc-jenkins"}}},"schema_version":1},{"address":"aws_vpc_peering_connection.useast1-uswest2","mode":"managed","type":"aws_vpc_peering_connection","name":"useast1-uswest2","provider_config_key":"aws.region-master","expressions":{"peer_region":{"references":["var.region-worker"]},"peer_vpc_id":{"references":["aws_vpc.vpc_master_ncalifornia.id","aws_vpc.vpc_master_ncalifornia"]},"vpc_id":{"references":["aws_vpc.vpc_master.id","aws_vpc.vpc_master"]}},"schema_version":0},{"address":"aws_vpc_peering_connection_accepter.accept_peering","mode":"managed","type":"aws_vpc_peering_connection_accepter","name":"accept_peering","provider_config_key":"aws.region-worker","expressions":{"auto_accept":{"constant_value":true},"vpc_peering_connection_id":{"references":["aws_vpc_peering_connection.useast1-uswest2.id","aws_vpc_peering_connection.useast1-uswest2"]}},"schema_version":0},{"address":"data.aws_availability_zones.azs","mode":"data","type":"aws_availability_zones","name":"azs","provider_config_key":"aws.region-master","expressions":{"state":{"constant_value":"available"}},"schema_version":0},{"address":"data.aws_ssm_parameter.linuxAmi","mode":"data","type":"aws_ssm_parameter","name":"linuxAmi","provider_config_key":"aws.region-master","expressions":{"name":{"constant_value":"/aws/service/ami-amazon-linux-latest/amzn2-ami-hvm-x86_64-gp2"}},"schema_version":0},{"address":"data.aws_ssm_parameter.linuxAmiNCalifornia","mode":"data","type":"aws_ssm_parameter","name":"linuxAmiNCalifornia","provider_config_key":"aws.region-worker","expressions":{"name":{"constant_value":"/aws/service/ami-amazon-linux-latest/amzn2-ami-hvm-x86_64-gp2"}},"schema_version":0}],"variables":{"external_ip":{"default":"0.0.0.0/0"},"profile":{"default":"default"},"region-master":{"default":"us-east-1"},"region-worker":{"default":"us-west-1"}}}},"relevant_attributes":[{"resource":"aws_vpc.vpc_master","attribute":["id"]},{"resource":"data.aws_availability_zones.azs","attribute":["names"]},{"resource":"aws_vpc.vpc_master_ncalifornia","attribute":["id"]},{"resource":"aws_vpc_peering_connection.useast1-uswest2","attribute":["id"]},{"resource":"aws_internet_gateway.igw_ncalifornia","attribute":["id"]},{"resource":"aws_route_table.internet_route_ncalifornia","attribute":["id"]},{"resource":"aws_internet_gateway.igw","attribute":["id"]},{"resource":"aws_security_group.lb-sg","attribute":["id"]},{"resource":"aws_route_table.internet_route","attribute":["id"]}],"timestamp":"2024-03-21T00:53:49Z","errored":false}
