{"format_version":"1.2","terraform_version":"1.7.5","variables":{"external_ip":{"value":"0.0.0.0/0"},"instance-type":{"value":"t3.micro"},"profile":{"value":"default"},"region-master":{"value":"us-east-1"},"region-worker":{"value":"us-west-1"},"worker-count":{"value":1}},"planned_values":{"outputs":{"Jenkins-Main-Node-Public-IP":{"sensitive":false},"Jenkins-Worker-Public-IPs":{"sensitive":false}},"root_module":{"resources":[{"address":"aws_instance.jenkins-master","mode":"managed","type":"aws_instance","name":"jenkins-master","provider_name":"registry.terraform.io/hashicorp/aws","schema_version":1,"values":{"ami":"ami-0bef12ee7bc073414","associate_public_ip_address":true,"credit_specification":[],"get_password_data":false,"hibernation":null,"instance_type":"t3.micro","key_name":"jenkins","launch_template":[],"source_dest_check":true,"tags":{"Name":"jenkins_master_tf"},"tags_all":{"Name":"jenkins_master_tf"},"timeouts":null,"user_data_replace_on_change":false,"volume_tags":null},"sensitive_values":{"ami":true,"capacity_reservation_specification":[],"cpu_options":[],"credit_specification":[],"ebs_block_device":[],"enclave_options":[],"ephemeral_block_device":[],"instance_market_options":[],"ipv6_addresses":[],"launch_template":[],"maintenance_options":[],"metadata_options":[],"network_interface":[],"private_dns_name_options":[],"root_block_device":[],"secondary_private_ips":[],"security_groups":[],"tags":{},"tags_all":{},"vpc_security_group_ids":[]}},{"address":"aws_instance.jenkins-worker-ncalifornia[0]","mode":"managed","type":"aws_instance","name":"jenkins-worker-ncalifornia","index":0,"provider_name":"registry.terraform.io/hashicorp/aws","schema_version":1,"values":{"ami":"ami-0a1f00141c669caab","associate_public_ip_address":true,"credit_specification":[],"get_password_data":false,"hibernation":null,"instance_type":"t3.micro","key_name":"jenkins","launch_template":[],"source_dest_check":true,"tags":{"Name":"jenkins_worker_tf_1"},"tags_all":{"Name":"jenkins_worker_tf_1"},"timeouts":null,"user_data_replace_on_change":false,"volume_tags":null},"sensitive_values":{"ami":true,"capacity_reservation_specification":[],"cpu_options":[],"credit_specification":[],"ebs_block_device":[],"enclave_options":[],"ephemeral_block_device":[],"instance_market_options":[],"ipv6_addresses":[],"launch_template":[],"maintenance_options":[],"metadata_options":[],"network_interface":[],"private_dns_name_options":[],"root_block_device":[],"secondary_private_ips":[],"security_groups":[],"tags":{},"tags_all":{},"vpc_security_group_ids":[]}},{"address":"aws_internet_gateway.igw","mode":"managed","type":"aws_internet_gateway","name":"igw","provider_name":"registry.terraform.io/hashicorp/aws","schema_version":0,"values":{"tags":null,"timeouts":null},"sensitive_values":{"tags_all":{}}},{"address":"aws_internet_gateway.igw_ncalifornia","mode":"managed","type":"aws_internet_gateway","name":"igw_ncalifornia","provider_name":"registry.terraform.io/hashicorp/aws","schema_version":0,"values":{"tags":null,"timeouts":null},"sensitive_values":{"tags_all":{}}},{"address":"aws_key_pair.master-key","mode":"managed","type":"aws_key_pair","name":"master-key","provider_name":"registry.terraform.io/hashicorp/aws","schema_version":1,"values":{"key_name":"jenkins","public_key":"ssh-rsa AAAAB3NzaC1yc2EAAAADAQABAAABgQDkbJGQxwMCUrePJeqL2640ixK70E0/O+W57feubUrmwLsIdCYKdJuOGLcayu3iY/fuAyL/5JiKNvkfr28oGpyVWrBz/Ow+op23sIPwC8x865Tu5MzRnzN2yHF66TUp3wm/6xMBSZt4ZjUIpRTgQZle8j0SB95+4CCzWBAZ48wQRzfSrgTPUGX81YoH5JIlL6ICJKJYuKjKEYpJGHYNobRaSTRA83rp4RLAqkOHvtPCj2ht040yrC2TLrl/4qCzE+HOc/1XhJxRNryjSnX7JpkXI6wd8AqNDt58TZkhJwnpcdPWw4fLLyNVy2Vq+wlUcXsTg+/eqWcNOBcLNJaQbZMZ3x1JPjxhejYHKFbpVa8E9posNwa7dyAJiXyh9IZcVeDQXgGZ6nJgjsOhy1iuVHOJgzbe4l9l5re7EnDp681ktkfaokT5eZ/ttdTC2VVKyL46+z9qA3qxYlHB5FSa3zp8ZstENYYiiqhVHU/OO/2xjPicUOiFKMV7Y4s7fV8yqBE= dlambert@TourMatters-02","tags":null},"sensitive_values":{"tags_all":{}}},{"address":"aws_key_pair.worker-key","mode":"managed","type":"aws_key_pair","name":"worker-key","provider_name":"registry.terraform.io/hashicorp/aws","schema_version":1,"values":{"key_name":"jenkins","public_key":"ssh-rsa AAAAB3NzaC1yc2EAAAADAQABAAABgQDkbJGQxwMCUrePJeqL2640ixK70E0/O+W57feubUrmwLsIdCYKdJuOGLcayu3iY/fuAyL/5JiKNvkfr28oGpyVWrBz/Ow+op23sIPwC8x865Tu5MzRnzN2yHF66TUp3wm/6xMBSZt4ZjUIpRTgQZle8j0SB95+4CCzWBAZ48wQRzfSrgTPUGX81YoH5JIlL6ICJKJYuKjKEYpJGHYNobRaSTRA83rp4RLAqkOHvtPCj2ht040yrC2TLrl/4qCzE+HOc/1XhJxRNryjSnX7JpkXI6wd8AqNDt58TZkhJwnpcdPWw4fLLyNVy2Vq+wlUcXsTg+/eqWcNOBcLNJaQbZMZ3x1JPjxhejYHKFbpVa8E9posNwa7dyAJiXyh9IZcVeDQXgGZ6nJgjsOhy1iuVHOJgzbe4l9l5re7EnDp681ktkfaokT5eZ/ttdTC2VVKyL46+z9qA3qxYlHB5FSa3zp8ZstENYYiiqhVHU/OO/2xjPicUOiFKMV7Y4s7fV8yqBE= dlambert@TourMatters-02","tags":null},"sensitive_values":{"tags_all":{}}},{"address":"aws_main_route_table_association.set-master-default-rt-assoc","mode":"managed","type":"aws_main_route_table_association","name":"set-master-default-rt-assoc","provider_name":"registry.terraform.io/hashicorp/aws","schema_version":0,"values":{"timeouts":null},"sensitive_values":{}},{"address":"aws_main_route_table_association.set-worker-default-rt-assoc","mode":"managed","type":"aws_main_route_table_association","name":"set-worker-default-rt-assoc","provider_name":"registry.terraform.io/hashicorp/aws","schema_version":0,"values":{"timeouts":null},"sensitive_values":{}},{"address":"aws_route_table.internet_route","mode":"managed","type":"aws_route_table","name":"internet_route","provider_name":"registry.terraform.io/hashicorp/aws","schema_version":0,"values":{"route":[{"carrier_gateway_id":"","cidr_block":"0.0.0.0/0","core_network_arn":"","destination_prefix_list_id":"","egress_only_gateway_id":"","ipv6_cidr_block":"","local_gateway_id":"","nat_gateway_id":"","network_interface_id":"","transit_gateway_id":"","vpc_endpoint_id":"","vpc_peering_connection_id":""}],"tags":{"Name":"Master-Region-RT"},"tags_all":{"Name":"Master-Region-RT"},"timeouts":null},"sensitive_values":{"propagating_vgws":[],"route":[{}],"tags":{},"tags_all":{}}},{"address":"aws_route_table.internet_route_ncalifornia","mode":"managed","type":"aws_route_table","name":"internet_route_ncalifornia","provider_name":"registry.terraform.io/hashicorp/aws","schema_version":0,"values":{"route":[{"carrier_gateway_id":"","cidr_block":"0.0.0.0/0","core_network_arn":"","destination_prefix_list_id":"","egress_only_gateway_id":"","ipv6_cidr_block":"","local_gateway_id":"","nat_gateway_id":"","network_interface_id":"","transit_gateway_id":"","vpc_endpoint_id":"","vpc_peering_connection_id":""},{"carrier_gateway_id":"","cidr_block":"10.0.1.0/24","core_network_arn":"","destination_prefix_list_id":"","egress_only_gateway_id":"","gateway_id":"","ipv6_cidr_block":"","local_gateway_id":"","nat_gateway_id":"","network_interface_id":"","transit_gateway_id":"","vpc_endpoint_id":""}],"tags":{"Name":"Worker-Region-RT"},"tags_all":{"Name":"Worker-Region-RT"},"timeouts":null},"sensitive_values":{"propagating_vgws":[],"route":[{},{}],"tags":{},"tags_all":{}}},{"address":"aws_security_group.jenkins-sg","mode":"managed","type":"aws_security_group","name":"jenkins-sg","provider_name":"registry.terraform.io/hashicorp/aws","schema_version":1,"values":{"description":"Allow TCP/8080 \u0026 TCP/22","egress":[{"cidr_blocks":["0.0.0.0/0"],"description":"","from_port":0,"ipv6_cidr_blocks":[],"prefix_list_ids":[],"protocol":"-1","security_groups":[],"self":false,"to_port":0}],"ingress":[{"cidr_blocks":["0.0.0.0/0"],"description":"Allow 22 from our public IP","from_port":22,"ipv6_cidr_blocks":[],"prefix_list_ids":[],"protocol":"tcp","security_groups":[],"self":false,"to_port":22},{"cidr_blocks":["192.168.1.0/24"],"description":"allow traffic from us-west-1","from_port":0,"ipv6_cidr_blocks":[],"prefix_list_ids":[],"protocol":"-1","security_groups":[],"self":false,"to_port":0},{"cidr_blocks":[],"description":"allow anyone on port 8080","from_port":8080,"ipv6_cidr_blocks":[],"prefix_list_ids":[],"protocol":"tcp","self":false,"to_port":8080}],"name":"jenkins-sg","revoke_rules_on_delete":false,"tags":null,"timeouts":null},"sensitive_values":{"egress":[{"cidr_blocks":[false],"ipv6_cidr_blocks":[],"prefix_list_ids":[],"security_groups":[]}],"ingress":[{"cidr_blocks":[false],"ipv6_cidr_blocks":[],"prefix_list_ids":[],"security_groups":[]},{"cidr_blocks":[false],"ipv6_cidr_blocks":[],"prefix_list_ids":[],"security_groups":[]},{"cidr_blocks":[],"ipv6_cidr_blocks":[],"prefix_list_ids":[],"security_groups":[]}],"tags_all":{}}},{"address":"aws_security_group.jenkins-sg-ncalifornia","mode":"managed","type":"aws_security_group","name":"jenkins-sg-ncalifornia","provider_name":"registry.terraform.io/hashicorp/aws","schema_version":1,"values":{"description":"Allow TCP/8080 \u0026 TCP/22","egress":[{"cidr_blocks":["0.0.0.0/0"],"description":"","from_port":0,"ipv6_cidr_blocks":[],"prefix_list_ids":[],"protocol":"-1","security_groups":[],"self":false,"to_port":0}],"ingress":[{"cidr_blocks":["0.0.0.0/0"],"description":"Allow 22 from our public IP","from_port":22,"ipv6_cidr_blocks":[],"prefix_list_ids":[],"protocol":"tcp","security_groups":[],"self":false,"to_port":22},{"cidr_blocks":["10.0.1.0/24"],"description":"Allow traffic from us-east-1","from_port":0,"ipv6_cidr_blocks":[],"prefix_list_ids":[],"protocol":"-1","security_groups":[],"self":false,"to_port":0}],"name":"jenkins-sg-ncalifornia","revoke_rules_on_delete":false,"tags":null,"timeouts":null},"sensitive_values":{"egress":[{"cidr_blocks":[false],"ipv6_cidr_blocks":[],"prefix_list_ids":[],"security_groups":[]}],"ingress":[{"cidr_blocks":[false],"ipv6_cidr_blocks":[],"prefix_list_ids":[],"security_groups":[]},{"cidr_blocks":[false],"ipv6_cidr_blocks":[],"prefix_list_ids":[],"security_groups":[]}],"tags_all":{}}},{"address":"aws_security_group.lb-sg","mode":"managed","type":"aws_security_group","name":"lb-sg","provider_name":"registry.terraform.io/hashicorp/aws","schema_version":1,"values":{"description":"Allow 443 and traffic to Jenkins SG","egress":[{"cidr_blocks":["0.0.0.0/0"],"description":"","from_port":0,"ipv6_cidr_blocks":[],"prefix_list_ids":[],"protocol":"-1","security_groups":[],"self":false,"to_port":0}],"ingress":[{"cidr_blocks":["0.0.0.0/0"],"description":"Allow 443 from anywhere","from_port":443,"ipv6_cidr_blocks":[],"prefix_list_ids":[],"protocol":"tcp","security_groups":[],"self":false,"to_port":443},{"cidr_blocks":["0.0.0.0/0"],"description":"Allow 80 from anywhere for redirection","from_port":80,"ipv6_cidr_blocks":[],"prefix_list_ids":[],"protocol":"tcp","security_groups":[],"self":false,"to_port":80}],"name":"lb-sg","revoke_rules_on_delete":false,"tags":null,"timeouts":null},"sensitive_values":{"egress":[{"cidr_blocks":[false],"ipv6_cidr_blocks":[],"prefix_list_ids":[],"security_groups":[]}],"ingress":[{"cidr_blocks":[false],"ipv6_cidr_blocks":[],"prefix_list_ids":[],"security_groups":[]},{"cidr_blocks":[false],"ipv6_cidr_blocks":[],"prefix_list_ids":[],"security_groups":[]}],"tags_all":{}}},{"address":"aws_subnet.subnet_1","mode":"managed","type":"aws_subnet","name":"subnet_1","provider_name":"registry.terraform.io/hashicorp/aws","schema_version":1,"values":{"assign_ipv6_address_on_creation":false,"availability_zone":"us-east-1a","cidr_block":"10.0.1.0/24","customer_owned_ipv4_pool":null,"enable_dns64":false,"enable_lni_at_device_index":null,"enable_resource_name_dns_a_record_on_launch":false,"enable_resource_name_dns_aaaa_record_on_launch":false,"ipv6_cidr_block":null,"ipv6_native":false,"map_customer_owned_ip_on_launch":null,"map_public_ip_on_launch":false,"outpost_arn":null,"tags":null,"timeouts":null},"sensitive_values":{"tags_all":{}}},{"address":"aws_subnet.subnet_1_ncalifornia","mode":"managed","type":"aws_subnet","name":"subnet_1_ncalifornia","provider_name":"registry.terraform.io/hashicorp/aws","schema_version":1,"values":{"assign_ipv6_address_on_creation":false,"cidr_block":"192.168.1.0/24","customer_owned_ipv4_pool":null,"enable_dns64":false,"enable_lni_at_device_index":null,"enable_resource_name_dns_a_record_on_launch":false,"enable_resource_name_dns_aaaa_record_on_launch":false,"ipv6_cidr_block":null,"ipv6_native":false,"map_customer_owned_ip_on_launch":null,"map_public_ip_on_launch":false,"outpost_arn":null,"tags":null,"timeouts":null},"sensitive_values":{"tags_all":{}}},{"address":"aws_subnet.subnet_2","mode":"managed","type":"aws_subnet","name":"subnet_2","provider_name":"registry.terraform.io/hashicorp/aws","schema_version":1,"values":{"assign_ipv6_address_on_creation":false,"availability_zone":"us-east-1b","cidr_block":"10.0.2.0/24","customer_owned_ipv4_pool":null,"enable_dns64":false,"enable_lni_at_device_index":null,"enable_resource_name_dns_a_record_on_launch":false,"enable_resource_name_dns_aaaa_record_on_launch":false,"ipv6_cidr_block":null,"ipv6_native":false,"map_customer_owned_ip_on_launch":null,"map_public_ip_on_launch":false,"outpost_arn":null,"tags":null,"timeouts":null},"sensitive_values":{"tags_all":{}}},{"address":"aws_vpc.vpc_master","mode":"managed","type":"aws_vpc","name":"vpc_master","provider_name":"registry.terraform.io/hashicorp/aws","schema_version":1,"values":{"assign_generated_ipv6_cidr_block":null,"cidr_block":"10.0.0.0/16","enable_dns_hostnames":true,"enable_dns_support":true,"instance_tenancy":"default","ipv4_ipam_pool_id":null,"ipv4_netmask_length":null,"ipv6_ipam_pool_id":null,"ipv6_netmask_length":null,"tags":{"Name":"master-vpc-jenkins"},"tags_all":{"Name":"master-vpc-jenkins"}},"sensitive_values":{"tags":{},"tags_all":{}}},{"address":"aws_vpc.vpc_master_ncalifornia","mode":"managed","type":"aws_vpc","name":"vpc_master_ncalifornia","provider_name":"registry.terraform.io/hashicorp/aws","schema_version":1,"values":{"assign_generated_ipv6_cidr_block":null,"cidr_block":"192.168.0.0/16","enable_dns_hostnames":true,"enable_dns_support":true,"instance_tenancy":"default","ipv4_ipam_pool_id":null,"ipv4_netmask_length":null,"ipv6_ipam_pool_id":null,"ipv6_netmask_length":null,"tags":{"Name":"worker-vpc-jenkins"},"tags_all":{"Name":"worker-vpc-jenkins"}},"sensitive_values":{"tags":{},"tags_all":{}}},{"address":"aws_vpc_peering_connection.useast1-uswest2","mode":"managed","type":"aws_vpc_peering_connection","name":"useast1-uswest2","provider_name":"registry.terraform.io/hashicorp/aws","schema_version":0,"values":{"auto_accept":null,"peer_region":"us-west-1","tags":null,"timeouts":null},"sensitive_values":{"accepter":[],"requester":[],"tags_all":{}}},{"address":"aws_vpc_peering_connection_accepter.accept_peering","mode":"managed","type":"aws_vpc_peering_connection_accepter","name":"accept_peering","provider_name":"registry.terraform.io/hashicorp/aws","schema_version":0,"values":{"auto_accept":true,"tags":null,"timeouts":null},"sensitive_values":{"accepter":[],"requester":[],"tags_all":{}}}]}},"resource_changes":[{"address":"aws_instance.jenkins-master","mode":"managed","type":"aws_instance","name":"jenkins-master","provider_name":"registry.terraform.io/hashicorp/aws","change":{"actions":["create"],"before":null,"after":{"ami":"ami-0bef12ee7bc073414","associate_public_ip_address":true,"credit_specification":[],"get_password_data":false,"hibernation":null,"instance_type":"t3.micro","key_name":"jenkins","launch_template":[],"source_dest_check":true,"tags":{"Name":"jenkins_master_tf"},"tags_all":{"Name":"jenkins_master_tf"},"timeouts":null,"user_data_replace_on_change":false,"volume_tags":null},"after_unknown":{"arn":true,"availability_zone":true,"capacity_reservation_specification":true,"cpu_core_count":true,"cpu_options":true,"cpu_threads_per_core":true,"credit_specification":[],"disable_api_stop":true,"disable_api_termination":true,"ebs_block_device":true,"ebs_optimized":true,"enclave_options":true,"ephemeral_block_device":true,"host_id":true,"host_resource_group_arn":true,"iam_instance_profile":true,"id":true,"instance_initiated_shutdown_behavior":true,"instance_lifecycle":true,"instance_market_options":true,"instance_state":true,"ipv6_address_count":true,"ipv6_addresses":true,"launch_template":[],"maintenance_options":true,"metadata_options":true,"monitoring":true,"network_interface":true,"outpost_arn":true,"password_data":true,"placement_group":true,"placement_partition_number":true,"primary_network_interface_id":true,"private_dns":true,"private_dns_name_options":true,"private_ip":true,"public_dns":true,"public_ip":true,"root_block_device":true,"secondary_private_ips":true,"security_groups":true,"spot_instance_request_id":true,"subnet_id":true,"tags":{},"tags_all":{},"tenancy":true,"user_data":true,"user_data_base64":true,"vpc_security_group_ids":true},"before_sensitive":false,"after_sensitive":{"ami":true,"capacity_reservation_specification":[],"cpu_options":[],"credit_specification":[],"ebs_block_device":[],"enclave_options":[],"ephemeral_block_device":[],"instance_market_options":[],"ipv6_addresses":[],"launch_template":[],"maintenance_options":[],"metadata_options":[],"network_interface":[],"private_dns_name_options":[],"root_block_device":[],"secondary_private_ips":[],"security_groups":[],"tags":{},"tags_all":{},"vpc_security_group_ids":[]}}},{"address":"aws_instance.jenkins-worker-ncalifornia[0]","mode":"managed","type":"aws_instance","name":"jenkins-worker-ncalifornia","index":0,"provider_name":"registry.terraform.io/hashicorp/aws","change":{"actions":["create"],"before":null,"after":{"ami":"ami-0a1f00141c669caab","associate_public_ip_address":true,"credit_specification":[],"get_password_data":false,"hibernation":null,"instance_type":"t3.micro","key_name":"jenkins","launch_template":[],"source_dest_check":true,"tags":{"Name":"jenkins_worker_tf_1"},"tags_all":{"Name":"jenkins_worker_tf_1"},"timeouts":null,"user_data_replace_on_change":false,"volume_tags":null},"after_unknown":{"arn":true,"availability_zone":true,"capacity_reservation_specification":true,"cpu_core_count":true,"cpu_options":true,"cpu_threads_per_core":true,"credit_specification":[],"disable_api_stop":true,"disable_api_termination":true,"ebs_block_device":true,"ebs_optimized":true,"enclave_options":true,"ephemeral_block_device":true,"host_id":true,"host_resource_group_arn":true,"iam_instance_profile":true,"id":true,"instance_initiated_shutdown_behavior":true,"instance_lifecycle":true,"instance_market_options":true,"instance_state":true,"ipv6_address_count":true,"ipv6_addresses":true,"launch_template":[],"maintenance_options":true,"metadata_options":true,"monitoring":true,"network_interface":true,"outpost_arn":true,"password_data":true,"placement_group":true,"placement_partition_number":true,"primary_network_interface_id":true,"private_dns":true,"private_dns_name_options":true,"private_ip":true,"public_dns":true,"public_ip":true,"root_block_device":true,"secondary_private_ips":true,"security_groups":true,"spot_instance_request_id":true,"subnet_id":true,"tags":{},"tags_all":{},"tenancy":true,"user_data":true,"user_data_base64":true,"vpc_security_group_ids":true},"before_sensitive":false,"after_sensitive":{"ami":true,"capacity_reservation_specification":[],"cpu_options":[],"credit_specification":[],"ebs_block_device":[],"enclave_options":[],"ephemeral_block_device":[],"instance_market_options":[],"ipv6_addresses":[],"launch_template":[],"maintenance_options":[],"metadata_options":[],"network_interface":[],"private_dns_name_options":[],"root_block_device":[],"secondary_private_ips":[],"security_groups":[],"tags":{},"tags_all":{},"vpc_security_group_ids":[]}}},{"address":"aws_internet_gateway.igw","mode":"managed","type":"aws_internet_gateway","name":"igw","provider_name":"registry.terraform.io/hashicorp/aws","change":{"actions":["create"],"before":null,"after":{"tags":null,"timeouts":null},"after_unknown":{"arn":true,"id":true,"owner_id":true,"tags_all":true,"vpc_id":true},"before_sensitive":false,"after_sensitive":{"tags_all":{}}}},{"address":"aws_internet_gateway.igw_ncalifornia","mode":"managed","type":"aws_internet_gateway","name":"igw_ncalifornia","provider_name":"registry.terraform.io/hashicorp/aws","change":{"actions":["create"],"before":null,"after":{"tags":null,"timeouts":null},"after_unknown":{"arn":true,"id":true,"owner_id":true,"tags_all":true,"vpc_id":true},"before_sensitive":false,"after_sensitive":{"tags_all":{}}}},{"address":"aws_key_pair.master-key","mode":"managed","type":"aws_key_pair","name":"master-key","provider_name":"registry.terraform.io/hashicorp/aws","change":{"actions":["create"],"before":null,"after":{"key_name":"jenkins","public_key":"ssh-rsa AAAAB3NzaC1yc2EAAAADAQABAAABgQDkbJGQxwMCUrePJeqL2640ixK70E0/O+W57feubUrmwLsIdCYKdJuOGLcayu3iY/fuAyL/5JiKNvkfr28oGpyVWrBz/Ow+op23sIPwC8x865Tu5MzRnzN2yHF66TUp3wm/6xMBSZt4ZjUIpRTgQZle8j0SB95+4CCzWBAZ48wQRzfSrgTPUGX81YoH5JIlL6ICJKJYuKjKEYpJGHYNobRaSTRA83rp4RLAqkOHvtPCj2ht040yrC2TLrl/4qCzE+HOc/1XhJxRNryjSnX7JpkXI6wd8AqNDt58TZkhJwnpcdPWw4fLLyNVy2Vq+wlUcXsTg+/eqWcNOBcLNJaQbZMZ3x1JPjxhejYHKFbpVa8E9posNwa7dyAJiXyh9IZcVeDQXgGZ6nJgjsOhy1iuVHOJgzbe4l9l5re7EnDp681ktkfaokT5eZ/ttdTC2VVKyL46+z9qA3qxYlHB5FSa3zp8ZstENYYiiqhVHU/OO/2xjPicUOiFKMV7Y4s7fV8yqBE= dlambert@TourMatters-02","tags":null},"after_unknown":{"arn":true,"fingerprint":true,"id":true,"key_name_prefix":true,"key_pair_id":true,"key_type":true,"tags_all":true},"before_sensitive":false,"after_sensitive":{"tags_all":{}}}},{"address":"aws_key_pair.worker-key","mode":"managed","type":"aws_key_pair","name":"worker-key","provider_name":"registry.terraform.io/hashicorp/aws","change":{"actions":["create"],"before":null,"after":{"key_name":"jenkins","public_key":"ssh-rsa AAAAB3NzaC1yc2EAAAADAQABAAABgQDkbJGQxwMCUrePJeqL2640ixK70E0/O+W57feubUrmwLsIdCYKdJuOGLcayu3iY/fuAyL/5JiKNvkfr28oGpyVWrBz/Ow+op23sIPwC8x865Tu5MzRnzN2yHF66TUp3wm/6xMBSZt4ZjUIpRTgQZle8j0SB95+4CCzWBAZ48wQRzfSrgTPUGX81YoH5JIlL6ICJKJYuKjKEYpJGHYNobRaSTRA83rp4RLAqkOHvtPCj2ht040yrC2TLrl/4qCzE+HOc/1XhJxRNryjSnX7JpkXI6wd8AqNDt58TZkhJwnpcdPWw4fLLyNVy2Vq+wlUcXsTg+/eqWcNOBcLNJaQbZMZ3x1JPjxhejYHKFbpVa8E9posNwa7dyAJiXyh9IZcVeDQXgGZ6nJgjsOhy1iuVHOJgzbe4l9l5re7EnDp681ktkfaokT5eZ/ttdTC2VVKyL46+z9qA3qxYlHB5FSa3zp8ZstENYYiiqhVHU/OO/2xjPicUOiFKMV7Y4s7fV8yqBE= dlambert@TourMatters-02","tags":null},"after_unknown":{"arn":true,"fingerprint":true,"id":true,"key_name_prefix":true,"key_pair_id":true,"key_type":true,"tags_all":true},"before_sensitive":false,"after_sensitive":{"tags_all":{}}}},{"address":"aws_main_route_table_association.set-master-default-rt-assoc","mode":"managed","type":"aws_main_route_table_association","name":"set-master-default-rt-assoc","provider_name":"registry.terraform.io/hashicorp/aws","change":{"actions":["create"],"before":null,"after":{"timeouts":null},"after_unknown":{"id":true,"original_route_table_id":true,"route_table_id":true,"vpc_id":true},"before_sensitive":false,"after_sensitive":{}}},{"address":"aws_main_route_table_association.set-worker-default-rt-assoc","mode":"managed","type":"aws_main_route_table_association","name":"set-worker-default-rt-assoc","provider_name":"registry.terraform.io/hashicorp/aws","change":{"actions":["create"],"before":null,"after":{"timeouts":null},"after_unknown":{"id":true,"original_route_table_id":true,"route_table_id":true,"vpc_id":true},"before_sensitive":false,"after_sensitive":{}}},{"address":"aws_route_table.internet_route","mode":"managed","type":"aws_route_table","name":"internet_route","provider_name":"registry.terraform.io/hashicorp/aws","change":{"actions":["create"],"before":null,"after":{"route":[{"carrier_gateway_id":"","cidr_block":"0.0.0.0/0","core_network_arn":"","destination_prefix_list_id":"","egress_only_gateway_id":"","ipv6_cidr_block":"","local_gateway_id":"","nat_gateway_id":"","network_interface_id":"","transit_gateway_id":"","vpc_endpoint_id":"","vpc_peering_connection_id":""}],"tags":{"Name":"Master-Region-RT"},"tags_all":{"Name":"Master-Region-RT"},"timeouts":null},"after_unknown":{"arn":true,"id":true,"owner_id":true,"propagating_vgws":true,"route":[{"gateway_id":true}],"tags":{},"tags_all":{},"vpc_id":true},"before_sensitive":false,"after_sensitive":{"propagating_vgws":[],"route":[{}],"tags":{},"tags_all":{}}}},{"address":"aws_route_table.internet_route_ncalifornia","mode":"managed","type":"aws_route_table","name":"internet_route_ncalifornia","provider_name":"registry.terraform.io/hashicorp/aws","change":{"actions":["create"],"before":null,"after":{"route":[{"carrier_gateway_id":"","cidr_block":"0.0.0.0/0","core_network_arn":"","destination_prefix_list_id":"","egress_only_gateway_id":"","ipv6_cidr_block":"","local_gateway_id":"","nat_gateway_id":"","network_interface_id":"","transit_gateway_id":"","vpc_endpoint_id":"","vpc_peering_connection_id":""},{"carrier_gateway_id":"","cidr_block":"10.0.1.0/24","core_network_arn":"","destination_prefix_list_id":"","egress_only_gateway_id":"","gateway_id":"","ipv6_cidr_block":"","local_gateway_id":"","nat_gateway_id":"","network_interface_id":"","transit_gateway_id":"","vpc_endpoint_id":""}],"tags":{"Name":"Worker-Region-RT"},"tags_all":{"Name":"Worker-Region-RT"},"timeouts":null},"after_unknown":{"arn":true,"id":true,"owner_id":true,"propagating_vgws":true,"route":[{"gateway_id":true},{"vpc_peering_connection_id":true}],"tags":{},"tags_all":{},"vpc_id":true},"before_sensitive":false,"after_sensitive":{"propagating_vgws":[],"route":[{},{}],"tags":{},"tags_all":{}}}},{"address":"aws_security_group.jenkins-sg","mode":"managed","type":"aws_security_group","name":"jenkins-sg","provider_name":"registry.terraform.io/hashicorp/aws","change":{"actions":["create"],"before":null,"after":{"description":"Allow TCP/8080 \u0026 TCP/22","egress":[{"cidr_blocks":["0.0.0.0/0"],"description":"","from_port":0,"ipv6_cidr_blocks":[],"prefix_list_ids":[],"protocol":"-1","security_groups":[],"self":false,"to_port":0}],"ingress":[{"cidr_blocks":["0.0.0.0/0"],"description":"Allow 22 from our public IP","from_port":22,"ipv6_cidr_blocks":[],"prefix_list_ids":[],"protocol":"tcp","security_groups":[],"self":false,"to_port":22},{"cidr_blocks":["192.168.1.0/24"],"description":"allow traffic from us-west-1","from_port":0,"ipv6_cidr_blocks":[],"prefix_list_ids":[],"protocol":"-1","security_groups":[],"self":false,"to_port":0},{"cidr_blocks":[],"description":"allow anyone on port 8080","from_port":8080,"ipv6_cidr_blocks":[],"prefix_list_ids":[],"protocol":"tcp","self":false,"to_port":8080}],"name":"jenkins-sg","revoke_rules_on_delete":false,"tags":null,"timeouts":null},"after_unknown":{"arn":true,"egress":[{"cidr_blocks":[false],"ipv6_cidr_blocks":[],"prefix_list_ids":[],"security_groups":[]}],"id":true,"ingress":[{"cidr_blocks":[false],"ipv6_cidr_blocks":[],"prefix_list_ids":[],"security_groups":[]},{"cidr_blocks":[false],"ipv6_cidr_blocks":[],"prefix_list_ids":[],"security_groups":[]},{"cidr_blocks":[],"ipv6_cidr_blocks":[],"prefix_list_ids":[],"security_groups":true}],"name_prefix":true,"owner_id":true,"tags_all":true,"vpc_id":true},"before_sensitive":false,"after_sensitive":{"egress":[{"cidr_blocks":[false],"ipv6_cidr_blocks":[],"prefix_list_ids":[],"security_groups":[]}],"ingress":[{"cidr_blocks":[false],"ipv6_cidr_blocks":[],"prefix_list_ids":[],"security_groups":[]},{"cidr_blocks":[false],"ipv6_cidr_blocks":[],"prefix_list_ids":[],"security_groups":[]},{"cidr_blocks":[],"ipv6_cidr_blocks":[],"prefix_list_ids":[],"security_groups":[]}],"tags_all":{}}}},{"address":"aws_security_group.jenkins-sg-ncalifornia","mode":"managed","type":"aws_security_group","name":"jenkins-sg-ncalifornia","provider_name":"registry.terraform.io/hashicorp/aws","change":{"actions":["create"],"before":null,"after":{"description":"Allow TCP/8080 \u0026 TCP/22","egress":[{"cidr_blocks":["0.0.0.0/0"],"description":"","from_port":0,"ipv6_cidr_blocks":[],"prefix_list_ids":[],"protocol":"-1","security_groups":[],"self":false,"to_port":0}],"ingress":[{"cidr_blocks":["0.0.0.0/0"],"description":"Allow 22 from our public IP","from_port":22,"ipv6_cidr_blocks":[],"prefix_list_ids":[],"protocol":"tcp","security_groups":[],"self":false,"to_port":22},{"cidr_blocks":["10.0.1.0/24"],"description":"Allow traffic from us-east-1","from_port":0,"ipv6_cidr_blocks":[],"prefix_list_ids":[],"protocol":"-1","security_groups":[],"self":false,"to_port":0}],"name":"jenkins-sg-ncalifornia","revoke_rules_on_delete":false,"tags":null,"timeouts":null},"after_unknown":{"arn":true,"egress":[{"cidr_blocks":[false],"ipv6_cidr_blocks":[],"prefix_list_ids":[],"security_groups":[]}],"id":true,"ingress":[{"cidr_blocks":[false],"ipv6_cidr_blocks":[],"prefix_list_ids":[],"security_groups":[]},{"cidr_blocks":[false],"ipv6_cidr_blocks":[],"prefix_list_ids":[],"security_groups":[]}],"name_prefix":true,"owner_id":true,"tags_all":true,"vpc_id":true},"before_sensitive":false,"after_sensitive":{"egress":[{"cidr_blocks":[false],"ipv6_cidr_blocks":[],"prefix_list_ids":[],"security_groups":[]}],"ingress":[{"cidr_blocks":[false],"ipv6_cidr_blocks":[],"prefix_list_ids":[],"security_groups":[]},{"cidr_blocks":[false],"ipv6_cidr_blocks":[],"prefix_list_ids":[],"security_groups":[]}],"tags_all":{}}}},{"address":"aws_security_group.lb-sg","mode":"managed","type":"aws_security_group","name":"lb-sg","provider_name":"registry.terraform.io/hashicorp/aws","change":{"actions":["create"],"before":null,"after":{"description":"Allow 443 and traffic to Jenkins SG","egress":[{"cidr_blocks":["0.0.0.0/0"],"description":"","from_port":0,"ipv6_cidr_blocks":[],"prefix_list_ids":[],"protocol":"-1","security_groups":[],"self":false,"to_port":0}],"ingress":[{"cidr_blocks":["0.0.0.0/0"],"description":"Allow 443 from anywhere","from_port":443,"ipv6_cidr_blocks":[],"prefix_list_ids":[],"protocol":"tcp","security_groups":[],"self":false,"to_port":443},{"cidr_blocks":["0.0.0.0/0"],"description":"Allow 80 from anywhere for redirection","from_port":80,"ipv6_cidr_blocks":[],"prefix_list_ids":[],"protocol":"tcp","security_groups":[],"self":false,"to_port":80}],"name":"lb-sg","revoke_rules_on_delete":false,"tags":null,"timeouts":null},"after_unknown":{"arn":true,"egress":[{"cidr_blocks":[false],"ipv6_cidr_blocks":[],"prefix_list_ids":[],"security_groups":[]}],"id":true,"ingress":[{"cidr_blocks":[false],"ipv6_cidr_blocks":[],"prefix_list_ids":[],"security_groups":[]},{"cidr_blocks":[false],"ipv6_cidr_blocks":[],"prefix_list_ids":[],"security_groups":[]}],"name_prefix":true,"owner_id":true,"tags_all":true,"vpc_id":true},"before_sensitive":false,"after_sensitive":{"egress":[{"cidr_blocks":[false],"ipv6_cidr_blocks":[],"prefix_list_ids":[],"security_groups":[]}],"ingress":[{"cidr_blocks":[false],"ipv6_cidr_blocks":[],"prefix_list_ids":[],"security_groups":[]},{"cidr_blocks":[false],"ipv6_cidr_blocks":[],"prefix_list_ids":[],"security_groups":[]}],"tags_all":{}}}},{"address":"aws_subnet.subnet_1","mode":"managed","type":"aws_subnet","name":"subnet_1","provider_name":"registry.terraform.io/hashicorp/aws","change":{"actions":["create"],"before":null,"after":{"assign_ipv6_address_on_creation":false,"availability_zone":"us-east-1a","cidr_block":"10.0.1.0/24","customer_owned_ipv4_pool":null,"enable_dns64":false,"enable_lni_at_device_index":null,"enable_resource_name_dns_a_record_on_launch":false,"enable_resource_name_dns_aaaa_record_on_launch":false,"ipv6_cidr_block":null,"ipv6_native":false,"map_customer_owned_ip_on_launch":null,"map_public_ip_on_launch":false,"outpost_arn":null,"tags":null,"timeouts":null},"after_unknown":{"arn":true,"availability_zone_id":true,"id":true,"ipv6_cidr_block_association_id":true,"owner_id":true,"private_dns_hostname_type_on_launch":true,"tags_all":true,"vpc_id":true},"before_sensitive":false,"after_sensitive":{"tags_all":{}}}},{"address":"aws_subnet.subnet_1_ncalifornia","mode":"managed","type":"aws_subnet","name":"subnet_1_ncalifornia","provider_name":"registry.terraform.io/hashicorp/aws","change":{"actions":["create"],"before":null,"after":{"assign_ipv6_address_on_creation":false,"cidr_block":"192.168.1.0/24","customer_owned_ipv4_pool":null,"enable_dns64":false,"enable_lni_at_device_index":null,"enable_resource_name_dns_a_record_on_launch":false,"enable_resource_name_dns_aaaa_record_on_launch":false,"ipv6_cidr_block":null,"ipv6_native":false,"map_customer_owned_ip_on_launch":null,"map_public_ip_on_launch":false,"outpost_arn":null,"tags":null,"timeouts":null},"after_unknown":{"arn":true,"availability_zone":true,"availability_zone_id":true,"id":true,"ipv6_cidr_block_association_id":true,"owner_id":true,"private_dns_hostname_type_on_launch":true,"tags_all":true,"vpc_id":true},"before_sensitive":false,"after_sensitive":{"tags_all":{}}}},{"address":"aws_subnet.subnet_2","mode":"managed","type":"aws_subnet","name":"subnet_2","provider_name":"registry.terraform.io/hashicorp/aws","change":{"actions":["create"],"before":null,"after":{"assign_ipv6_address_on_creation":false,"availability_zone":"us-east-1b","cidr_block":"10.0.2.0/24","customer_owned_ipv4_pool":null,"enable_dns64":false,"enable_lni_at_device_index":null,"enable_resource_name_dns_a_record_on_launch":false,"enable_resource_name_dns_aaaa_record_on_launch":false,"ipv6_cidr_block":null,"ipv6_native":false,"map_customer_owned_ip_on_launch":null,"map_public_ip_on_launch":false,"outpost_arn":null,"tags":null,"timeouts":null},"after_unknown":{"arn":true,"availability_zone_id":true,"id":true,"ipv6_cidr_block_association_id":true,"owner_id":true,"private_dns_hostname_type_on_launch":true,"tags_all":true,"vpc_id":true},"before_sensitive":false,"after_sensitive":{"tags_all":{}}}},{"address":"aws_vpc.vpc_master","mode":"managed","type":"aws_vpc","name":"vpc_master","provider_name":"registry.terraform.io/hashicorp/aws","change":{"actions":["create"],"before":null,"after":{"assign_generated_ipv6_cidr_block":null,"cidr_block":"10.0.0.0/16","enable_dns_hostnames":true,"enable_dns_support":true,"instance_tenancy":"default","ipv4_ipam_pool_id":null,"ipv4_netmask_length":null,"ipv6_ipam_pool_id":null,"ipv6_netmask_length":null,"tags":{"Name":"master-vpc-jenkins"},"tags_all":{"Name":"master-vpc-jenkins"}},"after_unknown":{"arn":true,"default_network_acl_id":true,"default_route_table_id":true,"default_security_group_id":true,"dhcp_options_id":true,"enable_network_address_usage_metrics":true,"id":true,"ipv6_association_id":true,"ipv6_cidr_block":true,"ipv6_cidr_block_network_border_group":true,"main_route_table_id":true,"owner_id":true,"tags":{},"tags_all":{}},"before_sensitive":false,"after_sensitive":{"tags":{},"tags_all":{}}}},{"address":"aws_vpc.vpc_master_ncalifornia","mode":"managed","type":"aws_vpc","name":"vpc_master_ncalifornia","provider_name":"registry.terraform.io/hashicorp/aws","change":{"actions":["create"],"before":null,"after":{"assign_generated_ipv6_cidr_block":null,"cidr_block":"192.168.0.0/16","enable_dns_hostnames":true,"enable_dns_support":true,"instance_tenancy":"default","ipv4_ipam_pool_id":null,"ipv4_netmask_length":null,"ipv6_ipam_pool_id":null,"ipv6_netmask_length":null,"tags":{"Name":"worker-vpc-jenkins"},"tags_all":{"Name":"worker-vpc-jenkins"}},"after_unknown":{"arn":true,"default_network_acl_id":true,"default_route_table_id":true,"default_security_group_id":true,"dhcp_options_id":true,"enable_network_address_usage_metrics":true,"id":true,"ipv6_association_id":true,"ipv6_cidr_block":true,"ipv6_cidr_block_network_border_group":true,"main_route_table_id":true,"owner_id":true,"tags":{},"tags_all":{}},"before_sensitive":false,"after_sensitive":{"tags":{},"tags_all":{}}}},{"address":"aws_vpc_peering_connection.useast1-uswest2","mode":"managed","type":"aws_vpc_peering_connection","name":"useast1-uswest2","provider_name":"registry.terraform.io/hashicorp/aws","change":{"actions":["create"],"before":null,"after":{"auto_accept":null,"peer_region":"us-west-1","tags":null,"timeouts":null},"after_unknown":{"accept_status":true,"accepter":true,"id":true,"peer_owner_id":true,"peer_vpc_id":true,"requester":true,"tags_all":true,"vpc_id":true},"before_sensitive":false,"after_sensitive":{"accepter":[],"requester":[],"tags_all":{}}}},{"address":"aws_vpc_peering_connection_accepter.accept_peering","mode":"managed","type":"aws_vpc_peering_connection_accepter","name":"accept_peering","provider_name":"registry.terraform.io/hashicorp/aws","change":{"actions":["create"],"before":null,"after":{"auto_accept":true,"tags":null,"timeouts":null},"after_unknown":{"accept_status":true,"accepter":true,"id":true,"peer_owner_id":true,"peer_region":true,"peer_vpc_id":true,"requester":true,"tags_all":true,"vpc_id":true,"vpc_peering_connection_id":true},"before_sensitive":false,"after_sensitive":{"accepter":[],"requester":[],"tags_all":{}}}}],"output_changes":{"Jenkins-Main-Node-Public-IP":{"actions":["create"],"before":null,"after_unknown":true,"before_sensitive":false,"after_sensitive":false},"Jenkins-Worker-Public-IPs":{"actions":["create"],"before":null,"after_unknown":true,"before_sensitive":false,"after_sensitive":false}},"prior_state":{"format_version":"1.0","terraform_version":"1.7.5","values":{"root_module":{"resources":[{"address":"data.aws_availability_zones.azs","mode":"data","type":"aws_availability_zones","name":"azs","provider_name":"registry.terraform.io/hashicorp/aws","schema_version":0,"values":{"all_availability_zones":null,"exclude_names":null,"exclude_zone_ids":null,"filter":null,"group_names":["us-east-1"],"id":"us-east-1","names":["us-east-1a","us-east-1b","us-east-1c","us-east-1d","us-east-1e","us-east-1f"],"state":"available","timeouts":null,"zone_ids":["use1-az4","use1-az6","use1-az1","use1-az2","use1-az3","use1-az5"]},"sensitive_values":{"group_names":[false],"names":[false,false,false,false,false,false],"zone_ids":[false,false,false,false,false,false]}},{"address":"data.aws_ssm_parameter.linuxAmi","mode":"data","type":"aws_ssm_parameter","name":"linuxAmi","provider_name":"registry.terraform.io/hashicorp/aws","schema_version":0,"values":{"arn":"arn:aws:ssm:us-east-1::parameter/aws/service/ami-amazon-linux-latest/amzn2-ami-hvm-x86_64-gp2","id":"/aws/service/ami-amazon-linux-latest/amzn2-ami-hvm-x86_64-gp2","insecure_value":"ami-0bef12ee7bc073414","name":"/aws/service/ami-amazon-linux-latest/amzn2-ami-hvm-x86_64-gp2","type":"String","value":"ami-0bef12ee7bc073414","version":109,"with_decryption":true},"sensitive_values":{"value":true}},{"address":"data.aws_ssm_parameter.linuxAmiNCalifornia","mode":"data","type":"aws_ssm_parameter","name":"linuxAmiNCalifornia","provider_name":"registry.terraform.io/hashicorp/aws","schema_version":0,"values":{"arn":"arn:aws:ssm:us-west-1::parameter/aws/service/ami-amazon-linux-latest/amzn2-ami-hvm-x86_64-gp2","id":"/aws/service/ami-amazon-linux-latest/amzn2-ami-hvm-x86_64-gp2","insecure_value":"ami-0a1f00141c669caab","name":"/aws/service/ami-amazon-linux-latest/amzn2-ami-hvm-x86_64-gp2","type":"String","value":"ami-0a1f00141c669caab","version":110,"with_decryption":true},"sensitive_values":{"value":true}}]}}},"configuration":{"provider_config":{"aws":{"name":"aws","full_name":"registry.terraform.io/hashicorp/aws"},"aws.region-master":{"name":"aws","full_name":"registry.terraform.io/hashicorp/aws","alias":"region-master","expressions":{"profile":{"references":["var.profile"]},"region":{"references":["var.region-master"]}}},"aws.region-worker":{"name":"aws","full_name":"registry.terraform.io/hashicorp/aws","alias":"region-worker","expressions":{"profile":{"references":["var.profile"]},"region":{"references":["var.region-worker"]}}}},"root_module":{"outputs":{"Jenkins-Main-Node-Public-IP":{"expression":{"references":["aws_instance.jenkins-master.public_ip","aws_instance.jenkins-master"]}},"Jenkins-Worker-Public-IPs":{"expression":{"references":["aws_instance.jenkins-worker-ncalifornia"]}}},"resources":[{"address":"aws_instance.jenkins-master","mode":"managed","type":"aws_instance","name":"jenkins-master","provider_config_key":"aws.region-master","expressions":{"ami":{"references":["data.aws_ssm_parameter.linuxAmi.value","data.aws_ssm_parameter.linuxAmi"]},"associate_public_ip_address":{"constant_value":true},"instance_type":{"references":["var.instance-type"]},"key_name":{"references":["aws_key_pair.master-key.key_name","aws_key_pair.master-key"]},"subnet_id":{"references":["aws_subnet.subnet_1.id","aws_subnet.subnet_1"]},"tags":{"constant_value":{"Name":"jenkins_master_tf"}},"vpc_security_group_ids":{"references":["aws_security_group.jenkins-sg.id","aws_security_group.jenkins-sg"]}},"schema_version":1,"depends_on":["aws_main_route_table_association.set-master-default-rt-assoc"]},{"address":"aws_instance.jenkins-worker-ncalifornia","mode":"managed","type":"aws_instance","name":"jenkins-worker-ncalifornia","provider_config_key":"aws.region-worker","expressions":{"ami":{"references":["data.aws_ssm_parameter.linuxAmiNCalifornia.value","data.aws_ssm_parameter.linuxAmiNCalifornia"]},"associate_public_ip_address":{"constant_value":true},"instance_type":{"references":["var.instance-type"]},"key_name":{"references":["aws_key_pair.worker-key.key_name","aws_key_pair.worker-key"]},"subnet_id":{"references":["aws_subnet.subnet_1_ncalifornia.id","aws_subnet.subnet_1_ncalifornia"]},"tags":{"references":["count.index"]},"vpc_security_group_ids":{"references":["aws_security_group.jenkins-sg-ncalifornia.id","aws_security_group.jenkins-sg-ncalifornia"]}},"schema_version":1,"count_expression":{"references":["var.worker-count"]},"depends_on":["aws_main_route_table_association.set-worker-default-rt-assoc","aws_instance.jenkins-master"]},{"address":"aws_internet_gateway.igw","mode":"managed","type":"aws_internet_gateway","name":"igw","provider_config_key":"aws.region-master","expressions":{"vpc_id":{"references":["aws_vpc.vpc_master.id","aws_vpc.vpc_master"]}},"schema_version":0},{"address":"aws_internet_gateway.igw_ncalifornia","mode":"managed","type":"aws_internet_gateway","name":"igw_ncalifornia","provider_config_key":"aws.region-worker","expressions":{"vpc_id":{"references":["aws_vpc.vpc_master_ncalifornia.id","aws_vpc.vpc_master_ncalifornia"]}},"schema_version":0},{"address":"aws_key_pair.master-key","mode":"managed","type":"aws_key_pair","name":"master-key","provider_config_key":"aws.region-master","expressions":{"key_name":{"constant_value":"jenkins"},"public_key":{}},"schema_version":1},{"address":"aws_key_pair.worker-key","mode":"managed","type":"aws_key_pair","name":"worker-key","provider_config_key":"aws.region-worker","expressions":{"key_name":{"constant_value":"jenkins"},"public_key":{}},"schema_version":1},{"address":"aws_main_route_table_association.set-master-default-rt-assoc","mode":"managed","type":"aws_main_route_table_association","name":"set-master-default-rt-assoc","provider_config_key":"aws.region-master","expressions":{"route_table_id":{"references":["aws_route_table.internet_route.id","aws_route_table.internet_route"]},"vpc_id":{"references":["aws_vpc.vpc_master.id","aws_vpc.vpc_master"]}},"schema_version":0},{"address":"aws_main_route_table_association.set-worker-default-rt-assoc","mode":"managed","type":"aws_main_route_table_association","name":"set-worker-default-rt-assoc","provider_config_key":"aws.region-worker","expressions":{"route_table_id":{"references":["aws_route_table.internet_route_ncalifornia.id","aws_route_table.internet_route_ncalifornia"]},"vpc_id":{"references":["aws_vpc.vpc_master_ncalifornia.id","aws_vpc.vpc_master_ncalifornia"]}},"schema_version":0},{"address":"aws_route_table.internet_route","mode":"managed","type":"aws_route_table","name":"internet_route","provider_config_key":"aws.region-master","expressions":{"route":{"references":["aws_internet_gateway.igw.id","aws_internet_gateway.igw"]},"tags":{"constant_value":{"Name":"Master-Region-RT"}},"vpc_id":{"references":["aws_vpc.vpc_master.id","aws_vpc.vpc_master"]}},"schema_version":0},{"address":"aws_route_table.internet_route_ncalifornia","mode":"managed","type":"aws_route_table","name":"internet_route_ncalifornia","provider_config_key":"aws.region-worker","expressions":{"route":{"references":["aws_internet_gateway.igw_ncalifornia.id","aws_internet_gateway.igw_ncalifornia","aws_vpc_peering_connection.useast1-uswest2.id","aws_vpc_peering_connection.useast1-uswest2"]},"tags":{"constant_value":{"Name":"Worker-Region-RT"}},"vpc_id":{"references":["aws_vpc.vpc_master_ncalifornia.id","aws_vpc.vpc_master_ncalifornia"]}},"schema_version":0},{"address":"aws_security_group.jenkins-sg","mode":"managed","type":"aws_security_group","name":"jenkins-sg","provider_config_key":"aws.region-master","expressions":{"description":{"constant_value":"Allow TCP/8080 \u0026 TCP/22"},"egress":{"constant_value":[{"cidr_blocks":["0.0.0.0/0"],"description":null,"from_port":0,"ipv6_cidr_blocks":null,"prefix_list_ids":null,"protocol":"-1","security_groups":null,"self":null,"to_port":0}]},"ingress":{"references":["var.external_ip","aws_security_group.lb-sg.id","aws_security_group.lb-sg"]},"name":{"constant_value":"jenkins-sg"},"vpc_id":{"references":["aws_vpc.vpc_master.id","aws_vpc.vpc_master"]}},"schema_version":1},{"address":"aws_security_group.jenkins-sg-ncalifornia","mode":"managed","type":"aws_security_group","name":"jenkins-sg-ncalifornia","provider_config_key":"aws.region-worker","expressions":{"description":{"constant_value":"Allow TCP/8080 \u0026 TCP/22"},"egress":{"constant_value":[{"cidr_blocks":["0.0.0.0/0"],"description":null,"from_port":0,"ipv6_cidr_blocks":null,"prefix_list_ids":null,"protocol":"-1","security_groups":null,"self":null,"to_port":0}]},"ingress":{"references":["var.external_ip"]},"name":{"constant_value":"jenkins-sg-ncalifornia"}},"schema_version":1},{"address":"aws_security_group.lb-sg","mode":"managed","type":"aws_security_group","name":"lb-sg","provider_config_key":"aws.region-master","expressions":{"description":{"constant_value":"Allow 443 and traffic to Jenkins SG"},"egress":{"constant_value":[{"cidr_blocks":["0.0.0.0/0"],"description":null,"from_port":0,"ipv6_cidr_blocks":null,"prefix_list_ids":null,"protocol":"-1","security_groups":null,"self":null,"to_port":0}]},"ingress":{"constant_value":[{"cidr_blocks":["0.0.0.0/0"],"description":"Allow 443 from anywhere","from_port":443,"ipv6_cidr_blocks":null,"prefix_list_ids":null,"protocol":"tcp","security_groups":null,"self":null,"to_port":443},{"cidr_blocks":["0.0.0.0/0"],"description":"Allow 80 from anywhere for redirection","from_port":80,"ipv6_cidr_blocks":null,"prefix_list_ids":null,"protocol":"tcp","security_groups":null,"self":null,"to_port":80}]},"name":{"constant_value":"lb-sg"},"vpc_id":{"references":["aws_vpc.vpc_master.id","aws_vpc.vpc_master"]}},"schema_version":1},{"address":"aws_subnet.subnet_1","mode":"managed","type":"aws_subnet","name":"subnet_1","provider_config_key":"aws.region-master","expressions":{"availability_zone":{"references":["data.aws_availability_zones.azs.names","data.aws_availability_zones.azs"]},"cidr_block":{"constant_value":"10.0.1.0/24"},"vpc_id":{"references":["aws_vpc.vpc_master.id","aws_vpc.vpc_master"]}},"schema_version":1},{"address":"aws_subnet.subnet_1_ncalifornia","mode":"managed","type":"aws_subnet","name":"subnet_1_ncalifornia","provider_config_key":"aws.region-worker","expressions":{"cidr_block":{"constant_value":"192.168.1.0/24"},"vpc_id":{"references":["aws_vpc.vpc_master_ncalifornia.id","aws_vpc.vpc_master_ncalifornia"]}},"schema_version":1},{"address":"aws_subnet.subnet_2","mode":"managed","type":"aws_subnet","name":"subnet_2","provider_config_key":"aws.region-master","expressions":{"availability_zone":{"references":["data.aws_availability_zones.azs.names","data.aws_availability_zones.azs"]},"cidr_block":{"constant_value":"10.0.2.0/24"},"vpc_id":{"references":["aws_vpc.vpc_master.id","aws_vpc.vpc_master"]}},"schema_version":1},{"address":"aws_vpc.vpc_master","mode":"managed","type":"aws_vpc","name":"vpc_master","provider_config_key":"aws.region-master","expressions":{"cidr_block":{"constant_value":"10.0.0.0/16"},"enable_dns_hostnames":{"constant_value":true},"enable_dns_support":{"constant_value":true},"tags":{"constant_value":{"Name":"master-vpc-jenkins"}}},"schema_version":1},{"address":"aws_vpc.vpc_master_ncalifornia","mode":"managed","type":"aws_vpc","name":"vpc_master_ncalifornia","provider_config_key":"aws.region-worker","expressions":{"cidr_block":{"constant_value":"192.168.0.0/16"},"enable_dns_hostnames":{"constant_value":true},"enable_dns_support":{"constant_value":true},"tags":{"constant_value":{"Name":"worker-vpc-jenkins"}}},"schema_version":1},{"address":"aws_vpc_peering_connection.useast1-uswest2","mode":"managed","type":"aws_vpc_peering_connection","name":"useast1-uswest2","provider_config_key":"aws.region-master","expressions":{"peer_region":{"references":["var.region-worker"]},"peer_vpc_id":{"references":["aws_vpc.vpc_master_ncalifornia.id","aws_vpc.vpc_master_ncalifornia"]},"vpc_id":{"references":["aws_vpc.vpc_master.id","aws_vpc.vpc_master"]}},"schema_version":0},{"address":"aws_vpc_peering_connection_accepter.accept_peering","mode":"managed","type":"aws_vpc_peering_connection_accepter","name":"accept_peering","provider_config_key":"aws.region-worker","expressions":{"auto_accept":{"constant_value":true},"vpc_peering_connection_id":{"references":["aws_vpc_peering_connection.useast1-uswest2.id","aws_vpc_peering_connection.useast1-uswest2"]}},"schema_version":0},{"address":"data.aws_availability_zones.azs","mode":"data","type":"aws_availability_zones","name":"azs","provider_config_key":"aws.region-master","expressions":{"state":{"constant_value":"available"}},"schema_version":0},{"address":"data.aws_ssm_parameter.linuxAmi","mode":"data","type":"aws_ssm_parameter","name":"linuxAmi","provider_config_key":"aws.region-master","expressions":{"name":{"constant_value":"/aws/service/ami-amazon-linux-latest/amzn2-ami-hvm-x86_64-gp2"}},"schema_version":0},{"address":"data.aws_ssm_parameter.linuxAmiNCalifornia","mode":"data","type":"aws_ssm_parameter","name":"linuxAmiNCalifornia","provider_config_key":"aws.region-worker","expressions":{"name":{"constant_value":"/aws/service/ami-amazon-linux-latest/amzn2-ami-hvm-x86_64-gp2"}},"schema_version":0}],"variables":{"external_ip":{"default":"0.0.0.0/0"},"instance-type":{"default":"t3.micro"},"profile":{"default":"default"},"region-master":{"default":"us-east-1"},"region-worker":{"default":"us-west-1"},"worker-count":{"default":1}}}},"relevant_attributes":[{"resource":"aws_vpc.vpc_master","attribute":["id"]},{"resource":"aws_vpc_peering_connection.useast1-uswest2","attribute":["id"]},{"resource":"aws_route_table.internet_route_ncalifornia","attribute":["id"]},{"resource":"data.aws_ssm_parameter.linuxAmiNCalifornia","attribute":["value"]},{"resource":"aws_instance.jenkins-master","attribute":["public_ip"]},{"resource":"aws_route_table.internet_route","attribute":["id"]},{"resource":"aws_vpc.vpc_master_ncalifornia","attribute":["id"]},{"resource":"data.aws_ssm_parameter.linuxAmi","attribute":["value"]},{"resource":"aws_key_pair.master-key","attribute":["key_name"]},{"resource":"aws_instance.jenkins-worker-ncalifornia","attribute":[]},{"resource":"aws_internet_gateway.igw","attribute":["id"]},{"resource":"aws_security_group.lb-sg","attribute":["id"]},{"resource":"data.aws_availability_zones.azs","attribute":["names"]},{"resource":"aws_security_group.jenkins-sg-ncalifornia","attribute":["id"]},{"resource":"aws_subnet.subnet_1_ncalifornia","attribute":["id"]},{"resource":"aws_internet_gateway.igw_ncalifornia","attribute":["id"]},{"resource":"aws_security_group.jenkins-sg","attribute":["id"]},{"resource":"aws_subnet.subnet_1","attribute":["id"]},{"resource":"aws_key_pair.worker-key","attribute":["key_name"]}],"timestamp":"2024-03-21T17:18:42Z","errored":false}
