{
    "format_version": "1.2",
    "terraform_version": "1.7.5",
    "variables": {
        "external_ip": {
            "value": "0.0.0.0/0"
        },
        "profile": {
            "value": "default"
        },
        "region-master": {
            "value": "us-east-1"
        },
        "region-worker": {
            "value": "us-west-1"
        }
    },
    "planned_values": {
        "root_module": {
            "resources": [
                {
                    "address": "aws_internet_gateway.igw",
                    "mode": "managed",
                    "type": "aws_internet_gateway",
                    "name": "igw",
                    "provider_name": "registry.terraform.io/hashicorp/aws",
                    "schema_version": 0,
                    "values": {
                        "arn": "arn:aws:ec2:us-east-1:590183772072:internet-gateway/igw-06f10ce2f9afdb06e",
                        "id": "igw-06f10ce2f9afdb06e",
                        "owner_id": "590183772072",
                        "tags": {},
                        "tags_all": {},
                        "timeouts": null,
                        "vpc_id": "vpc-067076a4e75a535c4"
                    },
                    "sensitive_values": {
                        "tags": {},
                        "tags_all": {}
                    }
                },
                {
                    "address": "aws_internet_gateway.igw_oregon",
                    "mode": "managed",
                    "type": "aws_internet_gateway",
                    "name": "igw_oregon",
                    "provider_name": "registry.terraform.io/hashicorp/aws",
                    "schema_version": 0,
                    "values": {
                        "arn": "arn:aws:ec2:us-west-1:590183772072:internet-gateway/igw-0c1cbff5b9d815f6f",
                        "id": "igw-0c1cbff5b9d815f6f",
                        "owner_id": "590183772072",
                        "tags": {},
                        "tags_all": {},
                        "timeouts": null,
                        "vpc_id": "vpc-086ef869df4c9f603"
                    },
                    "sensitive_values": {
                        "tags": {},
                        "tags_all": {}
                    }
                },
                {
                    "address": "aws_main_route_table_association.set-master-default-rt-aws_main_route_table_association",
                    "mode": "managed",
                    "type": "aws_main_route_table_association",
                    "name": "set-master-default-rt-aws_main_route_table_association",
                    "provider_name": "registry.terraform.io/hashicorp/aws",
                    "schema_version": 0,
                    "values": {
                        "id": "rtbassoc-038f802c441f635f3",
                        "original_route_table_id": "rtb-026a1f70147929ad4",
                        "route_table_id": "rtb-02ecfbd188226a631",
                        "timeouts": null,
                        "vpc_id": "vpc-067076a4e75a535c4"
                    },
                    "sensitive_values": {}
                },
                {
                    "address": "aws_main_route_table_association.set-worker-default-rt-ssoc",
                    "mode": "managed",
                    "type": "aws_main_route_table_association",
                    "name": "set-worker-default-rt-ssoc",
                    "provider_name": "registry.terraform.io/hashicorp/aws",
                    "schema_version": 0,
                    "values": {
                        "id": "rtbassoc-026b3d008a1cb06ff",
                        "original_route_table_id": "rtb-022028ee00a591695",
                        "route_table_id": "rtb-0ba3c9e049ec16b8a",
                        "timeouts": null,
                        "vpc_id": "vpc-086ef869df4c9f603"
                    },
                    "sensitive_values": {}
                },
                {
                    "address": "aws_route_table.internet_route",
                    "mode": "managed",
                    "type": "aws_route_table",
                    "name": "internet_route",
                    "provider_name": "registry.terraform.io/hashicorp/aws",
                    "schema_version": 0,
                    "values": {
                        "arn": "arn:aws:ec2:us-east-1:590183772072:route-table/rtb-02ecfbd188226a631",
                        "id": "rtb-02ecfbd188226a631",
                        "owner_id": "590183772072",
                        "propagating_vgws": [],
                        "route": [
                            {
                                "carrier_gateway_id": "",
                                "cidr_block": "0.0.0.0/0",
                                "core_network_arn": "",
                                "destination_prefix_list_id": "",
                                "egress_only_gateway_id": "",
                                "gateway_id": "igw-06f10ce2f9afdb06e",
                                "ipv6_cidr_block": "",
                                "local_gateway_id": "",
                                "nat_gateway_id": "",
                                "network_interface_id": "",
                                "transit_gateway_id": "",
                                "vpc_endpoint_id": "",
                                "vpc_peering_connection_id": ""
                            }
                        ],
                        "tags": {
                            "Name": "Master-Region-RT"
                        },
                        "tags_all": {
                            "Name": "Master-Region-RT"
                        },
                        "timeouts": null,
                        "vpc_id": "vpc-067076a4e75a535c4"
                    },
                    "sensitive_values": {
                        "propagating_vgws": [],
                        "route": [
                            {}
                        ],
                        "tags": {},
                        "tags_all": {}
                    }
                },
                {
                    "address": "aws_route_table.internet_route_oregon",
                    "mode": "managed",
                    "type": "aws_route_table",
                    "name": "internet_route_oregon",
                    "provider_name": "registry.terraform.io/hashicorp/aws",
                    "schema_version": 0,
                    "values": {
                        "arn": "arn:aws:ec2:us-west-1:590183772072:route-table/rtb-0ba3c9e049ec16b8a",
                        "id": "rtb-0ba3c9e049ec16b8a",
                        "owner_id": "590183772072",
                        "propagating_vgws": [],
                        "route": [
                            {
                                "carrier_gateway_id": "",
                                "cidr_block": "0.0.0.0/0",
                                "core_network_arn": "",
                                "destination_prefix_list_id": "",
                                "egress_only_gateway_id": "",
                                "gateway_id": "igw-0c1cbff5b9d815f6f",
                                "ipv6_cidr_block": "",
                                "local_gateway_id": "",
                                "nat_gateway_id": "",
                                "network_interface_id": "",
                                "transit_gateway_id": "",
                                "vpc_endpoint_id": "",
                                "vpc_peering_connection_id": ""
                            },
                            {
                                "carrier_gateway_id": "",
                                "cidr_block": "10.0.1.0/24",
                                "core_network_arn": "",
                                "destination_prefix_list_id": "",
                                "egress_only_gateway_id": "",
                                "gateway_id": "",
                                "ipv6_cidr_block": "",
                                "local_gateway_id": "",
                                "nat_gateway_id": "",
                                "network_interface_id": "",
                                "transit_gateway_id": "",
                                "vpc_endpoint_id": "",
                                "vpc_peering_connection_id": "pcx-0010adb742f60f12a"
                            }
                        ],
                        "tags": {
                            "Name": "Worker-Region-RT"
                        },
                        "tags_all": {
                            "Name": "Worker-Region-RT"
                        },
                        "timeouts": null,
                        "vpc_id": "vpc-086ef869df4c9f603"
                    },
                    "sensitive_values": {
                        "propagating_vgws": [],
                        "route": [
                            {},
                            {}
                        ],
                        "tags": {},
                        "tags_all": {}
                    }
                },
                {
                    "address": "aws_security_group.jenkins-sg",
                    "mode": "managed",
                    "type": "aws_security_group",
                    "name": "jenkins-sg",
                    "provider_name": "registry.terraform.io/hashicorp/aws",
                    "schema_version": 1,
                    "values": {
                        "description": "Allow TCP/8080 \u0026 TCP/22",
                        "egress": [
                            {
                                "cidr_blocks": [
                                    "0.0.0.0/0"
                                ],
                                "description": "",
                                "from_port": 0,
                                "ipv6_cidr_blocks": [],
                                "prefix_list_ids": [],
                                "protocol": "-1",
                                "security_groups": [],
                                "self": false,
                                "to_port": 0
                            }
                        ],
                        "ingress": [
                            {
                                "cidr_blocks": [
                                    "0.0.0.0/0"
                                ],
                                "description": "Allow 22 from our public IP",
                                "from_port": 22,
                                "ipv6_cidr_blocks": [],
                                "prefix_list_ids": [],
                                "protocol": "tcp",
                                "security_groups": [],
                                "self": false,
                                "to_port": 22
                            },
                            {
                                "cidr_blocks": [
                                    "192.168.1.0/24"
                                ],
                                "description": "allow traffic from us-west-2",
                                "from_port": 0,
                                "ipv6_cidr_blocks": [],
                                "prefix_list_ids": [],
                                "protocol": "-1",
                                "security_groups": [],
                                "self": false,
                                "to_port": 0
                            },
                            {
                                "cidr_blocks": [],
                                "description": "allow anyone on port 8080",
                                "from_port": 8080,
                                "ipv6_cidr_blocks": [],
                                "prefix_list_ids": [],
                                "protocol": "tcp",
                                "self": false,
                                "to_port": 8080
                            }
                        ],
                        "name": "jenkins-sg",
                        "revoke_rules_on_delete": false,
                        "tags": null,
                        "timeouts": null,
                        "vpc_id": "vpc-067076a4e75a535c4"
                    },
                    "sensitive_values": {
                        "egress": [
                            {
                                "cidr_blocks": [
                                    false
                                ],
                                "ipv6_cidr_blocks": [],
                                "prefix_list_ids": [],
                                "security_groups": []
                            }
                        ],
                        "ingress": [
                            {
                                "cidr_blocks": [
                                    false
                                ],
                                "ipv6_cidr_blocks": [],
                                "prefix_list_ids": [],
                                "security_groups": []
                            },
                            {
                                "cidr_blocks": [
                                    false
                                ],
                                "ipv6_cidr_blocks": [],
                                "prefix_list_ids": [],
                                "security_groups": []
                            },
                            {
                                "cidr_blocks": [],
                                "ipv6_cidr_blocks": [],
                                "prefix_list_ids": [],
                                "security_groups": []
                            }
                        ],
                        "tags_all": {}
                    }
                },
                {
                    "address": "aws_security_group.jenkins-sg-ncalifornia",
                    "mode": "managed",
                    "type": "aws_security_group",
                    "name": "jenkins-sg-ncalifornia",
                    "provider_name": "registry.terraform.io/hashicorp/aws",
                    "schema_version": 1,
                    "values": {
                        "description": "Allow TCP/8080 \u0026 TCP/22",
                        "egress": [
                            {
                                "cidr_blocks": [
                                    "0.0.0.0/0"
                                ],
                                "description": "",
                                "from_port": 0,
                                "ipv6_cidr_blocks": [],
                                "prefix_list_ids": [],
                                "protocol": "-1",
                                "security_groups": [],
                                "self": false,
                                "to_port": 0
                            }
                        ],
                        "ingress": [
                            {
                                "cidr_blocks": [
                                    "0.0.0.0/0"
                                ],
                                "description": "Allow 22 from our public IP",
                                "from_port": 22,
                                "ipv6_cidr_blocks": [],
                                "prefix_list_ids": [],
                                "protocol": "tcp",
                                "security_groups": [],
                                "self": false,
                                "to_port": 22
                            },
                            {
                                "cidr_blocks": [
                                    "10.0.1.0/24"
                                ],
                                "description": "Allow traffic from us-east-1",
                                "from_port": 0,
                                "ipv6_cidr_blocks": [],
                                "prefix_list_ids": [],
                                "protocol": "-1",
                                "security_groups": [],
                                "self": false,
                                "to_port": 0
                            }
                        ],
                        "name": "jenkins-sg-ncalifornia",
                        "revoke_rules_on_delete": false,
                        "tags": null,
                        "timeouts": null
                    },
                    "sensitive_values": {
                        "egress": [
                            {
                                "cidr_blocks": [
                                    false
                                ],
                                "ipv6_cidr_blocks": [],
                                "prefix_list_ids": [],
                                "security_groups": []
                            }
                        ],
                        "ingress": [
                            {
                                "cidr_blocks": [
                                    false
                                ],
                                "ipv6_cidr_blocks": [],
                                "prefix_list_ids": [],
                                "security_groups": []
                            },
                            {
                                "cidr_blocks": [
                                    false
                                ],
                                "ipv6_cidr_blocks": [],
                                "prefix_list_ids": [],
                                "security_groups": []
                            }
                        ],
                        "tags_all": {}
                    }
                },
                {
                    "address": "aws_security_group.lb-sg",
                    "mode": "managed",
                    "type": "aws_security_group",
                    "name": "lb-sg",
                    "provider_name": "registry.terraform.io/hashicorp/aws",
                    "schema_version": 1,
                    "values": {
                        "description": "Allow 443 and traffic to Jenkins SG",
                        "egress": [
                            {
                                "cidr_blocks": [
                                    "0.0.0.0/0"
                                ],
                                "description": "",
                                "from_port": 0,
                                "ipv6_cidr_blocks": [],
                                "prefix_list_ids": [],
                                "protocol": "-1",
                                "security_groups": [],
                                "self": false,
                                "to_port": 0
                            }
                        ],
                        "ingress": [
                            {
                                "cidr_blocks": [
                                    "0.0.0.0/0"
                                ],
                                "description": "Allow 443 from anywhere",
                                "from_port": 443,
                                "ipv6_cidr_blocks": [],
                                "prefix_list_ids": [],
                                "protocol": "tcp",
                                "security_groups": [],
                                "self": false,
                                "to_port": 443
                            },
                            {
                                "cidr_blocks": [
                                    "0.0.0.0/0"
                                ],
                                "description": "Allow 80 from anywhere for redirection",
                                "from_port": 80,
                                "ipv6_cidr_blocks": [],
                                "prefix_list_ids": [],
                                "protocol": "tcp",
                                "security_groups": [],
                                "self": false,
                                "to_port": 80
                            }
                        ],
                        "name": "lb-sg",
                        "revoke_rules_on_delete": false,
                        "tags": null,
                        "timeouts": null,
                        "vpc_id": "vpc-067076a4e75a535c4"
                    },
                    "sensitive_values": {
                        "egress": [
                            {
                                "cidr_blocks": [
                                    false
                                ],
                                "ipv6_cidr_blocks": [],
                                "prefix_list_ids": [],
                                "security_groups": []
                            }
                        ],
                        "ingress": [
                            {
                                "cidr_blocks": [
                                    false
                                ],
                                "ipv6_cidr_blocks": [],
                                "prefix_list_ids": [],
                                "security_groups": []
                            },
                            {
                                "cidr_blocks": [
                                    false
                                ],
                                "ipv6_cidr_blocks": [],
                                "prefix_list_ids": [],
                                "security_groups": []
                            }
                        ],
                        "tags_all": {}
                    }
                },
                {
                    "address": "aws_subnet.subnet_1",
                    "mode": "managed",
                    "type": "aws_subnet",
                    "name": "subnet_1",
                    "provider_name": "registry.terraform.io/hashicorp/aws",
                    "schema_version": 1,
                    "values": {
                        "arn": "arn:aws:ec2:us-east-1:590183772072:subnet/subnet-00f759ad83b54551d",
                        "assign_ipv6_address_on_creation": false,
                        "availability_zone": "us-east-1a",
                        "availability_zone_id": "use1-az4",
                        "cidr_block": "10.0.1.0/24",
                        "customer_owned_ipv4_pool": "",
                        "enable_dns64": false,
                        "enable_lni_at_device_index": 0,
                        "enable_resource_name_dns_a_record_on_launch": false,
                        "enable_resource_name_dns_aaaa_record_on_launch": false,
                        "id": "subnet-00f759ad83b54551d",
                        "ipv6_cidr_block": "",
                        "ipv6_cidr_block_association_id": "",
                        "ipv6_native": false,
                        "map_customer_owned_ip_on_launch": false,
                        "map_public_ip_on_launch": false,
                        "outpost_arn": "",
                        "owner_id": "590183772072",
                        "private_dns_hostname_type_on_launch": "ip-name",
                        "tags": {},
                        "tags_all": {},
                        "timeouts": null,
                        "vpc_id": "vpc-067076a4e75a535c4"
                    },
                    "sensitive_values": {
                        "tags": {},
                        "tags_all": {}
                    }
                },
                {
                    "address": "aws_subnet.subnet_1_oregon",
                    "mode": "managed",
                    "type": "aws_subnet",
                    "name": "subnet_1_oregon",
                    "provider_name": "registry.terraform.io/hashicorp/aws",
                    "schema_version": 1,
                    "values": {
                        "arn": "arn:aws:ec2:us-west-1:590183772072:subnet/subnet-01dfc22a70307452e",
                        "assign_ipv6_address_on_creation": false,
                        "availability_zone": "us-west-1b",
                        "availability_zone_id": "usw1-az3",
                        "cidr_block": "192.168.1.0/24",
                        "customer_owned_ipv4_pool": "",
                        "enable_dns64": false,
                        "enable_lni_at_device_index": 0,
                        "enable_resource_name_dns_a_record_on_launch": false,
                        "enable_resource_name_dns_aaaa_record_on_launch": false,
                        "id": "subnet-01dfc22a70307452e",
                        "ipv6_cidr_block": "",
                        "ipv6_cidr_block_association_id": "",
                        "ipv6_native": false,
                        "map_customer_owned_ip_on_launch": false,
                        "map_public_ip_on_launch": false,
                        "outpost_arn": "",
                        "owner_id": "590183772072",
                        "private_dns_hostname_type_on_launch": "ip-name",
                        "tags": {},
                        "tags_all": {},
                        "timeouts": null,
                        "vpc_id": "vpc-086ef869df4c9f603"
                    },
                    "sensitive_values": {
                        "tags": {},
                        "tags_all": {}
                    }
                },
                {
                    "address": "aws_subnet.subnet_2",
                    "mode": "managed",
                    "type": "aws_subnet",
                    "name": "subnet_2",
                    "provider_name": "registry.terraform.io/hashicorp/aws",
                    "schema_version": 1,
                    "values": {
                        "arn": "arn:aws:ec2:us-east-1:590183772072:subnet/subnet-0449b35dd895dbdc5",
                        "assign_ipv6_address_on_creation": false,
                        "availability_zone": "us-east-1b",
                        "availability_zone_id": "use1-az6",
                        "cidr_block": "10.0.2.0/24",
                        "customer_owned_ipv4_pool": "",
                        "enable_dns64": false,
                        "enable_lni_at_device_index": 0,
                        "enable_resource_name_dns_a_record_on_launch": false,
                        "enable_resource_name_dns_aaaa_record_on_launch": false,
                        "id": "subnet-0449b35dd895dbdc5",
                        "ipv6_cidr_block": "",
                        "ipv6_cidr_block_association_id": "",
                        "ipv6_native": false,
                        "map_customer_owned_ip_on_launch": false,
                        "map_public_ip_on_launch": false,
                        "outpost_arn": "",
                        "owner_id": "590183772072",
                        "private_dns_hostname_type_on_launch": "ip-name",
                        "tags": {},
                        "tags_all": {},
                        "timeouts": null,
                        "vpc_id": "vpc-067076a4e75a535c4"
                    },
                    "sensitive_values": {
                        "tags": {},
                        "tags_all": {}
                    }
                },
                {
                    "address": "aws_vpc.vpc_master",
                    "mode": "managed",
                    "type": "aws_vpc",
                    "name": "vpc_master",
                    "provider_name": "registry.terraform.io/hashicorp/aws",
                    "schema_version": 1,
                    "values": {
                        "arn": "arn:aws:ec2:us-east-1:590183772072:vpc/vpc-067076a4e75a535c4",
                        "assign_generated_ipv6_cidr_block": false,
                        "cidr_block": "10.0.0.0/16",
                        "default_network_acl_id": "acl-0e5d8ad8b7266659c",
                        "default_route_table_id": "rtb-02ecfbd188226a631",
                        "default_security_group_id": "sg-0b8c906b65bf9249b",
                        "dhcp_options_id": "dopt-051239d7a785160cc",
                        "enable_dns_hostnames": true,
                        "enable_dns_support": true,
                        "enable_network_address_usage_metrics": false,
                        "id": "vpc-067076a4e75a535c4",
                        "instance_tenancy": "default",
                        "ipv4_ipam_pool_id": null,
                        "ipv4_netmask_length": null,
                        "ipv6_association_id": "",
                        "ipv6_cidr_block": "",
                        "ipv6_cidr_block_network_border_group": "",
                        "ipv6_ipam_pool_id": "",
                        "ipv6_netmask_length": 0,
                        "main_route_table_id": "rtb-02ecfbd188226a631",
                        "owner_id": "590183772072",
                        "tags": {
                            "Name": "master-vpc-jenkins"
                        },
                        "tags_all": {
                            "Name": "master-vpc-jenkins"
                        }
                    },
                    "sensitive_values": {
                        "tags": {},
                        "tags_all": {}
                    }
                },
                {
                    "address": "aws_vpc.vpc_master_oregon",
                    "mode": "managed",
                    "type": "aws_vpc",
                    "name": "vpc_master_oregon",
                    "provider_name": "registry.terraform.io/hashicorp/aws",
                    "schema_version": 1,
                    "values": {
                        "arn": "arn:aws:ec2:us-west-1:590183772072:vpc/vpc-086ef869df4c9f603",
                        "assign_generated_ipv6_cidr_block": false,
                        "cidr_block": "192.168.0.0/16",
                        "default_network_acl_id": "acl-052b91344df0225fc",
                        "default_route_table_id": "rtb-0ba3c9e049ec16b8a",
                        "default_security_group_id": "sg-08ff89a3668e5afcf",
                        "dhcp_options_id": "dopt-0a8a2c9b0a333388c",
                        "enable_dns_hostnames": true,
                        "enable_dns_support": true,
                        "enable_network_address_usage_metrics": false,
                        "id": "vpc-086ef869df4c9f603",
                        "instance_tenancy": "default",
                        "ipv4_ipam_pool_id": null,
                        "ipv4_netmask_length": null,
                        "ipv6_association_id": "",
                        "ipv6_cidr_block": "",
                        "ipv6_cidr_block_network_border_group": "",
                        "ipv6_ipam_pool_id": "",
                        "ipv6_netmask_length": 0,
                        "main_route_table_id": "rtb-0ba3c9e049ec16b8a",
                        "owner_id": "590183772072",
                        "tags": {
                            "Name": "worker-vpc-jenkins"
                        },
                        "tags_all": {
                            "Name": "worker-vpc-jenkins"
                        }
                    },
                    "sensitive_values": {
                        "tags": {},
                        "tags_all": {}
                    }
                },
                {
                    "address": "aws_vpc_peering_connection.useast1-uswest2",
                    "mode": "managed",
                    "type": "aws_vpc_peering_connection",
                    "name": "useast1-uswest2",
                    "provider_name": "registry.terraform.io/hashicorp/aws",
                    "schema_version": 0,
                    "values": {
                        "accept_status": "active",
                        "accepter": [
                            {
                                "allow_remote_vpc_dns_resolution": false
                            }
                        ],
                        "auto_accept": null,
                        "id": "pcx-0010adb742f60f12a",
                        "peer_owner_id": "590183772072",
                        "peer_region": "us-west-1",
                        "peer_vpc_id": "vpc-086ef869df4c9f603",
                        "requester": [
                            {
                                "allow_remote_vpc_dns_resolution": false
                            }
                        ],
                        "tags": {},
                        "tags_all": {},
                        "timeouts": null,
                        "vpc_id": "vpc-067076a4e75a535c4"
                    },
                    "sensitive_values": {
                        "accepter": [
                            {}
                        ],
                        "requester": [
                            {}
                        ],
                        "tags": {},
                        "tags_all": {}
                    }
                },
                {
                    "address": "aws_vpc_peering_connection_accepter.accept_peering",
                    "mode": "managed",
                    "type": "aws_vpc_peering_connection_accepter",
                    "name": "accept_peering",
                    "provider_name": "registry.terraform.io/hashicorp/aws",
                    "schema_version": 0,
                    "values": {
                        "accept_status": "active",
                        "accepter": [
                            {
                                "allow_remote_vpc_dns_resolution": false
                            }
                        ],
                        "auto_accept": true,
                        "id": "pcx-0010adb742f60f12a",
                        "peer_owner_id": "590183772072",
                        "peer_region": "us-west-1",
                        "peer_vpc_id": "vpc-086ef869df4c9f603",
                        "requester": [
                            {
                                "allow_remote_vpc_dns_resolution": false
                            }
                        ],
                        "tags": {},
                        "tags_all": {},
                        "timeouts": null,
                        "vpc_id": "vpc-067076a4e75a535c4",
                        "vpc_peering_connection_id": "pcx-0010adb742f60f12a"
                    },
                    "sensitive_values": {
                        "accepter": [
                            {}
                        ],
                        "requester": [
                            {}
                        ],
                        "tags": {},
                        "tags_all": {}
                    }
                }
            ]
        }
    },
    "resource_drift": [
        {
            "address": "aws_vpc.vpc_master",
            "mode": "managed",
            "type": "aws_vpc",
            "name": "vpc_master",
            "provider_name": "registry.terraform.io/hashicorp/aws",
            "change": {
                "actions": [
                    "update"
                ],
                "before": {
                    "arn": "arn:aws:ec2:us-east-1:590183772072:vpc/vpc-067076a4e75a535c4",
                    "assign_generated_ipv6_cidr_block": false,
                    "cidr_block": "10.0.0.0/16",
                    "default_network_acl_id": "acl-0e5d8ad8b7266659c",
                    "default_route_table_id": "rtb-026a1f70147929ad4",
                    "default_security_group_id": "sg-0b8c906b65bf9249b",
                    "dhcp_options_id": "dopt-051239d7a785160cc",
                    "enable_dns_hostnames": true,
                    "enable_dns_support": true,
                    "enable_network_address_usage_metrics": false,
                    "id": "vpc-067076a4e75a535c4",
                    "instance_tenancy": "default",
                    "ipv4_ipam_pool_id": null,
                    "ipv4_netmask_length": null,
                    "ipv6_association_id": "",
                    "ipv6_cidr_block": "",
                    "ipv6_cidr_block_network_border_group": "",
                    "ipv6_ipam_pool_id": "",
                    "ipv6_netmask_length": 0,
                    "main_route_table_id": "rtb-026a1f70147929ad4",
                    "owner_id": "590183772072",
                    "tags": {
                        "Name": "master-vpc-jenkins"
                    },
                    "tags_all": {
                        "Name": "master-vpc-jenkins"
                    }
                },
                "after": {
                    "arn": "arn:aws:ec2:us-east-1:590183772072:vpc/vpc-067076a4e75a535c4",
                    "assign_generated_ipv6_cidr_block": false,
                    "cidr_block": "10.0.0.0/16",
                    "default_network_acl_id": "acl-0e5d8ad8b7266659c",
                    "default_route_table_id": "rtb-02ecfbd188226a631",
                    "default_security_group_id": "sg-0b8c906b65bf9249b",
                    "dhcp_options_id": "dopt-051239d7a785160cc",
                    "enable_dns_hostnames": true,
                    "enable_dns_support": true,
                    "enable_network_address_usage_metrics": false,
                    "id": "vpc-067076a4e75a535c4",
                    "instance_tenancy": "default",
                    "ipv4_ipam_pool_id": null,
                    "ipv4_netmask_length": null,
                    "ipv6_association_id": "",
                    "ipv6_cidr_block": "",
                    "ipv6_cidr_block_network_border_group": "",
                    "ipv6_ipam_pool_id": "",
                    "ipv6_netmask_length": 0,
                    "main_route_table_id": "rtb-02ecfbd188226a631",
                    "owner_id": "590183772072",
                    "tags": {
                        "Name": "master-vpc-jenkins"
                    },
                    "tags_all": {
                        "Name": "master-vpc-jenkins"
                    }
                },
                "after_unknown": {},
                "before_sensitive": {
                    "tags": {},
                    "tags_all": {}
                },
                "after_sensitive": {
                    "tags": {},
                    "tags_all": {}
                }
            }
        },
        {
            "address": "aws_vpc.vpc_master_oregon",
            "mode": "managed",
            "type": "aws_vpc",
            "name": "vpc_master_oregon",
            "provider_name": "registry.terraform.io/hashicorp/aws",
            "change": {
                "actions": [
                    "update"
                ],
                "before": {
                    "arn": "arn:aws:ec2:us-west-1:590183772072:vpc/vpc-086ef869df4c9f603",
                    "assign_generated_ipv6_cidr_block": false,
                    "cidr_block": "192.168.0.0/16",
                    "default_network_acl_id": "acl-052b91344df0225fc",
                    "default_route_table_id": "rtb-022028ee00a591695",
                    "default_security_group_id": "sg-08ff89a3668e5afcf",
                    "dhcp_options_id": "dopt-0a8a2c9b0a333388c",
                    "enable_dns_hostnames": true,
                    "enable_dns_support": true,
                    "enable_network_address_usage_metrics": false,
                    "id": "vpc-086ef869df4c9f603",
                    "instance_tenancy": "default",
                    "ipv4_ipam_pool_id": null,
                    "ipv4_netmask_length": null,
                    "ipv6_association_id": "",
                    "ipv6_cidr_block": "",
                    "ipv6_cidr_block_network_border_group": "",
                    "ipv6_ipam_pool_id": "",
                    "ipv6_netmask_length": 0,
                    "main_route_table_id": "rtb-022028ee00a591695",
                    "owner_id": "590183772072",
                    "tags": {
                        "Name": "worker-vpc-jenkins"
                    },
                    "tags_all": {
                        "Name": "worker-vpc-jenkins"
                    }
                },
                "after": {
                    "arn": "arn:aws:ec2:us-west-1:590183772072:vpc/vpc-086ef869df4c9f603",
                    "assign_generated_ipv6_cidr_block": false,
                    "cidr_block": "192.168.0.0/16",
                    "default_network_acl_id": "acl-052b91344df0225fc",
                    "default_route_table_id": "rtb-0ba3c9e049ec16b8a",
                    "default_security_group_id": "sg-08ff89a3668e5afcf",
                    "dhcp_options_id": "dopt-0a8a2c9b0a333388c",
                    "enable_dns_hostnames": true,
                    "enable_dns_support": true,
                    "enable_network_address_usage_metrics": false,
                    "id": "vpc-086ef869df4c9f603",
                    "instance_tenancy": "default",
                    "ipv4_ipam_pool_id": null,
                    "ipv4_netmask_length": null,
                    "ipv6_association_id": "",
                    "ipv6_cidr_block": "",
                    "ipv6_cidr_block_network_border_group": "",
                    "ipv6_ipam_pool_id": "",
                    "ipv6_netmask_length": 0,
                    "main_route_table_id": "rtb-0ba3c9e049ec16b8a",
                    "owner_id": "590183772072",
                    "tags": {
                        "Name": "worker-vpc-jenkins"
                    },
                    "tags_all": {
                        "Name": "worker-vpc-jenkins"
                    }
                },
                "after_unknown": {},
                "before_sensitive": {
                    "tags": {},
                    "tags_all": {}
                },
                "after_sensitive": {
                    "tags": {},
                    "tags_all": {}
                }
            }
        },
        {
            "address": "aws_vpc_peering_connection.useast1-uswest2",
            "mode": "managed",
            "type": "aws_vpc_peering_connection",
            "name": "useast1-uswest2",
            "provider_name": "registry.terraform.io/hashicorp/aws",
            "change": {
                "actions": [
                    "update"
                ],
                "before": {
                    "accept_status": "pending-acceptance",
                    "accepter": [],
                    "auto_accept": null,
                    "id": "pcx-0010adb742f60f12a",
                    "peer_owner_id": "590183772072",
                    "peer_region": "us-west-1",
                    "peer_vpc_id": "vpc-086ef869df4c9f603",
                    "requester": [
                        {
                            "allow_remote_vpc_dns_resolution": false
                        }
                    ],
                    "tags": null,
                    "tags_all": {},
                    "timeouts": null,
                    "vpc_id": "vpc-067076a4e75a535c4"
                },
                "after": {
                    "accept_status": "active",
                    "accepter": [
                        {
                            "allow_remote_vpc_dns_resolution": false
                        }
                    ],
                    "auto_accept": null,
                    "id": "pcx-0010adb742f60f12a",
                    "peer_owner_id": "590183772072",
                    "peer_region": "us-west-1",
                    "peer_vpc_id": "vpc-086ef869df4c9f603",
                    "requester": [
                        {
                            "allow_remote_vpc_dns_resolution": false
                        }
                    ],
                    "tags": {},
                    "tags_all": {},
                    "timeouts": null,
                    "vpc_id": "vpc-067076a4e75a535c4"
                },
                "after_unknown": {},
                "before_sensitive": {
                    "accepter": [],
                    "requester": [
                        {}
                    ],
                    "tags_all": {}
                },
                "after_sensitive": {
                    "accepter": [
                        {}
                    ],
                    "requester": [
                        {}
                    ],
                    "tags": {},
                    "tags_all": {}
                }
            }
        },
        {
            "address": "aws_vpc_peering_connection_accepter.accept_peering",
            "mode": "managed",
            "type": "aws_vpc_peering_connection_accepter",
            "name": "accept_peering",
            "provider_name": "registry.terraform.io/hashicorp/aws",
            "change": {
                "actions": [
                    "update"
                ],
                "before": {
                    "accept_status": "active",
                    "accepter": [
                        {
                            "allow_remote_vpc_dns_resolution": false
                        }
                    ],
                    "auto_accept": true,
                    "id": "pcx-0010adb742f60f12a",
                    "peer_owner_id": "590183772072",
                    "peer_region": "us-west-1",
                    "peer_vpc_id": "vpc-086ef869df4c9f603",
                    "requester": [
                        {
                            "allow_remote_vpc_dns_resolution": false
                        }
                    ],
                    "tags": null,
                    "tags_all": {},
                    "timeouts": null,
                    "vpc_id": "vpc-067076a4e75a535c4",
                    "vpc_peering_connection_id": "pcx-0010adb742f60f12a"
                },
                "after": {
                    "accept_status": "active",
                    "accepter": [
                        {
                            "allow_remote_vpc_dns_resolution": false
                        }
                    ],
                    "auto_accept": true,
                    "id": "pcx-0010adb742f60f12a",
                    "peer_owner_id": "590183772072",
                    "peer_region": "us-west-1",
                    "peer_vpc_id": "vpc-086ef869df4c9f603",
                    "requester": [
                        {
                            "allow_remote_vpc_dns_resolution": false
                        }
                    ],
                    "tags": {},
                    "tags_all": {},
                    "timeouts": null,
                    "vpc_id": "vpc-067076a4e75a535c4",
                    "vpc_peering_connection_id": "pcx-0010adb742f60f12a"
                },
                "after_unknown": {},
                "before_sensitive": {
                    "accepter": [
                        {}
                    ],
                    "requester": [
                        {}
                    ],
                    "tags_all": {}
                },
                "after_sensitive": {
                    "accepter": [
                        {}
                    ],
                    "requester": [
                        {}
                    ],
                    "tags": {},
                    "tags_all": {}
                }
            }
        }
    ],
    "resource_changes": [
        {
            "address": "aws_internet_gateway.igw",
            "mode": "managed",
            "type": "aws_internet_gateway",
            "name": "igw",
            "provider_name": "registry.terraform.io/hashicorp/aws",
            "change": {
                "actions": [
                    "no-op"
                ],
                "before": {
                    "arn": "arn:aws:ec2:us-east-1:590183772072:internet-gateway/igw-06f10ce2f9afdb06e",
                    "id": "igw-06f10ce2f9afdb06e",
                    "owner_id": "590183772072",
                    "tags": {},
                    "tags_all": {},
                    "timeouts": null,
                    "vpc_id": "vpc-067076a4e75a535c4"
                },
                "after": {
                    "arn": "arn:aws:ec2:us-east-1:590183772072:internet-gateway/igw-06f10ce2f9afdb06e",
                    "id": "igw-06f10ce2f9afdb06e",
                    "owner_id": "590183772072",
                    "tags": {},
                    "tags_all": {},
                    "timeouts": null,
                    "vpc_id": "vpc-067076a4e75a535c4"
                },
                "after_unknown": {},
                "before_sensitive": {
                    "tags": {},
                    "tags_all": {}
                },
                "after_sensitive": {
                    "tags": {},
                    "tags_all": {}
                }
            }
        },
        {
            "address": "aws_internet_gateway.igw_oregon",
            "mode": "managed",
            "type": "aws_internet_gateway",
            "name": "igw_oregon",
            "provider_name": "registry.terraform.io/hashicorp/aws",
            "change": {
                "actions": [
                    "no-op"
                ],
                "before": {
                    "arn": "arn:aws:ec2:us-west-1:590183772072:internet-gateway/igw-0c1cbff5b9d815f6f",
                    "id": "igw-0c1cbff5b9d815f6f",
                    "owner_id": "590183772072",
                    "tags": {},
                    "tags_all": {},
                    "timeouts": null,
                    "vpc_id": "vpc-086ef869df4c9f603"
                },
                "after": {
                    "arn": "arn:aws:ec2:us-west-1:590183772072:internet-gateway/igw-0c1cbff5b9d815f6f",
                    "id": "igw-0c1cbff5b9d815f6f",
                    "owner_id": "590183772072",
                    "tags": {},
                    "tags_all": {},
                    "timeouts": null,
                    "vpc_id": "vpc-086ef869df4c9f603"
                },
                "after_unknown": {},
                "before_sensitive": {
                    "tags": {},
                    "tags_all": {}
                },
                "after_sensitive": {
                    "tags": {},
                    "tags_all": {}
                }
            }
        },
        {
            "address": "aws_main_route_table_association.set-master-default-rt-aws_main_route_table_association",
            "mode": "managed",
            "type": "aws_main_route_table_association",
            "name": "set-master-default-rt-aws_main_route_table_association",
            "provider_name": "registry.terraform.io/hashicorp/aws",
            "change": {
                "actions": [
                    "no-op"
                ],
                "before": {
                    "id": "rtbassoc-038f802c441f635f3",
                    "original_route_table_id": "rtb-026a1f70147929ad4",
                    "route_table_id": "rtb-02ecfbd188226a631",
                    "timeouts": null,
                    "vpc_id": "vpc-067076a4e75a535c4"
                },
                "after": {
                    "id": "rtbassoc-038f802c441f635f3",
                    "original_route_table_id": "rtb-026a1f70147929ad4",
                    "route_table_id": "rtb-02ecfbd188226a631",
                    "timeouts": null,
                    "vpc_id": "vpc-067076a4e75a535c4"
                },
                "after_unknown": {},
                "before_sensitive": {},
                "after_sensitive": {}
            }
        },
        {
            "address": "aws_main_route_table_association.set-worker-default-rt-ssoc",
            "mode": "managed",
            "type": "aws_main_route_table_association",
            "name": "set-worker-default-rt-ssoc",
            "provider_name": "registry.terraform.io/hashicorp/aws",
            "change": {
                "actions": [
                    "no-op"
                ],
                "before": {
                    "id": "rtbassoc-026b3d008a1cb06ff",
                    "original_route_table_id": "rtb-022028ee00a591695",
                    "route_table_id": "rtb-0ba3c9e049ec16b8a",
                    "timeouts": null,
                    "vpc_id": "vpc-086ef869df4c9f603"
                },
                "after": {
                    "id": "rtbassoc-026b3d008a1cb06ff",
                    "original_route_table_id": "rtb-022028ee00a591695",
                    "route_table_id": "rtb-0ba3c9e049ec16b8a",
                    "timeouts": null,
                    "vpc_id": "vpc-086ef869df4c9f603"
                },
                "after_unknown": {},
                "before_sensitive": {},
                "after_sensitive": {}
            }
        },
        {
            "address": "aws_route_table.internet_route",
            "mode": "managed",
            "type": "aws_route_table",
            "name": "internet_route",
            "provider_name": "registry.terraform.io/hashicorp/aws",
            "change": {
                "actions": [
                    "no-op"
                ],
                "before": {
                    "arn": "arn:aws:ec2:us-east-1:590183772072:route-table/rtb-02ecfbd188226a631",
                    "id": "rtb-02ecfbd188226a631",
                    "owner_id": "590183772072",
                    "propagating_vgws": [],
                    "route": [
                        {
                            "carrier_gateway_id": "",
                            "cidr_block": "0.0.0.0/0",
                            "core_network_arn": "",
                            "destination_prefix_list_id": "",
                            "egress_only_gateway_id": "",
                            "gateway_id": "igw-06f10ce2f9afdb06e",
                            "ipv6_cidr_block": "",
                            "local_gateway_id": "",
                            "nat_gateway_id": "",
                            "network_interface_id": "",
                            "transit_gateway_id": "",
                            "vpc_endpoint_id": "",
                            "vpc_peering_connection_id": ""
                        }
                    ],
                    "tags": {
                        "Name": "Master-Region-RT"
                    },
                    "tags_all": {
                        "Name": "Master-Region-RT"
                    },
                    "timeouts": null,
                    "vpc_id": "vpc-067076a4e75a535c4"
                },
                "after": {
                    "arn": "arn:aws:ec2:us-east-1:590183772072:route-table/rtb-02ecfbd188226a631",
                    "id": "rtb-02ecfbd188226a631",
                    "owner_id": "590183772072",
                    "propagating_vgws": [],
                    "route": [
                        {
                            "carrier_gateway_id": "",
                            "cidr_block": "0.0.0.0/0",
                            "core_network_arn": "",
                            "destination_prefix_list_id": "",
                            "egress_only_gateway_id": "",
                            "gateway_id": "igw-06f10ce2f9afdb06e",
                            "ipv6_cidr_block": "",
                            "local_gateway_id": "",
                            "nat_gateway_id": "",
                            "network_interface_id": "",
                            "transit_gateway_id": "",
                            "vpc_endpoint_id": "",
                            "vpc_peering_connection_id": ""
                        }
                    ],
                    "tags": {
                        "Name": "Master-Region-RT"
                    },
                    "tags_all": {
                        "Name": "Master-Region-RT"
                    },
                    "timeouts": null,
                    "vpc_id": "vpc-067076a4e75a535c4"
                },
                "after_unknown": {},
                "before_sensitive": {
                    "propagating_vgws": [],
                    "route": [
                        {}
                    ],
                    "tags": {},
                    "tags_all": {}
                },
                "after_sensitive": {
                    "propagating_vgws": [],
                    "route": [
                        {}
                    ],
                    "tags": {},
                    "tags_all": {}
                }
            }
        },
        {
            "address": "aws_route_table.internet_route_oregon",
            "mode": "managed",
            "type": "aws_route_table",
            "name": "internet_route_oregon",
            "provider_name": "registry.terraform.io/hashicorp/aws",
            "change": {
                "actions": [
                    "no-op"
                ],
                "before": {
                    "arn": "arn:aws:ec2:us-west-1:590183772072:route-table/rtb-0ba3c9e049ec16b8a",
                    "id": "rtb-0ba3c9e049ec16b8a",
                    "owner_id": "590183772072",
                    "propagating_vgws": [],
                    "route": [
                        {
                            "carrier_gateway_id": "",
                            "cidr_block": "0.0.0.0/0",
                            "core_network_arn": "",
                            "destination_prefix_list_id": "",
                            "egress_only_gateway_id": "",
                            "gateway_id": "igw-0c1cbff5b9d815f6f",
                            "ipv6_cidr_block": "",
                            "local_gateway_id": "",
                            "nat_gateway_id": "",
                            "network_interface_id": "",
                            "transit_gateway_id": "",
                            "vpc_endpoint_id": "",
                            "vpc_peering_connection_id": ""
                        },
                        {
                            "carrier_gateway_id": "",
                            "cidr_block": "10.0.1.0/24",
                            "core_network_arn": "",
                            "destination_prefix_list_id": "",
                            "egress_only_gateway_id": "",
                            "gateway_id": "",
                            "ipv6_cidr_block": "",
                            "local_gateway_id": "",
                            "nat_gateway_id": "",
                            "network_interface_id": "",
                            "transit_gateway_id": "",
                            "vpc_endpoint_id": "",
                            "vpc_peering_connection_id": "pcx-0010adb742f60f12a"
                        }
                    ],
                    "tags": {
                        "Name": "Worker-Region-RT"
                    },
                    "tags_all": {
                        "Name": "Worker-Region-RT"
                    },
                    "timeouts": null,
                    "vpc_id": "vpc-086ef869df4c9f603"
                },
                "after": {
                    "arn": "arn:aws:ec2:us-west-1:590183772072:route-table/rtb-0ba3c9e049ec16b8a",
                    "id": "rtb-0ba3c9e049ec16b8a",
                    "owner_id": "590183772072",
                    "propagating_vgws": [],
                    "route": [
                        {
                            "carrier_gateway_id": "",
                            "cidr_block": "0.0.0.0/0",
                            "core_network_arn": "",
                            "destination_prefix_list_id": "",
                            "egress_only_gateway_id": "",
                            "gateway_id": "igw-0c1cbff5b9d815f6f",
                            "ipv6_cidr_block": "",
                            "local_gateway_id": "",
                            "nat_gateway_id": "",
                            "network_interface_id": "",
                            "transit_gateway_id": "",
                            "vpc_endpoint_id": "",
                            "vpc_peering_connection_id": ""
                        },
                        {
                            "carrier_gateway_id": "",
                            "cidr_block": "10.0.1.0/24",
                            "core_network_arn": "",
                            "destination_prefix_list_id": "",
                            "egress_only_gateway_id": "",
                            "gateway_id": "",
                            "ipv6_cidr_block": "",
                            "local_gateway_id": "",
                            "nat_gateway_id": "",
                            "network_interface_id": "",
                            "transit_gateway_id": "",
                            "vpc_endpoint_id": "",
                            "vpc_peering_connection_id": "pcx-0010adb742f60f12a"
                        }
                    ],
                    "tags": {
                        "Name": "Worker-Region-RT"
                    },
                    "tags_all": {
                        "Name": "Worker-Region-RT"
                    },
                    "timeouts": null,
                    "vpc_id": "vpc-086ef869df4c9f603"
                },
                "after_unknown": {},
                "before_sensitive": {
                    "propagating_vgws": [],
                    "route": [
                        {},
                        {}
                    ],
                    "tags": {},
                    "tags_all": {}
                },
                "after_sensitive": {
                    "propagating_vgws": [],
                    "route": [
                        {},
                        {}
                    ],
                    "tags": {},
                    "tags_all": {}
                }
            }
        },
        {
            "address": "aws_security_group.jenkins-sg",
            "mode": "managed",
            "type": "aws_security_group",
            "name": "jenkins-sg",
            "provider_name": "registry.terraform.io/hashicorp/aws",
            "change": {
                "actions": [
                    "create"
                ],
                "before": null,
                "after": {
                    "description": "Allow TCP/8080 \u0026 TCP/22",
                    "egress": [
                        {
                            "cidr_blocks": [
                                "0.0.0.0/0"
                            ],
                            "description": "",
                            "from_port": 0,
                            "ipv6_cidr_blocks": [],
                            "prefix_list_ids": [],
                            "protocol": "-1",
                            "security_groups": [],
                            "self": false,
                            "to_port": 0
                        }
                    ],
                    "ingress": [
                        {
                            "cidr_blocks": [
                                "0.0.0.0/0"
                            ],
                            "description": "Allow 22 from our public IP",
                            "from_port": 22,
                            "ipv6_cidr_blocks": [],
                            "prefix_list_ids": [],
                            "protocol": "tcp",
                            "security_groups": [],
                            "self": false,
                            "to_port": 22
                        },
                        {
                            "cidr_blocks": [
                                "192.168.1.0/24"
                            ],
                            "description": "allow traffic from us-west-2",
                            "from_port": 0,
                            "ipv6_cidr_blocks": [],
                            "prefix_list_ids": [],
                            "protocol": "-1",
                            "security_groups": [],
                            "self": false,
                            "to_port": 0
                        },
                        {
                            "cidr_blocks": [],
                            "description": "allow anyone on port 8080",
                            "from_port": 8080,
                            "ipv6_cidr_blocks": [],
                            "prefix_list_ids": [],
                            "protocol": "tcp",
                            "self": false,
                            "to_port": 8080
                        }
                    ],
                    "name": "jenkins-sg",
                    "revoke_rules_on_delete": false,
                    "tags": null,
                    "timeouts": null,
                    "vpc_id": "vpc-067076a4e75a535c4"
                },
                "after_unknown": {
                    "arn": true,
                    "egress": [
                        {
                            "cidr_blocks": [
                                false
                            ],
                            "ipv6_cidr_blocks": [],
                            "prefix_list_ids": [],
                            "security_groups": []
                        }
                    ],
                    "id": true,
                    "ingress": [
                        {
                            "cidr_blocks": [
                                false
                            ],
                            "ipv6_cidr_blocks": [],
                            "prefix_list_ids": [],
                            "security_groups": []
                        },
                        {
                            "cidr_blocks": [
                                false
                            ],
                            "ipv6_cidr_blocks": [],
                            "prefix_list_ids": [],
                            "security_groups": []
                        },
                        {
                            "cidr_blocks": [],
                            "ipv6_cidr_blocks": [],
                            "prefix_list_ids": [],
                            "security_groups": true
                        }
                    ],
                    "name_prefix": true,
                    "owner_id": true,
                    "tags_all": true
                },
                "before_sensitive": false,
                "after_sensitive": {
                    "egress": [
                        {
                            "cidr_blocks": [
                                false
                            ],
                            "ipv6_cidr_blocks": [],
                            "prefix_list_ids": [],
                            "security_groups": []
                        }
                    ],
                    "ingress": [
                        {
                            "cidr_blocks": [
                                false
                            ],
                            "ipv6_cidr_blocks": [],
                            "prefix_list_ids": [],
                            "security_groups": []
                        },
                        {
                            "cidr_blocks": [
                                false
                            ],
                            "ipv6_cidr_blocks": [],
                            "prefix_list_ids": [],
                            "security_groups": []
                        },
                        {
                            "cidr_blocks": [],
                            "ipv6_cidr_blocks": [],
                            "prefix_list_ids": [],
                            "security_groups": []
                        }
                    ],
                    "tags_all": {}
                }
            }
        },
        {
            "address": "aws_security_group.jenkins-sg-ncalifornia",
            "mode": "managed",
            "type": "aws_security_group",
            "name": "jenkins-sg-ncalifornia",
            "provider_name": "registry.terraform.io/hashicorp/aws",
            "change": {
                "actions": [
                    "create"
                ],
                "before": null,
                "after": {
                    "description": "Allow TCP/8080 \u0026 TCP/22",
                    "egress": [
                        {
                            "cidr_blocks": [
                                "0.0.0.0/0"
                            ],
                            "description": "",
                            "from_port": 0,
                            "ipv6_cidr_blocks": [],
                            "prefix_list_ids": [],
                            "protocol": "-1",
                            "security_groups": [],
                            "self": false,
                            "to_port": 0
                        }
                    ],
                    "ingress": [
                        {
                            "cidr_blocks": [
                                "0.0.0.0/0"
                            ],
                            "description": "Allow 22 from our public IP",
                            "from_port": 22,
                            "ipv6_cidr_blocks": [],
                            "prefix_list_ids": [],
                            "protocol": "tcp",
                            "security_groups": [],
                            "self": false,
                            "to_port": 22
                        },
                        {
                            "cidr_blocks": [
                                "10.0.1.0/24"
                            ],
                            "description": "Allow traffic from us-east-1",
                            "from_port": 0,
                            "ipv6_cidr_blocks": [],
                            "prefix_list_ids": [],
                            "protocol": "-1",
                            "security_groups": [],
                            "self": false,
                            "to_port": 0
                        }
                    ],
                    "name": "jenkins-sg-ncalifornia",
                    "revoke_rules_on_delete": false,
                    "tags": null,
                    "timeouts": null
                },
                "after_unknown": {
                    "arn": true,
                    "egress": [
                        {
                            "cidr_blocks": [
                                false
                            ],
                            "ipv6_cidr_blocks": [],
                            "prefix_list_ids": [],
                            "security_groups": []
                        }
                    ],
                    "id": true,
                    "ingress": [
                        {
                            "cidr_blocks": [
                                false
                            ],
                            "ipv6_cidr_blocks": [],
                            "prefix_list_ids": [],
                            "security_groups": []
                        },
                        {
                            "cidr_blocks": [
                                false
                            ],
                            "ipv6_cidr_blocks": [],
                            "prefix_list_ids": [],
                            "security_groups": []
                        }
                    ],
                    "name_prefix": true,
                    "owner_id": true,
                    "tags_all": true,
                    "vpc_id": true
                },
                "before_sensitive": false,
                "after_sensitive": {
                    "egress": [
                        {
                            "cidr_blocks": [
                                false
                            ],
                            "ipv6_cidr_blocks": [],
                            "prefix_list_ids": [],
                            "security_groups": []
                        }
                    ],
                    "ingress": [
                        {
                            "cidr_blocks": [
                                false
                            ],
                            "ipv6_cidr_blocks": [],
                            "prefix_list_ids": [],
                            "security_groups": []
                        },
                        {
                            "cidr_blocks": [
                                false
                            ],
                            "ipv6_cidr_blocks": [],
                            "prefix_list_ids": [],
                            "security_groups": []
                        }
                    ],
                    "tags_all": {}
                }
            }
        },
        {
            "address": "aws_security_group.lb-sg",
            "mode": "managed",
            "type": "aws_security_group",
            "name": "lb-sg",
            "provider_name": "registry.terraform.io/hashicorp/aws",
            "change": {
                "actions": [
                    "create"
                ],
                "before": null,
                "after": {
                    "description": "Allow 443 and traffic to Jenkins SG",
                    "egress": [
                        {
                            "cidr_blocks": [
                                "0.0.0.0/0"
                            ],
                            "description": "",
                            "from_port": 0,
                            "ipv6_cidr_blocks": [],
                            "prefix_list_ids": [],
                            "protocol": "-1",
                            "security_groups": [],
                            "self": false,
                            "to_port": 0
                        }
                    ],
                    "ingress": [
                        {
                            "cidr_blocks": [
                                "0.0.0.0/0"
                            ],
                            "description": "Allow 443 from anywhere",
                            "from_port": 443,
                            "ipv6_cidr_blocks": [],
                            "prefix_list_ids": [],
                            "protocol": "tcp",
                            "security_groups": [],
                            "self": false,
                            "to_port": 443
                        },
                        {
                            "cidr_blocks": [
                                "0.0.0.0/0"
                            ],
                            "description": "Allow 80 from anywhere for redirection",
                            "from_port": 80,
                            "ipv6_cidr_blocks": [],
                            "prefix_list_ids": [],
                            "protocol": "tcp",
                            "security_groups": [],
                            "self": false,
                            "to_port": 80
                        }
                    ],
                    "name": "lb-sg",
                    "revoke_rules_on_delete": false,
                    "tags": null,
                    "timeouts": null,
                    "vpc_id": "vpc-067076a4e75a535c4"
                },
                "after_unknown": {
                    "arn": true,
                    "egress": [
                        {
                            "cidr_blocks": [
                                false
                            ],
                            "ipv6_cidr_blocks": [],
                            "prefix_list_ids": [],
                            "security_groups": []
                        }
                    ],
                    "id": true,
                    "ingress": [
                        {
                            "cidr_blocks": [
                                false
                            ],
                            "ipv6_cidr_blocks": [],
                            "prefix_list_ids": [],
                            "security_groups": []
                        },
                        {
                            "cidr_blocks": [
                                false
                            ],
                            "ipv6_cidr_blocks": [],
                            "prefix_list_ids": [],
                            "security_groups": []
                        }
                    ],
                    "name_prefix": true,
                    "owner_id": true,
                    "tags_all": true
                },
                "before_sensitive": false,
                "after_sensitive": {
                    "egress": [
                        {
                            "cidr_blocks": [
                                false
                            ],
                            "ipv6_cidr_blocks": [],
                            "prefix_list_ids": [],
                            "security_groups": []
                        }
                    ],
                    "ingress": [
                        {
                            "cidr_blocks": [
                                false
                            ],
                            "ipv6_cidr_blocks": [],
                            "prefix_list_ids": [],
                            "security_groups": []
                        },
                        {
                            "cidr_blocks": [
                                false
                            ],
                            "ipv6_cidr_blocks": [],
                            "prefix_list_ids": [],
                            "security_groups": []
                        }
                    ],
                    "tags_all": {}
                }
            }
        },
        {
            "address": "aws_subnet.subnet_1",
            "mode": "managed",
            "type": "aws_subnet",
            "name": "subnet_1",
            "provider_name": "registry.terraform.io/hashicorp/aws",
            "change": {
                "actions": [
                    "no-op"
                ],
                "before": {
                    "arn": "arn:aws:ec2:us-east-1:590183772072:subnet/subnet-00f759ad83b54551d",
                    "assign_ipv6_address_on_creation": false,
                    "availability_zone": "us-east-1a",
                    "availability_zone_id": "use1-az4",
                    "cidr_block": "10.0.1.0/24",
                    "customer_owned_ipv4_pool": "",
                    "enable_dns64": false,
                    "enable_lni_at_device_index": 0,
                    "enable_resource_name_dns_a_record_on_launch": false,
                    "enable_resource_name_dns_aaaa_record_on_launch": false,
                    "id": "subnet-00f759ad83b54551d",
                    "ipv6_cidr_block": "",
                    "ipv6_cidr_block_association_id": "",
                    "ipv6_native": false,
                    "map_customer_owned_ip_on_launch": false,
                    "map_public_ip_on_launch": false,
                    "outpost_arn": "",
                    "owner_id": "590183772072",
                    "private_dns_hostname_type_on_launch": "ip-name",
                    "tags": {},
                    "tags_all": {},
                    "timeouts": null,
                    "vpc_id": "vpc-067076a4e75a535c4"
                },
                "after": {
                    "arn": "arn:aws:ec2:us-east-1:590183772072:subnet/subnet-00f759ad83b54551d",
                    "assign_ipv6_address_on_creation": false,
                    "availability_zone": "us-east-1a",
                    "availability_zone_id": "use1-az4",
                    "cidr_block": "10.0.1.0/24",
                    "customer_owned_ipv4_pool": "",
                    "enable_dns64": false,
                    "enable_lni_at_device_index": 0,
                    "enable_resource_name_dns_a_record_on_launch": false,
                    "enable_resource_name_dns_aaaa_record_on_launch": false,
                    "id": "subnet-00f759ad83b54551d",
                    "ipv6_cidr_block": "",
                    "ipv6_cidr_block_association_id": "",
                    "ipv6_native": false,
                    "map_customer_owned_ip_on_launch": false,
                    "map_public_ip_on_launch": false,
                    "outpost_arn": "",
                    "owner_id": "590183772072",
                    "private_dns_hostname_type_on_launch": "ip-name",
                    "tags": {},
                    "tags_all": {},
                    "timeouts": null,
                    "vpc_id": "vpc-067076a4e75a535c4"
                },
                "after_unknown": {},
                "before_sensitive": {
                    "tags": {},
                    "tags_all": {}
                },
                "after_sensitive": {
                    "tags": {},
                    "tags_all": {}
                }
            }
        },
        {
            "address": "aws_subnet.subnet_1_oregon",
            "mode": "managed",
            "type": "aws_subnet",
            "name": "subnet_1_oregon",
            "provider_name": "registry.terraform.io/hashicorp/aws",
            "change": {
                "actions": [
                    "no-op"
                ],
                "before": {
                    "arn": "arn:aws:ec2:us-west-1:590183772072:subnet/subnet-01dfc22a70307452e",
                    "assign_ipv6_address_on_creation": false,
                    "availability_zone": "us-west-1b",
                    "availability_zone_id": "usw1-az3",
                    "cidr_block": "192.168.1.0/24",
                    "customer_owned_ipv4_pool": "",
                    "enable_dns64": false,
                    "enable_lni_at_device_index": 0,
                    "enable_resource_name_dns_a_record_on_launch": false,
                    "enable_resource_name_dns_aaaa_record_on_launch": false,
                    "id": "subnet-01dfc22a70307452e",
                    "ipv6_cidr_block": "",
                    "ipv6_cidr_block_association_id": "",
                    "ipv6_native": false,
                    "map_customer_owned_ip_on_launch": false,
                    "map_public_ip_on_launch": false,
                    "outpost_arn": "",
                    "owner_id": "590183772072",
                    "private_dns_hostname_type_on_launch": "ip-name",
                    "tags": {},
                    "tags_all": {},
                    "timeouts": null,
                    "vpc_id": "vpc-086ef869df4c9f603"
                },
                "after": {
                    "arn": "arn:aws:ec2:us-west-1:590183772072:subnet/subnet-01dfc22a70307452e",
                    "assign_ipv6_address_on_creation": false,
                    "availability_zone": "us-west-1b",
                    "availability_zone_id": "usw1-az3",
                    "cidr_block": "192.168.1.0/24",
                    "customer_owned_ipv4_pool": "",
                    "enable_dns64": false,
                    "enable_lni_at_device_index": 0,
                    "enable_resource_name_dns_a_record_on_launch": false,
                    "enable_resource_name_dns_aaaa_record_on_launch": false,
                    "id": "subnet-01dfc22a70307452e",
                    "ipv6_cidr_block": "",
                    "ipv6_cidr_block_association_id": "",
                    "ipv6_native": false,
                    "map_customer_owned_ip_on_launch": false,
                    "map_public_ip_on_launch": false,
                    "outpost_arn": "",
                    "owner_id": "590183772072",
                    "private_dns_hostname_type_on_launch": "ip-name",
                    "tags": {},
                    "tags_all": {},
                    "timeouts": null,
                    "vpc_id": "vpc-086ef869df4c9f603"
                },
                "after_unknown": {},
                "before_sensitive": {
                    "tags": {},
                    "tags_all": {}
                },
                "after_sensitive": {
                    "tags": {},
                    "tags_all": {}
                }
            }
        },
        {
            "address": "aws_subnet.subnet_2",
            "mode": "managed",
            "type": "aws_subnet",
            "name": "subnet_2",
            "provider_name": "registry.terraform.io/hashicorp/aws",
            "change": {
                "actions": [
                    "no-op"
                ],
                "before": {
                    "arn": "arn:aws:ec2:us-east-1:590183772072:subnet/subnet-0449b35dd895dbdc5",
                    "assign_ipv6_address_on_creation": false,
                    "availability_zone": "us-east-1b",
                    "availability_zone_id": "use1-az6",
                    "cidr_block": "10.0.2.0/24",
                    "customer_owned_ipv4_pool": "",
                    "enable_dns64": false,
                    "enable_lni_at_device_index": 0,
                    "enable_resource_name_dns_a_record_on_launch": false,
                    "enable_resource_name_dns_aaaa_record_on_launch": false,
                    "id": "subnet-0449b35dd895dbdc5",
                    "ipv6_cidr_block": "",
                    "ipv6_cidr_block_association_id": "",
                    "ipv6_native": false,
                    "map_customer_owned_ip_on_launch": false,
                    "map_public_ip_on_launch": false,
                    "outpost_arn": "",
                    "owner_id": "590183772072",
                    "private_dns_hostname_type_on_launch": "ip-name",
                    "tags": {},
                    "tags_all": {},
                    "timeouts": null,
                    "vpc_id": "vpc-067076a4e75a535c4"
                },
                "after": {
                    "arn": "arn:aws:ec2:us-east-1:590183772072:subnet/subnet-0449b35dd895dbdc5",
                    "assign_ipv6_address_on_creation": false,
                    "availability_zone": "us-east-1b",
                    "availability_zone_id": "use1-az6",
                    "cidr_block": "10.0.2.0/24",
                    "customer_owned_ipv4_pool": "",
                    "enable_dns64": false,
                    "enable_lni_at_device_index": 0,
                    "enable_resource_name_dns_a_record_on_launch": false,
                    "enable_resource_name_dns_aaaa_record_on_launch": false,
                    "id": "subnet-0449b35dd895dbdc5",
                    "ipv6_cidr_block": "",
                    "ipv6_cidr_block_association_id": "",
                    "ipv6_native": false,
                    "map_customer_owned_ip_on_launch": false,
                    "map_public_ip_on_launch": false,
                    "outpost_arn": "",
                    "owner_id": "590183772072",
                    "private_dns_hostname_type_on_launch": "ip-name",
                    "tags": {},
                    "tags_all": {},
                    "timeouts": null,
                    "vpc_id": "vpc-067076a4e75a535c4"
                },
                "after_unknown": {},
                "before_sensitive": {
                    "tags": {},
                    "tags_all": {}
                },
                "after_sensitive": {
                    "tags": {},
                    "tags_all": {}
                }
            }
        },
        {
            "address": "aws_vpc.vpc_master",
            "mode": "managed",
            "type": "aws_vpc",
            "name": "vpc_master",
            "provider_name": "registry.terraform.io/hashicorp/aws",
            "change": {
                "actions": [
                    "no-op"
                ],
                "before": {
                    "arn": "arn:aws:ec2:us-east-1:590183772072:vpc/vpc-067076a4e75a535c4",
                    "assign_generated_ipv6_cidr_block": false,
                    "cidr_block": "10.0.0.0/16",
                    "default_network_acl_id": "acl-0e5d8ad8b7266659c",
                    "default_route_table_id": "rtb-02ecfbd188226a631",
                    "default_security_group_id": "sg-0b8c906b65bf9249b",
                    "dhcp_options_id": "dopt-051239d7a785160cc",
                    "enable_dns_hostnames": true,
                    "enable_dns_support": true,
                    "enable_network_address_usage_metrics": false,
                    "id": "vpc-067076a4e75a535c4",
                    "instance_tenancy": "default",
                    "ipv4_ipam_pool_id": null,
                    "ipv4_netmask_length": null,
                    "ipv6_association_id": "",
                    "ipv6_cidr_block": "",
                    "ipv6_cidr_block_network_border_group": "",
                    "ipv6_ipam_pool_id": "",
                    "ipv6_netmask_length": 0,
                    "main_route_table_id": "rtb-02ecfbd188226a631",
                    "owner_id": "590183772072",
                    "tags": {
                        "Name": "master-vpc-jenkins"
                    },
                    "tags_all": {
                        "Name": "master-vpc-jenkins"
                    }
                },
                "after": {
                    "arn": "arn:aws:ec2:us-east-1:590183772072:vpc/vpc-067076a4e75a535c4",
                    "assign_generated_ipv6_cidr_block": false,
                    "cidr_block": "10.0.0.0/16",
                    "default_network_acl_id": "acl-0e5d8ad8b7266659c",
                    "default_route_table_id": "rtb-02ecfbd188226a631",
                    "default_security_group_id": "sg-0b8c906b65bf9249b",
                    "dhcp_options_id": "dopt-051239d7a785160cc",
                    "enable_dns_hostnames": true,
                    "enable_dns_support": true,
                    "enable_network_address_usage_metrics": false,
                    "id": "vpc-067076a4e75a535c4",
                    "instance_tenancy": "default",
                    "ipv4_ipam_pool_id": null,
                    "ipv4_netmask_length": null,
                    "ipv6_association_id": "",
                    "ipv6_cidr_block": "",
                    "ipv6_cidr_block_network_border_group": "",
                    "ipv6_ipam_pool_id": "",
                    "ipv6_netmask_length": 0,
                    "main_route_table_id": "rtb-02ecfbd188226a631",
                    "owner_id": "590183772072",
                    "tags": {
                        "Name": "master-vpc-jenkins"
                    },
                    "tags_all": {
                        "Name": "master-vpc-jenkins"
                    }
                },
                "after_unknown": {},
                "before_sensitive": {
                    "tags": {},
                    "tags_all": {}
                },
                "after_sensitive": {
                    "tags": {},
                    "tags_all": {}
                }
            }
        },
        {
            "address": "aws_vpc.vpc_master_oregon",
            "mode": "managed",
            "type": "aws_vpc",
            "name": "vpc_master_oregon",
            "provider_name": "registry.terraform.io/hashicorp/aws",
            "change": {
                "actions": [
                    "no-op"
                ],
                "before": {
                    "arn": "arn:aws:ec2:us-west-1:590183772072:vpc/vpc-086ef869df4c9f603",
                    "assign_generated_ipv6_cidr_block": false,
                    "cidr_block": "192.168.0.0/16",
                    "default_network_acl_id": "acl-052b91344df0225fc",
                    "default_route_table_id": "rtb-0ba3c9e049ec16b8a",
                    "default_security_group_id": "sg-08ff89a3668e5afcf",
                    "dhcp_options_id": "dopt-0a8a2c9b0a333388c",
                    "enable_dns_hostnames": true,
                    "enable_dns_support": true,
                    "enable_network_address_usage_metrics": false,
                    "id": "vpc-086ef869df4c9f603",
                    "instance_tenancy": "default",
                    "ipv4_ipam_pool_id": null,
                    "ipv4_netmask_length": null,
                    "ipv6_association_id": "",
                    "ipv6_cidr_block": "",
                    "ipv6_cidr_block_network_border_group": "",
                    "ipv6_ipam_pool_id": "",
                    "ipv6_netmask_length": 0,
                    "main_route_table_id": "rtb-0ba3c9e049ec16b8a",
                    "owner_id": "590183772072",
                    "tags": {
                        "Name": "worker-vpc-jenkins"
                    },
                    "tags_all": {
                        "Name": "worker-vpc-jenkins"
                    }
                },
                "after": {
                    "arn": "arn:aws:ec2:us-west-1:590183772072:vpc/vpc-086ef869df4c9f603",
                    "assign_generated_ipv6_cidr_block": false,
                    "cidr_block": "192.168.0.0/16",
                    "default_network_acl_id": "acl-052b91344df0225fc",
                    "default_route_table_id": "rtb-0ba3c9e049ec16b8a",
                    "default_security_group_id": "sg-08ff89a3668e5afcf",
                    "dhcp_options_id": "dopt-0a8a2c9b0a333388c",
                    "enable_dns_hostnames": true,
                    "enable_dns_support": true,
                    "enable_network_address_usage_metrics": false,
                    "id": "vpc-086ef869df4c9f603",
                    "instance_tenancy": "default",
                    "ipv4_ipam_pool_id": null,
                    "ipv4_netmask_length": null,
                    "ipv6_association_id": "",
                    "ipv6_cidr_block": "",
                    "ipv6_cidr_block_network_border_group": "",
                    "ipv6_ipam_pool_id": "",
                    "ipv6_netmask_length": 0,
                    "main_route_table_id": "rtb-0ba3c9e049ec16b8a",
                    "owner_id": "590183772072",
                    "tags": {
                        "Name": "worker-vpc-jenkins"
                    },
                    "tags_all": {
                        "Name": "worker-vpc-jenkins"
                    }
                },
                "after_unknown": {},
                "before_sensitive": {
                    "tags": {},
                    "tags_all": {}
                },
                "after_sensitive": {
                    "tags": {},
                    "tags_all": {}
                }
            }
        },
        {
            "address": "aws_vpc_peering_connection.useast1-uswest2",
            "mode": "managed",
            "type": "aws_vpc_peering_connection",
            "name": "useast1-uswest2",
            "provider_name": "registry.terraform.io/hashicorp/aws",
            "change": {
                "actions": [
                    "no-op"
                ],
                "before": {
                    "accept_status": "active",
                    "accepter": [
                        {
                            "allow_remote_vpc_dns_resolution": false
                        }
                    ],
                    "auto_accept": null,
                    "id": "pcx-0010adb742f60f12a",
                    "peer_owner_id": "590183772072",
                    "peer_region": "us-west-1",
                    "peer_vpc_id": "vpc-086ef869df4c9f603",
                    "requester": [
                        {
                            "allow_remote_vpc_dns_resolution": false
                        }
                    ],
                    "tags": {},
                    "tags_all": {},
                    "timeouts": null,
                    "vpc_id": "vpc-067076a4e75a535c4"
                },
                "after": {
                    "accept_status": "active",
                    "accepter": [
                        {
                            "allow_remote_vpc_dns_resolution": false
                        }
                    ],
                    "auto_accept": null,
                    "id": "pcx-0010adb742f60f12a",
                    "peer_owner_id": "590183772072",
                    "peer_region": "us-west-1",
                    "peer_vpc_id": "vpc-086ef869df4c9f603",
                    "requester": [
                        {
                            "allow_remote_vpc_dns_resolution": false
                        }
                    ],
                    "tags": {},
                    "tags_all": {},
                    "timeouts": null,
                    "vpc_id": "vpc-067076a4e75a535c4"
                },
                "after_unknown": {},
                "before_sensitive": {
                    "accepter": [
                        {}
                    ],
                    "requester": [
                        {}
                    ],
                    "tags": {},
                    "tags_all": {}
                },
                "after_sensitive": {
                    "accepter": [
                        {}
                    ],
                    "requester": [
                        {}
                    ],
                    "tags": {},
                    "tags_all": {}
                }
            }
        },
        {
            "address": "aws_vpc_peering_connection_accepter.accept_peering",
            "mode": "managed",
            "type": "aws_vpc_peering_connection_accepter",
            "name": "accept_peering",
            "provider_name": "registry.terraform.io/hashicorp/aws",
            "change": {
                "actions": [
                    "no-op"
                ],
                "before": {
                    "accept_status": "active",
                    "accepter": [
                        {
                            "allow_remote_vpc_dns_resolution": false
                        }
                    ],
                    "auto_accept": true,
                    "id": "pcx-0010adb742f60f12a",
                    "peer_owner_id": "590183772072",
                    "peer_region": "us-west-1",
                    "peer_vpc_id": "vpc-086ef869df4c9f603",
                    "requester": [
                        {
                            "allow_remote_vpc_dns_resolution": false
                        }
                    ],
                    "tags": {},
                    "tags_all": {},
                    "timeouts": null,
                    "vpc_id": "vpc-067076a4e75a535c4",
                    "vpc_peering_connection_id": "pcx-0010adb742f60f12a"
                },
                "after": {
                    "accept_status": "active",
                    "accepter": [
                        {
                            "allow_remote_vpc_dns_resolution": false
                        }
                    ],
                    "auto_accept": true,
                    "id": "pcx-0010adb742f60f12a",
                    "peer_owner_id": "590183772072",
                    "peer_region": "us-west-1",
                    "peer_vpc_id": "vpc-086ef869df4c9f603",
                    "requester": [
                        {
                            "allow_remote_vpc_dns_resolution": false
                        }
                    ],
                    "tags": {},
                    "tags_all": {},
                    "timeouts": null,
                    "vpc_id": "vpc-067076a4e75a535c4",
                    "vpc_peering_connection_id": "pcx-0010adb742f60f12a"
                },
                "after_unknown": {},
                "before_sensitive": {
                    "accepter": [
                        {}
                    ],
                    "requester": [
                        {}
                    ],
                    "tags": {},
                    "tags_all": {}
                },
                "after_sensitive": {
                    "accepter": [
                        {}
                    ],
                    "requester": [
                        {}
                    ],
                    "tags": {},
                    "tags_all": {}
                }
            }
        }
    ],
    "prior_state": {
        "format_version": "1.0",
        "terraform_version": "1.7.5",
        "values": {
            "root_module": {
                "resources": [
                    {
                        "address": "data.aws_availability_zones.azs",
                        "mode": "data",
                        "type": "aws_availability_zones",
                        "name": "azs",
                        "provider_name": "registry.terraform.io/hashicorp/aws",
                        "schema_version": 0,
                        "values": {
                            "all_availability_zones": null,
                            "exclude_names": null,
                            "exclude_zone_ids": null,
                            "filter": null,
                            "group_names": [
                                "us-east-1"
                            ],
                            "id": "us-east-1",
                            "names": [
                                "us-east-1a",
                                "us-east-1b",
                                "us-east-1c",
                                "us-east-1d",
                                "us-east-1e",
                                "us-east-1f"
                            ],
                            "state": "available",
                            "timeouts": null,
                            "zone_ids": [
                                "use1-az4",
                                "use1-az6",
                                "use1-az1",
                                "use1-az2",
                                "use1-az3",
                                "use1-az5"
                            ]
                        },
                        "sensitive_values": {
                            "group_names": [
                                false
                            ],
                            "names": [
                                false,
                                false,
                                false,
                                false,
                                false,
                                false
                            ],
                            "zone_ids": [
                                false,
                                false,
                                false,
                                false,
                                false,
                                false
                            ]
                        }
                    },
                    {
                        "address": "aws_internet_gateway.igw",
                        "mode": "managed",
                        "type": "aws_internet_gateway",
                        "name": "igw",
                        "provider_name": "registry.terraform.io/hashicorp/aws",
                        "schema_version": 0,
                        "values": {
                            "arn": "arn:aws:ec2:us-east-1:590183772072:internet-gateway/igw-06f10ce2f9afdb06e",
                            "id": "igw-06f10ce2f9afdb06e",
                            "owner_id": "590183772072",
                            "tags": {},
                            "tags_all": {},
                            "timeouts": null,
                            "vpc_id": "vpc-067076a4e75a535c4"
                        },
                        "sensitive_values": {
                            "tags": {},
                            "tags_all": {}
                        },
                        "depends_on": [
                            "aws_vpc.vpc_master"
                        ]
                    },
                    {
                        "address": "aws_internet_gateway.igw_oregon",
                        "mode": "managed",
                        "type": "aws_internet_gateway",
                        "name": "igw_oregon",
                        "provider_name": "registry.terraform.io/hashicorp/aws",
                        "schema_version": 0,
                        "values": {
                            "arn": "arn:aws:ec2:us-west-1:590183772072:internet-gateway/igw-0c1cbff5b9d815f6f",
                            "id": "igw-0c1cbff5b9d815f6f",
                            "owner_id": "590183772072",
                            "tags": {},
                            "tags_all": {},
                            "timeouts": null,
                            "vpc_id": "vpc-086ef869df4c9f603"
                        },
                        "sensitive_values": {
                            "tags": {},
                            "tags_all": {}
                        },
                        "depends_on": [
                            "aws_vpc.vpc_master_oregon"
                        ]
                    },
                    {
                        "address": "aws_main_route_table_association.set-master-default-rt-aws_main_route_table_association",
                        "mode": "managed",
                        "type": "aws_main_route_table_association",
                        "name": "set-master-default-rt-aws_main_route_table_association",
                        "provider_name": "registry.terraform.io/hashicorp/aws",
                        "schema_version": 0,
                        "values": {
                            "id": "rtbassoc-038f802c441f635f3",
                            "original_route_table_id": "rtb-026a1f70147929ad4",
                            "route_table_id": "rtb-02ecfbd188226a631",
                            "timeouts": null,
                            "vpc_id": "vpc-067076a4e75a535c4"
                        },
                        "sensitive_values": {},
                        "depends_on": [
                            "aws_internet_gateway.igw",
                            "aws_route_table.internet_route",
                            "aws_vpc.vpc_master"
                        ]
                    },
                    {
                        "address": "aws_main_route_table_association.set-worker-default-rt-ssoc",
                        "mode": "managed",
                        "type": "aws_main_route_table_association",
                        "name": "set-worker-default-rt-ssoc",
                        "provider_name": "registry.terraform.io/hashicorp/aws",
                        "schema_version": 0,
                        "values": {
                            "id": "rtbassoc-026b3d008a1cb06ff",
                            "original_route_table_id": "rtb-022028ee00a591695",
                            "route_table_id": "rtb-0ba3c9e049ec16b8a",
                            "timeouts": null,
                            "vpc_id": "vpc-086ef869df4c9f603"
                        },
                        "sensitive_values": {},
                        "depends_on": [
                            "aws_internet_gateway.igw_oregon",
                            "aws_route_table.internet_route_oregon",
                            "aws_vpc.vpc_master",
                            "aws_vpc.vpc_master_oregon",
                            "aws_vpc_peering_connection.useast1-uswest2"
                        ]
                    },
                    {
                        "address": "aws_route_table.internet_route",
                        "mode": "managed",
                        "type": "aws_route_table",
                        "name": "internet_route",
                        "provider_name": "registry.terraform.io/hashicorp/aws",
                        "schema_version": 0,
                        "values": {
                            "arn": "arn:aws:ec2:us-east-1:590183772072:route-table/rtb-02ecfbd188226a631",
                            "id": "rtb-02ecfbd188226a631",
                            "owner_id": "590183772072",
                            "propagating_vgws": [],
                            "route": [
                                {
                                    "carrier_gateway_id": "",
                                    "cidr_block": "0.0.0.0/0",
                                    "core_network_arn": "",
                                    "destination_prefix_list_id": "",
                                    "egress_only_gateway_id": "",
                                    "gateway_id": "igw-06f10ce2f9afdb06e",
                                    "ipv6_cidr_block": "",
                                    "local_gateway_id": "",
                                    "nat_gateway_id": "",
                                    "network_interface_id": "",
                                    "transit_gateway_id": "",
                                    "vpc_endpoint_id": "",
                                    "vpc_peering_connection_id": ""
                                }
                            ],
                            "tags": {
                                "Name": "Master-Region-RT"
                            },
                            "tags_all": {
                                "Name": "Master-Region-RT"
                            },
                            "timeouts": null,
                            "vpc_id": "vpc-067076a4e75a535c4"
                        },
                        "sensitive_values": {
                            "propagating_vgws": [],
                            "route": [
                                {}
                            ],
                            "tags": {},
                            "tags_all": {}
                        },
                        "depends_on": [
                            "aws_internet_gateway.igw",
                            "aws_vpc.vpc_master"
                        ]
                    },
                    {
                        "address": "aws_route_table.internet_route_oregon",
                        "mode": "managed",
                        "type": "aws_route_table",
                        "name": "internet_route_oregon",
                        "provider_name": "registry.terraform.io/hashicorp/aws",
                        "schema_version": 0,
                        "values": {
                            "arn": "arn:aws:ec2:us-west-1:590183772072:route-table/rtb-0ba3c9e049ec16b8a",
                            "id": "rtb-0ba3c9e049ec16b8a",
                            "owner_id": "590183772072",
                            "propagating_vgws": [],
                            "route": [
                                {
                                    "carrier_gateway_id": "",
                                    "cidr_block": "0.0.0.0/0",
                                    "core_network_arn": "",
                                    "destination_prefix_list_id": "",
                                    "egress_only_gateway_id": "",
                                    "gateway_id": "igw-0c1cbff5b9d815f6f",
                                    "ipv6_cidr_block": "",
                                    "local_gateway_id": "",
                                    "nat_gateway_id": "",
                                    "network_interface_id": "",
                                    "transit_gateway_id": "",
                                    "vpc_endpoint_id": "",
                                    "vpc_peering_connection_id": ""
                                },
                                {
                                    "carrier_gateway_id": "",
                                    "cidr_block": "10.0.1.0/24",
                                    "core_network_arn": "",
                                    "destination_prefix_list_id": "",
                                    "egress_only_gateway_id": "",
                                    "gateway_id": "",
                                    "ipv6_cidr_block": "",
                                    "local_gateway_id": "",
                                    "nat_gateway_id": "",
                                    "network_interface_id": "",
                                    "transit_gateway_id": "",
                                    "vpc_endpoint_id": "",
                                    "vpc_peering_connection_id": "pcx-0010adb742f60f12a"
                                }
                            ],
                            "tags": {
                                "Name": "Worker-Region-RT"
                            },
                            "tags_all": {
                                "Name": "Worker-Region-RT"
                            },
                            "timeouts": null,
                            "vpc_id": "vpc-086ef869df4c9f603"
                        },
                        "sensitive_values": {
                            "propagating_vgws": [],
                            "route": [
                                {},
                                {}
                            ],
                            "tags": {},
                            "tags_all": {}
                        },
                        "depends_on": [
                            "aws_internet_gateway.igw_oregon",
                            "aws_vpc.vpc_master",
                            "aws_vpc.vpc_master_oregon",
                            "aws_vpc_peering_connection.useast1-uswest2"
                        ]
                    },
                    {
                        "address": "aws_subnet.subnet_1",
                        "mode": "managed",
                        "type": "aws_subnet",
                        "name": "subnet_1",
                        "provider_name": "registry.terraform.io/hashicorp/aws",
                        "schema_version": 1,
                        "values": {
                            "arn": "arn:aws:ec2:us-east-1:590183772072:subnet/subnet-00f759ad83b54551d",
                            "assign_ipv6_address_on_creation": false,
                            "availability_zone": "us-east-1a",
                            "availability_zone_id": "use1-az4",
                            "cidr_block": "10.0.1.0/24",
                            "customer_owned_ipv4_pool": "",
                            "enable_dns64": false,
                            "enable_lni_at_device_index": 0,
                            "enable_resource_name_dns_a_record_on_launch": false,
                            "enable_resource_name_dns_aaaa_record_on_launch": false,
                            "id": "subnet-00f759ad83b54551d",
                            "ipv6_cidr_block": "",
                            "ipv6_cidr_block_association_id": "",
                            "ipv6_native": false,
                            "map_customer_owned_ip_on_launch": false,
                            "map_public_ip_on_launch": false,
                            "outpost_arn": "",
                            "owner_id": "590183772072",
                            "private_dns_hostname_type_on_launch": "ip-name",
                            "tags": {},
                            "tags_all": {},
                            "timeouts": null,
                            "vpc_id": "vpc-067076a4e75a535c4"
                        },
                        "sensitive_values": {
                            "tags": {},
                            "tags_all": {}
                        },
                        "depends_on": [
                            "aws_vpc.vpc_master",
                            "data.aws_availability_zones.azs"
                        ]
                    },
                    {
                        "address": "aws_subnet.subnet_1_oregon",
                        "mode": "managed",
                        "type": "aws_subnet",
                        "name": "subnet_1_oregon",
                        "provider_name": "registry.terraform.io/hashicorp/aws",
                        "schema_version": 1,
                        "values": {
                            "arn": "arn:aws:ec2:us-west-1:590183772072:subnet/subnet-01dfc22a70307452e",
                            "assign_ipv6_address_on_creation": false,
                            "availability_zone": "us-west-1b",
                            "availability_zone_id": "usw1-az3",
                            "cidr_block": "192.168.1.0/24",
                            "customer_owned_ipv4_pool": "",
                            "enable_dns64": false,
                            "enable_lni_at_device_index": 0,
                            "enable_resource_name_dns_a_record_on_launch": false,
                            "enable_resource_name_dns_aaaa_record_on_launch": false,
                            "id": "subnet-01dfc22a70307452e",
                            "ipv6_cidr_block": "",
                            "ipv6_cidr_block_association_id": "",
                            "ipv6_native": false,
                            "map_customer_owned_ip_on_launch": false,
                            "map_public_ip_on_launch": false,
                            "outpost_arn": "",
                            "owner_id": "590183772072",
                            "private_dns_hostname_type_on_launch": "ip-name",
                            "tags": {},
                            "tags_all": {},
                            "timeouts": null,
                            "vpc_id": "vpc-086ef869df4c9f603"
                        },
                        "sensitive_values": {
                            "tags": {},
                            "tags_all": {}
                        },
                        "depends_on": [
                            "aws_vpc.vpc_master_oregon"
                        ]
                    },
                    {
                        "address": "aws_subnet.subnet_2",
                        "mode": "managed",
                        "type": "aws_subnet",
                        "name": "subnet_2",
                        "provider_name": "registry.terraform.io/hashicorp/aws",
                        "schema_version": 1,
                        "values": {
                            "arn": "arn:aws:ec2:us-east-1:590183772072:subnet/subnet-0449b35dd895dbdc5",
                            "assign_ipv6_address_on_creation": false,
                            "availability_zone": "us-east-1b",
                            "availability_zone_id": "use1-az6",
                            "cidr_block": "10.0.2.0/24",
                            "customer_owned_ipv4_pool": "",
                            "enable_dns64": false,
                            "enable_lni_at_device_index": 0,
                            "enable_resource_name_dns_a_record_on_launch": false,
                            "enable_resource_name_dns_aaaa_record_on_launch": false,
                            "id": "subnet-0449b35dd895dbdc5",
                            "ipv6_cidr_block": "",
                            "ipv6_cidr_block_association_id": "",
                            "ipv6_native": false,
                            "map_customer_owned_ip_on_launch": false,
                            "map_public_ip_on_launch": false,
                            "outpost_arn": "",
                            "owner_id": "590183772072",
                            "private_dns_hostname_type_on_launch": "ip-name",
                            "tags": {},
                            "tags_all": {},
                            "timeouts": null,
                            "vpc_id": "vpc-067076a4e75a535c4"
                        },
                        "sensitive_values": {
                            "tags": {},
                            "tags_all": {}
                        },
                        "depends_on": [
                            "aws_vpc.vpc_master",
                            "data.aws_availability_zones.azs"
                        ]
                    },
                    {
                        "address": "aws_vpc.vpc_master",
                        "mode": "managed",
                        "type": "aws_vpc",
                        "name": "vpc_master",
                        "provider_name": "registry.terraform.io/hashicorp/aws",
                        "schema_version": 1,
                        "values": {
                            "arn": "arn:aws:ec2:us-east-1:590183772072:vpc/vpc-067076a4e75a535c4",
                            "assign_generated_ipv6_cidr_block": false,
                            "cidr_block": "10.0.0.0/16",
                            "default_network_acl_id": "acl-0e5d8ad8b7266659c",
                            "default_route_table_id": "rtb-02ecfbd188226a631",
                            "default_security_group_id": "sg-0b8c906b65bf9249b",
                            "dhcp_options_id": "dopt-051239d7a785160cc",
                            "enable_dns_hostnames": true,
                            "enable_dns_support": true,
                            "enable_network_address_usage_metrics": false,
                            "id": "vpc-067076a4e75a535c4",
                            "instance_tenancy": "default",
                            "ipv4_ipam_pool_id": null,
                            "ipv4_netmask_length": null,
                            "ipv6_association_id": "",
                            "ipv6_cidr_block": "",
                            "ipv6_cidr_block_network_border_group": "",
                            "ipv6_ipam_pool_id": "",
                            "ipv6_netmask_length": 0,
                            "main_route_table_id": "rtb-02ecfbd188226a631",
                            "owner_id": "590183772072",
                            "tags": {
                                "Name": "master-vpc-jenkins"
                            },
                            "tags_all": {
                                "Name": "master-vpc-jenkins"
                            }
                        },
                        "sensitive_values": {
                            "tags": {},
                            "tags_all": {}
                        }
                    },
                    {
                        "address": "aws_vpc.vpc_master_oregon",
                        "mode": "managed",
                        "type": "aws_vpc",
                        "name": "vpc_master_oregon",
                        "provider_name": "registry.terraform.io/hashicorp/aws",
                        "schema_version": 1,
                        "values": {
                            "arn": "arn:aws:ec2:us-west-1:590183772072:vpc/vpc-086ef869df4c9f603",
                            "assign_generated_ipv6_cidr_block": false,
                            "cidr_block": "192.168.0.0/16",
                            "default_network_acl_id": "acl-052b91344df0225fc",
                            "default_route_table_id": "rtb-0ba3c9e049ec16b8a",
                            "default_security_group_id": "sg-08ff89a3668e5afcf",
                            "dhcp_options_id": "dopt-0a8a2c9b0a333388c",
                            "enable_dns_hostnames": true,
                            "enable_dns_support": true,
                            "enable_network_address_usage_metrics": false,
                            "id": "vpc-086ef869df4c9f603",
                            "instance_tenancy": "default",
                            "ipv4_ipam_pool_id": null,
                            "ipv4_netmask_length": null,
                            "ipv6_association_id": "",
                            "ipv6_cidr_block": "",
                            "ipv6_cidr_block_network_border_group": "",
                            "ipv6_ipam_pool_id": "",
                            "ipv6_netmask_length": 0,
                            "main_route_table_id": "rtb-0ba3c9e049ec16b8a",
                            "owner_id": "590183772072",
                            "tags": {
                                "Name": "worker-vpc-jenkins"
                            },
                            "tags_all": {
                                "Name": "worker-vpc-jenkins"
                            }
                        },
                        "sensitive_values": {
                            "tags": {},
                            "tags_all": {}
                        }
                    },
                    {
                        "address": "aws_vpc_peering_connection.useast1-uswest2",
                        "mode": "managed",
                        "type": "aws_vpc_peering_connection",
                        "name": "useast1-uswest2",
                        "provider_name": "registry.terraform.io/hashicorp/aws",
                        "schema_version": 0,
                        "values": {
                            "accept_status": "active",
                            "accepter": [
                                {
                                    "allow_remote_vpc_dns_resolution": false
                                }
                            ],
                            "auto_accept": null,
                            "id": "pcx-0010adb742f60f12a",
                            "peer_owner_id": "590183772072",
                            "peer_region": "us-west-1",
                            "peer_vpc_id": "vpc-086ef869df4c9f603",
                            "requester": [
                                {
                                    "allow_remote_vpc_dns_resolution": false
                                }
                            ],
                            "tags": {},
                            "tags_all": {},
                            "timeouts": null,
                            "vpc_id": "vpc-067076a4e75a535c4"
                        },
                        "sensitive_values": {
                            "accepter": [
                                {}
                            ],
                            "requester": [
                                {}
                            ],
                            "tags": {},
                            "tags_all": {}
                        },
                        "depends_on": [
                            "aws_vpc.vpc_master",
                            "aws_vpc.vpc_master_oregon"
                        ]
                    },
                    {
                        "address": "aws_vpc_peering_connection_accepter.accept_peering",
                        "mode": "managed",
                        "type": "aws_vpc_peering_connection_accepter",
                        "name": "accept_peering",
                        "provider_name": "registry.terraform.io/hashicorp/aws",
                        "schema_version": 0,
                        "values": {
                            "accept_status": "active",
                            "accepter": [
                                {
                                    "allow_remote_vpc_dns_resolution": false
                                }
                            ],
                            "auto_accept": true,
                            "id": "pcx-0010adb742f60f12a",
                            "peer_owner_id": "590183772072",
                            "peer_region": "us-west-1",
                            "peer_vpc_id": "vpc-086ef869df4c9f603",
                            "requester": [
                                {
                                    "allow_remote_vpc_dns_resolution": false
                                }
                            ],
                            "tags": {},
                            "tags_all": {},
                            "timeouts": null,
                            "vpc_id": "vpc-067076a4e75a535c4",
                            "vpc_peering_connection_id": "pcx-0010adb742f60f12a"
                        },
                        "sensitive_values": {
                            "accepter": [
                                {}
                            ],
                            "requester": [
                                {}
                            ],
                            "tags": {},
                            "tags_all": {}
                        },
                        "depends_on": [
                            "aws_vpc.vpc_master",
                            "aws_vpc.vpc_master_oregon",
                            "aws_vpc_peering_connection.useast1-uswest2"
                        ]
                    }
                ]
            }
        }
    },
    "configuration": {
        "provider_config": {
            "aws": {
                "name": "aws",
                "full_name": "registry.terraform.io/hashicorp/aws"
            },
            "aws.region-master": {
                "name": "aws",
                "full_name": "registry.terraform.io/hashicorp/aws",
                "alias": "region-master",
                "expressions": {
                    "profile": {
                        "references": [
                            "var.profile"
                        ]
                    },
                    "region": {
                        "references": [
                            "var.region-master"
                        ]
                    }
                }
            },
            "aws.region-worker": {
                "name": "aws",
                "full_name": "registry.terraform.io/hashicorp/aws",
                "alias": "region-worker",
                "expressions": {
                    "profile": {
                        "references": [
                            "var.profile"
                        ]
                    },
                    "region": {
                        "references": [
                            "var.region-worker"
                        ]
                    }
                }
            }
        },
        "root_module": {
            "resources": [
                {
                    "address": "aws_internet_gateway.igw",
                    "mode": "managed",
                    "type": "aws_internet_gateway",
                    "name": "igw",
                    "provider_config_key": "aws.region-master",
                    "expressions": {
                        "vpc_id": {
                            "references": [
                                "aws_vpc.vpc_master.id",
                                "aws_vpc.vpc_master"
                            ]
                        }
                    },
                    "schema_version": 0
                },
                {
                    "address": "aws_internet_gateway.igw_oregon",
                    "mode": "managed",
                    "type": "aws_internet_gateway",
                    "name": "igw_oregon",
                    "provider_config_key": "aws.region-worker",
                    "expressions": {
                        "vpc_id": {
                            "references": [
                                "aws_vpc.vpc_master_oregon.id",
                                "aws_vpc.vpc_master_oregon"
                            ]
                        }
                    },
                    "schema_version": 0
                },
                {
                    "address": "aws_main_route_table_association.set-master-default-rt-aws_main_route_table_association",
                    "mode": "managed",
                    "type": "aws_main_route_table_association",
                    "name": "set-master-default-rt-aws_main_route_table_association",
                    "provider_config_key": "aws.region-master",
                    "expressions": {
                        "route_table_id": {
                            "references": [
                                "aws_route_table.internet_route.id",
                                "aws_route_table.internet_route"
                            ]
                        },
                        "vpc_id": {
                            "references": [
                                "aws_vpc.vpc_master.id",
                                "aws_vpc.vpc_master"
                            ]
                        }
                    },
                    "schema_version": 0
                },
                {
                    "address": "aws_main_route_table_association.set-worker-default-rt-ssoc",
                    "mode": "managed",
                    "type": "aws_main_route_table_association",
                    "name": "set-worker-default-rt-ssoc",
                    "provider_config_key": "aws.region-worker",
                    "expressions": {
                        "route_table_id": {
                            "references": [
                                "aws_route_table.internet_route_oregon.id",
                                "aws_route_table.internet_route_oregon"
                            ]
                        },
                        "vpc_id": {
                            "references": [
                                "aws_vpc.vpc_master_oregon.id",
                                "aws_vpc.vpc_master_oregon"
                            ]
                        }
                    },
                    "schema_version": 0
                },
                {
                    "address": "aws_route_table.internet_route",
                    "mode": "managed",
                    "type": "aws_route_table",
                    "name": "internet_route",
                    "provider_config_key": "aws.region-master",
                    "expressions": {
                        "route": {
                            "references": [
                                "aws_internet_gateway.igw.id",
                                "aws_internet_gateway.igw"
                            ]
                        },
                        "tags": {
                            "constant_value": {
                                "Name": "Master-Region-RT"
                            }
                        },
                        "vpc_id": {
                            "references": [
                                "aws_vpc.vpc_master.id",
                                "aws_vpc.vpc_master"
                            ]
                        }
                    },
                    "schema_version": 0
                },
                {
                    "address": "aws_route_table.internet_route_oregon",
                    "mode": "managed",
                    "type": "aws_route_table",
                    "name": "internet_route_oregon",
                    "provider_config_key": "aws.region-worker",
                    "expressions": {
                        "route": {
                            "references": [
                                "aws_internet_gateway.igw_oregon.id",
                                "aws_internet_gateway.igw_oregon",
                                "aws_vpc_peering_connection.useast1-uswest2.id",
                                "aws_vpc_peering_connection.useast1-uswest2"
                            ]
                        },
                        "tags": {
                            "constant_value": {
                                "Name": "Worker-Region-RT"
                            }
                        },
                        "vpc_id": {
                            "references": [
                                "aws_vpc.vpc_master_oregon.id",
                                "aws_vpc.vpc_master_oregon"
                            ]
                        }
                    },
                    "schema_version": 0
                },
                {
                    "address": "aws_security_group.jenkins-sg",
                    "mode": "managed",
                    "type": "aws_security_group",
                    "name": "jenkins-sg",
                    "provider_config_key": "aws.region-master",
                    "expressions": {
                        "description": {
                            "constant_value": "Allow TCP/8080 \u0026 TCP/22"
                        },
                        "egress": {
                            "constant_value": [
                                {
                                    "cidr_blocks": [
                                        "0.0.0.0/0"
                                    ],
                                    "description": null,
                                    "from_port": 0,
                                    "ipv6_cidr_blocks": null,
                                    "prefix_list_ids": null,
                                    "protocol": "-1",
                                    "security_groups": null,
                                    "self": null,
                                    "to_port": 0
                                }
                            ]
                        },
                        "ingress": {
                            "references": [
                                "var.external_ip",
                                "aws_security_group.lb-sg.id",
                                "aws_security_group.lb-sg"
                            ]
                        },
                        "name": {
                            "constant_value": "jenkins-sg"
                        },
                        "vpc_id": {
                            "references": [
                                "aws_vpc.vpc_master.id",
                                "aws_vpc.vpc_master"
                            ]
                        }
                    },
                    "schema_version": 1
                },
                {
                    "address": "aws_security_group.jenkins-sg-ncalifornia",
                    "mode": "managed",
                    "type": "aws_security_group",
                    "name": "jenkins-sg-ncalifornia",
                    "provider_config_key": "aws.region-worker",
                    "expressions": {
                        "description": {
                            "constant_value": "Allow TCP/8080 \u0026 TCP/22"
                        },
                        "egress": {
                            "constant_value": [
                                {
                                    "cidr_blocks": [
                                        "0.0.0.0/0"
                                    ],
                                    "description": null,
                                    "from_port": 0,
                                    "ipv6_cidr_blocks": null,
                                    "prefix_list_ids": null,
                                    "protocol": "-1",
                                    "security_groups": null,
                                    "self": null,
                                    "to_port": 0
                                }
                            ]
                        },
                        "ingress": {
                            "references": [
                                "var.external_ip"
                            ]
                        },
                        "name": {
                            "constant_value": "jenkins-sg-ncalifornia"
                        }
                    },
                    "schema_version": 1
                },
                {
                    "address": "aws_security_group.lb-sg",
                    "mode": "managed",
                    "type": "aws_security_group",
                    "name": "lb-sg",
                    "provider_config_key": "aws.region-master",
                    "expressions": {
                        "description": {
                            "constant_value": "Allow 443 and traffic to Jenkins SG"
                        },
                        "egress": {
                            "constant_value": [
                                {
                                    "cidr_blocks": [
                                        "0.0.0.0/0"
                                    ],
                                    "description": null,
                                    "from_port": 0,
                                    "ipv6_cidr_blocks": null,
                                    "prefix_list_ids": null,
                                    "protocol": "-1",
                                    "security_groups": null,
                                    "self": null,
                                    "to_port": 0
                                }
                            ]
                        },
                        "ingress": {
                            "constant_value": [
                                {
                                    "cidr_blocks": [
                                        "0.0.0.0/0"
                                    ],
                                    "description": "Allow 443 from anywhere",
                                    "from_port": 443,
                                    "ipv6_cidr_blocks": null,
                                    "prefix_list_ids": null,
                                    "protocol": "tcp",
                                    "security_groups": null,
                                    "self": null,
                                    "to_port": 443
                                },
                                {
                                    "cidr_blocks": [
                                        "0.0.0.0/0"
                                    ],
                                    "description": "Allow 80 from anywhere for redirection",
                                    "from_port": 80,
                                    "ipv6_cidr_blocks": null,
                                    "prefix_list_ids": null,
                                    "protocol": "tcp",
                                    "security_groups": null,
                                    "self": null,
                                    "to_port": 80
                                }
                            ]
                        },
                        "name": {
                            "constant_value": "lb-sg"
                        },
                        "vpc_id": {
                            "references": [
                                "aws_vpc.vpc_master.id",
                                "aws_vpc.vpc_master"
                            ]
                        }
                    },
                    "schema_version": 1
                },
                {
                    "address": "aws_subnet.subnet_1",
                    "mode": "managed",
                    "type": "aws_subnet",
                    "name": "subnet_1",
                    "provider_config_key": "aws.region-master",
                    "expressions": {
                        "availability_zone": {
                            "references": [
                                "data.aws_availability_zones.azs.names",
                                "data.aws_availability_zones.azs"
                            ]
                        },
                        "cidr_block": {
                            "constant_value": "10.0.1.0/24"
                        },
                        "vpc_id": {
                            "references": [
                                "aws_vpc.vpc_master.id",
                                "aws_vpc.vpc_master"
                            ]
                        }
                    },
                    "schema_version": 1
                },
                {
                    "address": "aws_subnet.subnet_1_oregon",
                    "mode": "managed",
                    "type": "aws_subnet",
                    "name": "subnet_1_oregon",
                    "provider_config_key": "aws.region-worker",
                    "expressions": {
                        "cidr_block": {
                            "constant_value": "192.168.1.0/24"
                        },
                        "vpc_id": {
                            "references": [
                                "aws_vpc.vpc_master_oregon.id",
                                "aws_vpc.vpc_master_oregon"
                            ]
                        }
                    },
                    "schema_version": 1
                },
                {
                    "address": "aws_subnet.subnet_2",
                    "mode": "managed",
                    "type": "aws_subnet",
                    "name": "subnet_2",
                    "provider_config_key": "aws.region-master",
                    "expressions": {
                        "availability_zone": {
                            "references": [
                                "data.aws_availability_zones.azs.names",
                                "data.aws_availability_zones.azs"
                            ]
                        },
                        "cidr_block": {
                            "constant_value": "10.0.2.0/24"
                        },
                        "vpc_id": {
                            "references": [
                                "aws_vpc.vpc_master.id",
                                "aws_vpc.vpc_master"
                            ]
                        }
                    },
                    "schema_version": 1
                },
                {
                    "address": "aws_vpc.vpc_master",
                    "mode": "managed",
                    "type": "aws_vpc",
                    "name": "vpc_master",
                    "provider_config_key": "aws.region-master",
                    "expressions": {
                        "cidr_block": {
                            "constant_value": "10.0.0.0/16"
                        },
                        "enable_dns_hostnames": {
                            "constant_value": true
                        },
                        "enable_dns_support": {
                            "constant_value": true
                        },
                        "tags": {
                            "constant_value": {
                                "Name": "master-vpc-jenkins"
                            }
                        }
                    },
                    "schema_version": 1
                },
                {
                    "address": "aws_vpc.vpc_master_oregon",
                    "mode": "managed",
                    "type": "aws_vpc",
                    "name": "vpc_master_oregon",
                    "provider_config_key": "aws.region-worker",
                    "expressions": {
                        "cidr_block": {
                            "constant_value": "192.168.0.0/16"
                        },
                        "enable_dns_hostnames": {
                            "constant_value": true
                        },
                        "enable_dns_support": {
                            "constant_value": true
                        },
                        "tags": {
                            "constant_value": {
                                "Name": "worker-vpc-jenkins"
                            }
                        }
                    },
                    "schema_version": 1
                },
                {
                    "address": "aws_vpc_peering_connection.useast1-uswest2",
                    "mode": "managed",
                    "type": "aws_vpc_peering_connection",
                    "name": "useast1-uswest2",
                    "provider_config_key": "aws.region-master",
                    "expressions": {
                        "peer_region": {
                            "references": [
                                "var.region-worker"
                            ]
                        },
                        "peer_vpc_id": {
                            "references": [
                                "aws_vpc.vpc_master_oregon.id",
                                "aws_vpc.vpc_master_oregon"
                            ]
                        },
                        "vpc_id": {
                            "references": [
                                "aws_vpc.vpc_master.id",
                                "aws_vpc.vpc_master"
                            ]
                        }
                    },
                    "schema_version": 0
                },
                {
                    "address": "aws_vpc_peering_connection_accepter.accept_peering",
                    "mode": "managed",
                    "type": "aws_vpc_peering_connection_accepter",
                    "name": "accept_peering",
                    "provider_config_key": "aws.region-worker",
                    "expressions": {
                        "auto_accept": {
                            "constant_value": true
                        },
                        "vpc_peering_connection_id": {
                            "references": [
                                "aws_vpc_peering_connection.useast1-uswest2.id",
                                "aws_vpc_peering_connection.useast1-uswest2"
                            ]
                        }
                    },
                    "schema_version": 0
                },
                {
                    "address": "data.aws_availability_zones.azs",
                    "mode": "data",
                    "type": "aws_availability_zones",
                    "name": "azs",
                    "provider_config_key": "aws.region-master",
                    "expressions": {
                        "state": {
                            "constant_value": "available"
                        }
                    },
                    "schema_version": 0
                }
            ],
            "variables": {
                "external_ip": {
                    "default": "0.0.0.0/0"
                },
                "profile": {
                    "default": "default"
                },
                "region-master": {
                    "default": "us-east-1"
                },
                "region-worker": {
                    "default": "us-west-1"
                }
            }
        }
    },
    "relevant_attributes": [
        {
            "resource": "aws_vpc.vpc_master",
            "attribute": [
                "id"
            ]
        },
        {
            "resource": "aws_security_group.lb-sg",
            "attribute": [
                "id"
            ]
        }
    ],
    "timestamp": "2024-03-20T19:07:27Z",
    "errored": false
}